// !$*UTF8*$!
{
	archiveVersion = 1;
	classes = {
	};
	objectVersion = 56;
	objects = {

/* Begin PBXBuildFile section */
		4D369FD42B99E9E400A3E895 /* ProgressBarPlaygroundApp.swift in Sources */ = {isa = PBXBuildFile; fileRef = 4D369FD32B99E9E400A3E895 /* ProgressBarPlaygroundApp.swift */; };
		4D369FD62B99E9E400A3E895 /* ContentView.swift in Sources */ = {isa = PBXBuildFile; fileRef = 4D369FD52B99E9E400A3E895 /* ContentView.swift */; };
		4D369FD82B99E9E900A3E895 /* Assets.xcassets in Resources */ = {isa = PBXBuildFile; fileRef = 4D369FD72B99E9E900A3E895 /* Assets.xcassets */; };
		4D369FDB2B99E9E900A3E895 /* Preview Assets.xcassets in Resources */ = {isa = PBXBuildFile; fileRef = 4D369FDA2B99E9E900A3E895 /* Preview Assets.xcassets */; };
		4D369FE22B99EA4A00A3E895 /* ProgressBar.swift in Sources */ = {isa = PBXBuildFile; fileRef = 4D369FE12B99EA4A00A3E895 /* ProgressBar.swift */; };
		4D369FE42B99FADE00A3E895 /* OnboardingContainerView.swift in Sources */ = {isa = PBXBuildFile; fileRef = 4D369FE32B99FADE00A3E895 /* OnboardingContainerView.swift */; };
		4D369FE62B99FAFC00A3E895 /* OnboardingContentView.swift in Sources */ = {isa = PBXBuildFile; fileRef = 4D369FE52B99FAFC00A3E895 /* OnboardingContentView.swift */; };
		4D369FE82B99FE0700A3E895 /* Feature.swift in Sources */ = {isa = PBXBuildFile; fileRef = 4D369FE72B99FE0700A3E895 /* Feature.swift */; };
		4D369FEA2B99FF5100A3E895 /* DevData.swift in Sources */ = {isa = PBXBuildFile; fileRef = 4D369FE92B99FF5100A3E895 /* DevData.swift */; };
		4D369FEF2B9A3D2400A3E895 /* CustomFonts.swift in Sources */ = {isa = PBXBuildFile; fileRef = 4D369FEE2B9A3D2400A3E895 /* CustomFonts.swift */; };
/* End PBXBuildFile section */

/* Begin PBXFileReference section */
		4D369FD02B99E9E400A3E895 /* ProgressBarPlayground.app */ = {isa = PBXFileReference; explicitFileType = wrapper.application; includeInIndex = 0; path = ProgressBarPlayground.app; sourceTree = BUILT_PRODUCTS_DIR; };
		4D369FD32B99E9E400A3E895 /* ProgressBarPlaygroundApp.swift */ = {isa = PBXFileReference; lastKnownFileType = sourcecode.swift; path = ProgressBarPlaygroundApp.swift; sourceTree = "<group>"; };
		4D369FD52B99E9E400A3E895 /* ContentView.swift */ = {isa = PBXFileReference; lastKnownFileType = sourcecode.swift; path = ContentView.swift; sourceTree = "<group>"; };
		4D369FD72B99E9E900A3E895 /* Assets.xcassets */ = {isa = PBXFileReference; lastKnownFileType = folder.assetcatalog; path = Assets.xcassets; sourceTree = "<group>"; };
		4D369FDA2B99E9E900A3E895 /* Preview Assets.xcassets */ = {isa = PBXFileReference; lastKnownFileType = folder.assetcatalog; path = "Preview Assets.xcassets"; sourceTree = "<group>"; };
		4D369FE12B99EA4A00A3E895 /* ProgressBar.swift */ = {isa = PBXFileReference; lastKnownFileType = sourcecode.swift; path = ProgressBar.swift; sourceTree = "<group>"; };
		4D369FE32B99FADE00A3E895 /* OnboardingContainerView.swift */ = {isa = PBXFileReference; lastKnownFileType = sourcecode.swift; path = OnboardingContainerView.swift; sourceTree = "<group>"; };
		4D369FE52B99FAFC00A3E895 /* OnboardingContentView.swift */ = {isa = PBXFileReference; lastKnownFileType = sourcecode.swift; path = OnboardingContentView.swift; sourceTree = "<group>"; };
		4D369FE72B99FE0700A3E895 /* Feature.swift */ = {isa = PBXFileReference; lastKnownFileType = sourcecode.swift; path = Feature.swift; sourceTree = "<group>"; };
		4D369FE92B99FF5100A3E895 /* DevData.swift */ = {isa = PBXFileReference; lastKnownFileType = sourcecode.swift; path = DevData.swift; sourceTree = "<group>"; };
		4D369FED2B9A383100A3E895 /* Info.plist */ = {isa = PBXFileReference; lastKnownFileType = text.plist; path = Info.plist; sourceTree = "<group>"; };
		4D369FEE2B9A3D2400A3E895 /* CustomFonts.swift */ = {isa = PBXFileReference; lastKnownFileType = sourcecode.swift; path = CustomFonts.swift; sourceTree = "<group>"; };
/* End PBXFileReference section */

/* Begin PBXFrameworksBuildPhase section */
		4D369FCD2B99E9E400A3E895 /* Frameworks */ = {
			isa = PBXFrameworksBuildPhase;
			buildActionMask = 2147483647;
			files = (
			);
			runOnlyForDeploymentPostprocessing = 0;
		};
/* End PBXFrameworksBuildPhase section */

/* Begin PBXGroup section */
		4D369FC72B99E9E400A3E895 = {
			isa = PBXGroup;
			children = (
				4D369FD22B99E9E400A3E895 /* ProgressBarPlayground */,
				4D369FD12B99E9E400A3E895 /* Products */,
			);
			sourceTree = "<group>";
		};
		4D369FD12B99E9E400A3E895 /* Products */ = {
			isa = PBXGroup;
			children = (
				4D369FD02B99E9E400A3E895 /* ProgressBarPlayground.app */,
			);
			name = Products;
			sourceTree = "<group>";
		};
		4D369FD22B99E9E400A3E895 /* ProgressBarPlayground */ = {
			isa = PBXGroup;
			children = (
				4D369FED2B9A383100A3E895 /* Info.plist */,
				4D369FD32B99E9E400A3E895 /* ProgressBarPlaygroundApp.swift */,
				4D369FD52B99E9E400A3E895 /* ContentView.swift */,
				4D369FD72B99E9E900A3E895 /* Assets.xcassets */,
				4D369FD92B99E9E900A3E895 /* Preview Content */,
				4D369FE12B99EA4A00A3E895 /* ProgressBar.swift */,
				4D369FE32B99FADE00A3E895 /* OnboardingContainerView.swift */,
				4D369FE52B99FAFC00A3E895 /* OnboardingContentView.swift */,
				4D369FE72B99FE0700A3E895 /* Feature.swift */,
				4D369FE92B99FF5100A3E895 /* DevData.swift */,
				4D369FEE2B9A3D2400A3E895 /* CustomFonts.swift */,
			);
			path = ProgressBarPlayground;
			sourceTree = "<group>";
		};
		4D369FD92B99E9E900A3E895 /* Preview Content */ = {
			isa = PBXGroup;
			children = (
				4D369FDA2B99E9E900A3E895 /* Preview Assets.xcassets */,
			);
			path = "Preview Content";
			sourceTree = "<group>";
		};
/* End PBXGroup section */

/* Begin PBXNativeTarget section */
		4D369FCF2B99E9E400A3E895 /* ProgressBarPlayground */ = {
			isa = PBXNativeTarget;
			buildConfigurationList = 4D369FDE2B99E9E900A3E895 /* Build configuration list for PBXNativeTarget "ProgressBarPlayground" */;
			buildPhases = (
				4D369FCC2B99E9E400A3E895 /* Sources */,
				4D369FCD2B99E9E400A3E895 /* Frameworks */,
				4D369FCE2B99E9E400A3E895 /* Resources */,
			);
			buildRules = (
			);
			dependencies = (
			);
			name = ProgressBarPlayground;
			productName = ProgressBarPlayground;
			productReference = 4D369FD02B99E9E400A3E895 /* ProgressBarPlayground.app */;
			productType = "com.apple.product-type.application";
		};
/* End PBXNativeTarget section */

/* Begin PBXProject section */
		4D369FC82B99E9E400A3E895 /* Project object */ = {
			isa = PBXProject;
			attributes = {
				BuildIndependentTargetsInParallel = 1;
				LastSwiftUpdateCheck = 1530;
				LastUpgradeCheck = 1530;
				TargetAttributes = {
					4D369FCF2B99E9E400A3E895 = {
						CreatedOnToolsVersion = 15.3;
					};
				};
			};
			buildConfigurationList = 4D369FCB2B99E9E400A3E895 /* Build configuration list for PBXProject "ProgressBarPlayground" */;
			compatibilityVersion = "Xcode 14.0";
			developmentRegion = en;
			hasScannedForEncodings = 0;
			knownRegions = (
				en,
				Base,
			);
			mainGroup = 4D369FC72B99E9E400A3E895;
			productRefGroup = 4D369FD12B99E9E400A3E895 /* Products */;
			projectDirPath = "";
			projectRoot = "";
			targets = (
				4D369FCF2B99E9E400A3E895 /* ProgressBarPlayground */,
			);
		};
/* End PBXProject section */

/* Begin PBXResourcesBuildPhase section */
		4D369FCE2B99E9E400A3E895 /* Resources */ = {
			isa = PBXResourcesBuildPhase;
			buildActionMask = 2147483647;
			files = (
				4D369FDB2B99E9E900A3E895 /* Preview Assets.xcassets in Resources */,
				4D369FD82B99E9E900A3E895 /* Assets.xcassets in Resources */,
			);
			runOnlyForDeploymentPostprocessing = 0;
		};
/* End PBXResourcesBuildPhase section */

/* Begin PBXSourcesBuildPhase section */
		4D369FCC2B99E9E400A3E895 /* Sources */ = {
			isa = PBXSourcesBuildPhase;
			buildActionMask = 2147483647;
			files = (
				4D369FE82B99FE0700A3E895 /* Feature.swift in Sources */,
				4D369FEF2B9A3D2400A3E895 /* CustomFonts.swift in Sources */,
				4D369FD62B99E9E400A3E895 /* ContentView.swift in Sources */,
				4D369FEA2B99FF5100A3E895 /* DevData.swift in Sources */,
				4D369FE42B99FADE00A3E895 /* OnboardingContainerView.swift in Sources */,
				4D369FE22B99EA4A00A3E895 /* ProgressBar.swift in Sources */,
				4D369FD42B99E9E400A3E895 /* ProgressBarPlaygroundApp.swift in Sources */,
				4D369FE62B99FAFC00A3E895 /* OnboardingContentView.swift in Sources */,
			);
			runOnlyForDeploymentPostprocessing = 0;
		};
/* End PBXSourcesBuildPhase section */

/* Begin XCBuildConfiguration section */
		4D369FDC2B99E9E900A3E895 /* Debug */ = {
			isa = XCBuildConfiguration;
			buildSettings = {
				ALWAYS_SEARCH_USER_PATHS = NO;
				ASSETCATALOG_COMPILER_GENERATE_SWIFT_ASSET_SYMBOL_EXTENSIONS = YES;
				CLANG_ANALYZER_NONNULL = YES;
				CLANG_ANALYZER_NUMBER_OBJECT_CONVERSION = YES_AGGRESSIVE;
				CLANG_CXX_LANGUAGE_STANDARD = "gnu++20";
				CLANG_ENABLE_MODULES = YES;
				CLANG_ENABLE_OBJC_ARC = YES;
				CLANG_ENABLE_OBJC_WEAK = YES;
				CLANG_WARN_BLOCK_CAPTURE_AUTORELEASING = YES;
				CLANG_WARN_BOOL_CONVERSION = YES;
				CLANG_WARN_COMMA = YES;
				CLANG_WARN_CONSTANT_CONVERSION = YES;
				CLANG_WARN_DEPRECATED_OBJC_IMPLEMENTATIONS = YES;
				CLANG_WARN_DIRECT_OBJC_ISA_USAGE = YES_ERROR;
				CLANG_WARN_DOCUMENTATION_COMMENTS = YES;
				CLANG_WARN_EMPTY_BODY = YES;
				CLANG_WARN_ENUM_CONVERSION = YES;
				CLANG_WARN_INFINITE_RECURSION = YES;
				CLANG_WARN_INT_CONVERSION = YES;
				CLANG_WARN_NON_LITERAL_NULL_CONVERSION = YES;
				CLANG_WARN_OBJC_IMPLICIT_RETAIN_SELF = YES;
				CLANG_WARN_OBJC_LITERAL_CONVERSION = YES;
				CLANG_WARN_OBJC_ROOT_CLASS = YES_ERROR;
				CLANG_WARN_QUOTED_INCLUDE_IN_FRAMEWORK_HEADER = YES;
				CLANG_WARN_RANGE_LOOP_ANALYSIS = YES;
				CLANG_WARN_STRICT_PROTOTYPES = YES;
				CLANG_WARN_SUSPICIOUS_MOVE = YES;
				CLANG_WARN_UNGUARDED_AVAILABILITY = YES_AGGRESSIVE;
				CLANG_WARN_UNREACHABLE_CODE = YES;
				CLANG_WARN__DUPLICATE_METHOD_MATCH = YES;
				COPY_PHASE_STRIP = NO;
				DEBUG_INFORMATION_FORMAT = dwarf;
				ENABLE_STRICT_OBJC_MSGSEND = YES;
				ENABLE_TESTABILITY = YES;
				ENABLE_USER_SCRIPT_SANDBOXING = YES;
				GCC_C_LANGUAGE_STANDARD = gnu17;
				GCC_DYNAMIC_NO_PIC = NO;
				GCC_NO_COMMON_BLOCKS = YES;
				GCC_OPTIMIZATION_LEVEL = 0;
				GCC_PREPROCESSOR_DEFINITIONS = (
					"DEBUG=1",
					"$(inherited)",
				);
				GCC_WARN_64_TO_32_BIT_CONVERSION = YES;
				GCC_WARN_ABOUT_RETURN_TYPE = YES_ERROR;
				GCC_WARN_UNDECLARED_SELECTOR = YES;
				GCC_WARN_UNINITIALIZED_AUTOS = YES_AGGRESSIVE;
				GCC_WARN_UNUSED_FUNCTION = YES;
				GCC_WARN_UNUSED_VARIABLE = YES;
				IPHONEOS_DEPLOYMENT_TARGET = 17.4;
				LOCALIZATION_PREFERS_STRING_CATALOGS = YES;
				MTL_ENABLE_DEBUG_INFO = INCLUDE_SOURCE;
				MTL_FAST_MATH = YES;
				ONLY_ACTIVE_ARCH = YES;
				SDKROOT = iphoneos;
				SWIFT_ACTIVE_COMPILATION_CONDITIONS = "DEBUG $(inherited)";
				SWIFT_OPTIMIZATION_LEVEL = "-Onone";
			};
			name = Debug;
		};
		4D369FDD2B99E9E900A3E895 /* Release */ = {
			isa = XCBuildConfiguration;
			buildSettings = {
				ALWAYS_SEARCH_USER_PATHS = NO;
				ASSETCATALOG_COMPILER_GENERATE_SWIFT_ASSET_SYMBOL_EXTENSIONS = YES;
				CLANG_ANALYZER_NONNULL = YES;
				CLANG_ANALYZER_NUMBER_OBJECT_CONVERSION = YES_AGGRESSIVE;
				CLANG_CXX_LANGUAGE_STANDARD = "gnu++20";
				CLANG_ENABLE_MODULES = YES;
				CLANG_ENABLE_OBJC_ARC = YES;
				CLANG_ENABLE_OBJC_WEAK = YES;
				CLANG_WARN_BLOCK_CAPTURE_AUTORELEASING = YES;
				CLANG_WARN_BOOL_CONVERSION = YES;
				CLANG_WARN_COMMA = YES;
				CLANG_WARN_CONSTANT_CONVERSION = YES;
				CLANG_WARN_DEPRECATED_OBJC_IMPLEMENTATIONS = YES;
				CLANG_WARN_DIRECT_OBJC_ISA_USAGE = YES_ERROR;
				CLANG_WARN_DOCUMENTATION_COMMENTS = YES;
				CLANG_WARN_EMPTY_BODY = YES;
				CLANG_WARN_ENUM_CONVERSION = YES;
				CLANG_WARN_INFINITE_RECURSION = YES;
				CLANG_WARN_INT_CONVERSION = YES;
				CLANG_WARN_NON_LITERAL_NULL_CONVERSION = YES;
				CLANG_WARN_OBJC_IMPLICIT_RETAIN_SELF = YES;
				CLANG_WARN_OBJC_LITERAL_CONVERSION = YES;
				CLANG_WARN_OBJC_ROOT_CLASS = YES_ERROR;
				CLANG_WARN_QUOTED_INCLUDE_IN_FRAMEWORK_HEADER = YES;
				CLANG_WARN_RANGE_LOOP_ANALYSIS = YES;
				CLANG_WARN_STRICT_PROTOTYPES = YES;
				CLANG_WARN_SUSPICIOUS_MOVE = YES;
				CLANG_WARN_UNGUARDED_AVAILABILITY = YES_AGGRESSIVE;
				CLANG_WARN_UNREACHABLE_CODE = YES;
				CLANG_WARN__DUPLICATE_METHOD_MATCH = YES;
				COPY_PHASE_STRIP = NO;
				DEBUG_INFORMATION_FORMAT = "dwarf-with-dsym";
				ENABLE_NS_ASSERTIONS = NO;
				ENABLE_STRICT_OBJC_MSGSEND = YES;
				ENABLE_USER_SCRIPT_SANDBOXING = YES;
				GCC_C_LANGUAGE_STANDARD = gnu17;
				GCC_NO_COMMON_BLOCKS = YES;
				GCC_WARN_64_TO_32_BIT_CONVERSION = YES;
				GCC_WARN_ABOUT_RETURN_TYPE = YES_ERROR;
				GCC_WARN_UNDECLARED_SELECTOR = YES;
				GCC_WARN_UNINITIALIZED_AUTOS = YES_AGGRESSIVE;
				GCC_WARN_UNUSED_FUNCTION = YES;
				GCC_WARN_UNUSED_VARIABLE = YES;
				IPHONEOS_DEPLOYMENT_TARGET = 17.4;
				LOCALIZATION_PREFERS_STRING_CATALOGS = YES;
				MTL_ENABLE_DEBUG_INFO = NO;
				MTL_FAST_MATH = YES;
				SDKROOT = iphoneos;
				SWIFT_COMPILATION_MODE = wholemodule;
				VALIDATE_PRODUCT = YES;
			};
			name = Release;
		};
		4D369FDF2B99E9E900A3E895 /* Debug */ = {
			isa = XCBuildConfiguration;
			buildSettings = {
				ASSETCATALOG_COMPILER_APPICON_NAME = AppIcon;
				ASSETCATALOG_COMPILER_GLOBAL_ACCENT_COLOR_NAME = AccentColor;
				CODE_SIGN_STYLE = Automatic;
				CURRENT_PROJECT_VERSION = 1;
				DEVELOPMENT_ASSET_PATHS = "\"ProgressBarPlayground/Preview Content\"";
				DEVELOPMENT_TEAM = 56F54J4H3N;
				ENABLE_PREVIEWS = YES;
				GENERATE_INFOPLIST_FILE = YES;
				INFOPLIST_FILE = ProgressBarPlayground/Info.plist;
				INFOPLIST_KEY_UIApplicationSceneManifest_Generation = YES;
				INFOPLIST_KEY_UIApplicationSupportsIndirectInputEvents = YES;
				INFOPLIST_KEY_UILaunchScreen_Generation = YES;
				INFOPLIST_KEY_UISupportedInterfaceOrientations_iPad = "UIInterfaceOrientationPortrait UIInterfaceOrientationPortraitUpsideDown UIInterfaceOrientationLandscapeLeft UIInterfaceOrientationLandscapeRight";
				INFOPLIST_KEY_UISupportedInterfaceOrientations_iPhone = "UIInterfaceOrientationPortrait UIInterfaceOrientationLandscapeLeft UIInterfaceOrientationLandscapeRight";
				LD_RUNPATH_SEARCH_PATHS = (
					"$(inherited)",
					"@executable_path/Frameworks",
				);
				MARKETING_VERSION = 1.0;
				PRODUCT_BUNDLE_IDENTIFIER = mobilesoftwareservices.ProgressBarPlayground;
				PRODUCT_NAME = "$(TARGET_NAME)";
				SWIFT_EMIT_LOC_STRINGS = YES;
				SWIFT_VERSION = 5.0;
				TARGETED_DEVICE_FAMILY = "1,2";
			};
			name = Debug;
		};
		4D369FE02B99E9E900A3E895 /* Release */ = {
			isa = XCBuildConfiguration;
			buildSettings = {
				ASSETCATALOG_COMPILER_APPICON_NAME = AppIcon;
				ASSETCATALOG_COMPILER_GLOBAL_ACCENT_COLOR_NAME = AccentColor;
				CODE_SIGN_STYLE = Automatic;
				CURRENT_PROJECT_VERSION = 1;
				DEVELOPMENT_ASSET_PATHS = "\"ProgressBarPlayground/Preview Content\"";
				DEVELOPMENT_TEAM = 56F54J4H3N;
				ENABLE_PREVIEWS = YES;
				GENERATE_INFOPLIST_FILE = YES;
				INFOPLIST_FILE = ProgressBarPlayground/Info.plist;
				INFOPLIST_KEY_UIApplicationSceneManifest_Generation = YES;
				INFOPLIST_KEY_UIApplicationSupportsIndirectInputEvents = YES;
				INFOPLIST_KEY_UILaunchScreen_Generation = YES;
				INFOPLIST_KEY_UISupportedInterfaceOrientations_iPad = "UIInterfaceOrientationPortrait UIInterfaceOrientationPortraitUpsideDown UIInterfaceOrientationLandscapeLeft UIInterfaceOrientationLandscapeRight";
				INFOPLIST_KEY_UISupportedInterfaceOrientations_iPhone = "UIInterfaceOrientationPortrait UIInterfaceOrientationLandscapeLeft UIInterfaceOrientationLandscapeRight";
				LD_RUNPATH_SEARCH_PATHS = (
					"$(inherited)",
					"@executable_path/Frameworks",
				);
				MARKETING_VERSION = 1.0;
				PRODUCT_BUNDLE_IDENTIFIER = mobilesoftwareservices.ProgressBarPlayground;
				PRODUCT_NAME = "$(TARGET_NAME)";
				SWIFT_EMIT_LOC_STRINGS = YES;
				SWIFT_VERSION = 5.0;
				TARGETED_DEVICE_FAMILY = "1,2";
			};
			name = Release;
		};
/* End XCBuildConfiguration section */

/* Begin XCConfigurationList section */
		4D369FCB2B99E9E400A3E895 /* Build configuration list for PBXProject "ProgressBarPlayground" */ = {
			isa = XCConfigurationList;
			buildConfigurations = (
				4D369FDC2B99E9E900A3E895 /* Debug */,
				4D369FDD2B99E9E900A3E895 /* Release */,
			);
			defaultConfigurationIsVisible = 0;
			defaultConfigurationName = Release;
		};
		4D369FDE2B99E9E900A3E895 /* Build configuration list for PBXNativeTarget "ProgressBarPlayground" */ = {
			isa = XCConfigurationList;
			buildConfigurations = (
				4D369FDF2B99E9E900A3E895 /* Debug */,
				4D369FE02B99E9E900A3E895 /* Release */,
			);
			defaultConfigurationIsVisible = 0;
			defaultConfigurationName = Release;
		};
/* End XCConfigurationList section */
	};
	rootObject = 4D369FC82B99E9E400A3E895 /* Project object */;
}
