// !$*UTF8*$!
{
	archiveVersion = 1;
	classes = {
	};
	objectVersion = 56;
	objects = {

/* Begin PBXBuildFile section */
		4D8892C02BEE6DC00047DD8F /* ButtonStylePlaygroundApp.swift in Sources */ = {isa = PBXBuildFile; fileRef = 4D8892BF2BEE6DC00047DD8F /* ButtonStylePlaygroundApp.swift */; };
		4D8892C22BEE6DC00047DD8F /* ContentView.swift in Sources */ = {isa = PBXBuildFile; fileRef = 4D8892C12BEE6DC00047DD8F /* ContentView.swift */; };
		4D8892C42BEE6DC50047DD8F /* Assets.xcassets in Resources */ = {isa = PBXBuildFile; fileRef = 4D8892C32BEE6DC50047DD8F /* Assets.xcassets */; };
		4D8892C72BEE6DC50047DD8F /* Preview Assets.xcassets in Resources */ = {isa = PBXBuildFile; fileRef = 4D8892C62BEE6DC50047DD8F /* Preview Assets.xcassets */; };
		4D8892CE2BEE6E550047DD8F /* EmptyStyle.swift in Sources */ = {isa = PBXBuildFile; fileRef = 4D8892CD2BEE6E550047DD8F /* EmptyStyle.swift */; };
		4D8892D12BEE6F180047DD8F /* ColoredButtonStyle.swift in Sources */ = {isa = PBXBuildFile; fileRef = 4D8892D02BEE6F180047DD8F /* ColoredButtonStyle.swift */; };
		4D8892D32BEE8A560047DD8F /* StripedRectangleButtonStyle.swift in Sources */ = {isa = PBXBuildFile; fileRef = 4D8892D22BEE8A560047DD8F /* StripedRectangleButtonStyle.swift */; };
		4D8892D52BEE8E080047DD8F /* PushButtonStyle.swift in Sources */ = {isa = PBXBuildFile; fileRef = 4D8892D42BEE8E080047DD8F /* PushButtonStyle.swift */; };
		4D8892D82BEE9F880047DD8F /* Color+Extensions.swift in Sources */ = {isa = PBXBuildFile; fileRef = 4D8892D72BEE9F880047DD8F /* Color+Extensions.swift */; };
		4D8892DA2BEE9FED0047DD8F /* GlassButtonStyle.swift in Sources */ = {isa = PBXBuildFile; fileRef = 4D8892D92BEE9FED0047DD8F /* GlassButtonStyle.swift */; };
		4DD9AE9C2BF0F6E20056D3E5 /* AquaButtonStyle.swift in Sources */ = {isa = PBXBuildFile; fileRef = 4DD9AE9B2BF0F6E20056D3E5 /* AquaButtonStyle.swift */; };
		4DD9AE9E2BF0FFD00056D3E5 /* FantasyButtonStyle.swift in Sources */ = {isa = PBXBuildFile; fileRef = 4DD9AE9D2BF0FFD00056D3E5 /* FantasyButtonStyle.swift */; };
		4DD9AEA02BF100EA0056D3E5 /* View+Extensions.swift in Sources */ = {isa = PBXBuildFile; fileRef = 4DD9AE9F2BF100EA0056D3E5 /* View+Extensions.swift */; };
		4DD9AEA22BF252E40056D3E5 /* TargetButton.swift in Sources */ = {isa = PBXBuildFile; fileRef = 4DD9AEA12BF252E40056D3E5 /* TargetButton.swift */; };
/* End PBXBuildFile section */

/* Begin PBXFileReference section */
		4D8892BC2BEE6DC00047DD8F /* ButtonStylePlayground.app */ = {isa = PBXFileReference; explicitFileType = wrapper.application; includeInIndex = 0; path = ButtonStylePlayground.app; sourceTree = BUILT_PRODUCTS_DIR; };
		4D8892BF2BEE6DC00047DD8F /* ButtonStylePlaygroundApp.swift */ = {isa = PBXFileReference; lastKnownFileType = sourcecode.swift; path = ButtonStylePlaygroundApp.swift; sourceTree = "<group>"; };
		4D8892C12BEE6DC00047DD8F /* ContentView.swift */ = {isa = PBXFileReference; lastKnownFileType = sourcecode.swift; path = ContentView.swift; sourceTree = "<group>"; };
		4D8892C32BEE6DC50047DD8F /* Assets.xcassets */ = {isa = PBXFileReference; lastKnownFileType = folder.assetcatalog; path = Assets.xcassets; sourceTree = "<group>"; };
		4D8892C62BEE6DC50047DD8F /* Preview Assets.xcassets */ = {isa = PBXFileReference; lastKnownFileType = folder.assetcatalog; path = "Preview Assets.xcassets"; sourceTree = "<group>"; };
		4D8892CD2BEE6E550047DD8F /* EmptyStyle.swift */ = {isa = PBXFileReference; lastKnownFileType = sourcecode.swift; path = EmptyStyle.swift; sourceTree = "<group>"; };
		4D8892D02BEE6F180047DD8F /* ColoredButtonStyle.swift */ = {isa = PBXFileReference; lastKnownFileType = sourcecode.swift; path = ColoredButtonStyle.swift; sourceTree = "<group>"; };
		4D8892D22BEE8A560047DD8F /* StripedRectangleButtonStyle.swift */ = {isa = PBXFileReference; lastKnownFileType = sourcecode.swift; path = StripedRectangleButtonStyle.swift; sourceTree = "<group>"; };
		4D8892D42BEE8E080047DD8F /* PushButtonStyle.swift */ = {isa = PBXFileReference; lastKnownFileType = sourcecode.swift; path = PushButtonStyle.swift; sourceTree = "<group>"; };
		4D8892D72BEE9F880047DD8F /* Color+Extensions.swift */ = {isa = PBXFileReference; lastKnownFileType = sourcecode.swift; path = "Color+Extensions.swift"; sourceTree = "<group>"; };
		4D8892D92BEE9FED0047DD8F /* GlassButtonStyle.swift */ = {isa = PBXFileReference; lastKnownFileType = sourcecode.swift; path = GlassButtonStyle.swift; sourceTree = "<group>"; };
		4DD9AE9B2BF0F6E20056D3E5 /* AquaButtonStyle.swift */ = {isa = PBXFileReference; lastKnownFileType = sourcecode.swift; path = AquaButtonStyle.swift; sourceTree = "<group>"; };
		4DD9AE9D2BF0FFD00056D3E5 /* FantasyButtonStyle.swift */ = {isa = PBXFileReference; lastKnownFileType = sourcecode.swift; path = FantasyButtonStyle.swift; sourceTree = "<group>"; };
		4DD9AE9F2BF100EA0056D3E5 /* View+Extensions.swift */ = {isa = PBXFileReference; lastKnownFileType = sourcecode.swift; path = "View+Extensions.swift"; sourceTree = "<group>"; };
		4DD9AEA12BF252E40056D3E5 /* TargetButton.swift */ = {isa = PBXFileReference; lastKnownFileType = sourcecode.swift; path = TargetButton.swift; sourceTree = "<group>"; };
/* End PBXFileReference section */

/* Begin PBXFrameworksBuildPhase section */
		4D8892B92BEE6DC00047DD8F /* Frameworks */ = {
			isa = PBXFrameworksBuildPhase;
			buildActionMask = 2147483647;
			files = (
			);
			runOnlyForDeploymentPostprocessing = 0;
		};
/* End PBXFrameworksBuildPhase section */

/* Begin PBXGroup section */
		4D8892B32BEE6DC00047DD8F = {
			isa = PBXGroup;
			children = (
				4D8892BE2BEE6DC00047DD8F /* ButtonStylePlayground */,
				4D8892BD2BEE6DC00047DD8F /* Products */,
			);
			sourceTree = "<group>";
		};
		4D8892BD2BEE6DC00047DD8F /* Products */ = {
			isa = PBXGroup;
			children = (
				4D8892BC2BEE6DC00047DD8F /* ButtonStylePlayground.app */,
			);
			name = Products;
			sourceTree = "<group>";
		};
		4D8892BE2BEE6DC00047DD8F /* ButtonStylePlayground */ = {
			isa = PBXGroup;
			children = (
				4D8892D62BEE9F660047DD8F /* Extensions */,
				4D8892CF2BEE6EFE0047DD8F /* Styles */,
				4D8892BF2BEE6DC00047DD8F /* ButtonStylePlaygroundApp.swift */,
				4D8892C12BEE6DC00047DD8F /* ContentView.swift */,
				4D8892C32BEE6DC50047DD8F /* Assets.xcassets */,
				4D8892C52BEE6DC50047DD8F /* Preview Content */,
			);
			path = ButtonStylePlayground;
			sourceTree = "<group>";
		};
		4D8892C52BEE6DC50047DD8F /* Preview Content */ = {
			isa = PBXGroup;
			children = (
				4D8892C62BEE6DC50047DD8F /* Preview Assets.xcassets */,
			);
			path = "Preview Content";
			sourceTree = "<group>";
		};
		4D8892CF2BEE6EFE0047DD8F /* Styles */ = {
			isa = PBXGroup;
			children = (
				4D8892CD2BEE6E550047DD8F /* EmptyStyle.swift */,
				4D8892D02BEE6F180047DD8F /* ColoredButtonStyle.swift */,
				4D8892D22BEE8A560047DD8F /* StripedRectangleButtonStyle.swift */,
				4D8892D42BEE8E080047DD8F /* PushButtonStyle.swift */,
				4D8892D92BEE9FED0047DD8F /* GlassButtonStyle.swift */,
				4DD9AE9B2BF0F6E20056D3E5 /* AquaButtonStyle.swift */,
				4DD9AE9D2BF0FFD00056D3E5 /* FantasyButtonStyle.swift */,
				4DD9AEA12BF252E40056D3E5 /* TargetButton.swift */,
			);
			path = Styles;
			sourceTree = "<group>";
		};
		4D8892D62BEE9F660047DD8F /* Extensions */ = {
			isa = PBXGroup;
			children = (
				4D8892D72BEE9F880047DD8F /* Color+Extensions.swift */,
				4DD9AE9F2BF100EA0056D3E5 /* View+Extensions.swift */,
			);
			path = Extensions;
			sourceTree = "<group>";
		};
/* End PBXGroup section */

/* Begin PBXNativeTarget section */
		4D8892BB2BEE6DC00047DD8F /* ButtonStylePlayground */ = {
			isa = PBXNativeTarget;
			buildConfigurationList = 4D8892CA2BEE6DC50047DD8F /* Build configuration list for PBXNativeTarget "ButtonStylePlayground" */;
			buildPhases = (
				4D8892B82BEE6DC00047DD8F /* Sources */,
				4D8892B92BEE6DC00047DD8F /* Frameworks */,
				4D8892BA2BEE6DC00047DD8F /* Resources */,
			);
			buildRules = (
			);
			dependencies = (
			);
			name = ButtonStylePlayground;
			productName = ButtonStylePlayground;
			productReference = 4D8892BC2BEE6DC00047DD8F /* ButtonStylePlayground.app */;
			productType = "com.apple.product-type.application";
		};
/* End PBXNativeTarget section */

/* Begin PBXProject section */
		4D8892B42BEE6DC00047DD8F /* Project object */ = {
			isa = PBXProject;
			attributes = {
				BuildIndependentTargetsInParallel = 1;
				LastSwiftUpdateCheck = 1530;
				LastUpgradeCheck = 1530;
				TargetAttributes = {
					4D8892BB2BEE6DC00047DD8F = {
						CreatedOnToolsVersion = 15.3;
					};
				};
			};
			buildConfigurationList = 4D8892B72BEE6DC00047DD8F /* Build configuration list for PBXProject "ButtonStylePlayground" */;
			compatibilityVersion = "Xcode 14.0";
			developmentRegion = en;
			hasScannedForEncodings = 0;
			knownRegions = (
				en,
				Base,
			);
			mainGroup = 4D8892B32BEE6DC00047DD8F;
			productRefGroup = 4D8892BD2BEE6DC00047DD8F /* Products */;
			projectDirPath = "";
			projectRoot = "";
			targets = (
				4D8892BB2BEE6DC00047DD8F /* ButtonStylePlayground */,
			);
		};
/* End PBXProject section */

/* Begin PBXResourcesBuildPhase section */
		4D8892BA2BEE6DC00047DD8F /* Resources */ = {
			isa = PBXResourcesBuildPhase;
			buildActionMask = 2147483647;
			files = (
				4D8892C72BEE6DC50047DD8F /* Preview Assets.xcassets in Resources */,
				4D8892C42BEE6DC50047DD8F /* Assets.xcassets in Resources */,
			);
			runOnlyForDeploymentPostprocessing = 0;
		};
/* End PBXResourcesBuildPhase section */

/* Begin PBXSourcesBuildPhase section */
		4D8892B82BEE6DC00047DD8F /* Sources */ = {
			isa = PBXSourcesBuildPhase;
			buildActionMask = 2147483647;
			files = (
				4D8892DA2BEE9FED0047DD8F /* GlassButtonStyle.swift in Sources */,
				4D8892D12BEE6F180047DD8F /* ColoredButtonStyle.swift in Sources */,
				4DD9AEA02BF100EA0056D3E5 /* View+Extensions.swift in Sources */,
				4D8892D52BEE8E080047DD8F /* PushButtonStyle.swift in Sources */,
				4DD9AEA22BF252E40056D3E5 /* TargetButton.swift in Sources */,
				4DD9AE9C2BF0F6E20056D3E5 /* AquaButtonStyle.swift in Sources */,
				4DD9AE9E2BF0FFD00056D3E5 /* FantasyButtonStyle.swift in Sources */,
				4D8892D32BEE8A560047DD8F /* StripedRectangleButtonStyle.swift in Sources */,
				4D8892C22BEE6DC00047DD8F /* ContentView.swift in Sources */,
				4D8892D82BEE9F880047DD8F /* Color+Extensions.swift in Sources */,
				4D8892CE2BEE6E550047DD8F /* EmptyStyle.swift in Sources */,
				4D8892C02BEE6DC00047DD8F /* ButtonStylePlaygroundApp.swift in Sources */,
			);
			runOnlyForDeploymentPostprocessing = 0;
		};
/* End PBXSourcesBuildPhase section */

/* Begin XCBuildConfiguration section */
		4D8892C82BEE6DC50047DD8F /* Debug */ = {
			isa = XCBuildConfiguration;
			buildSettings = {
				ALWAYS_SEARCH_USER_PATHS = NO;
				ASSETCATALOG_COMPILER_GENERATE_SWIFT_ASSET_SYMBOL_EXTENSIONS = YES;
				CLANG_ANALYZER_NONNULL = YES;
				CLANG_ANALYZER_NUMBER_OBJECT_CONVERSION = YES_AGGRESSIVE;
				CLANG_CXX_LANGUAGE_STANDARD = "gnu++20";
				CLANG_ENABLE_MODULES = YES;
				CLANG_ENABLE_OBJC_ARC = YES;
				CLANG_ENABLE_OBJC_WEAK = YES;
				CLANG_WARN_BLOCK_CAPTURE_AUTORELEASING = YES;
				CLANG_WARN_BOOL_CONVERSION = YES;
				CLANG_WARN_COMMA = YES;
				CLANG_WARN_CONSTANT_CONVERSION = YES;
				CLANG_WARN_DEPRECATED_OBJC_IMPLEMENTATIONS = YES;
				CLANG_WARN_DIRECT_OBJC_ISA_USAGE = YES_ERROR;
				CLANG_WARN_DOCUMENTATION_COMMENTS = YES;
				CLANG_WARN_EMPTY_BODY = YES;
				CLANG_WARN_ENUM_CONVERSION = YES;
				CLANG_WARN_INFINITE_RECURSION = YES;
				CLANG_WARN_INT_CONVERSION = YES;
				CLANG_WARN_NON_LITERAL_NULL_CONVERSION = YES;
				CLANG_WARN_OBJC_IMPLICIT_RETAIN_SELF = YES;
				CLANG_WARN_OBJC_LITERAL_CONVERSION = YES;
				CLANG_WARN_OBJC_ROOT_CLASS = YES_ERROR;
				CLANG_WARN_QUOTED_INCLUDE_IN_FRAMEWORK_HEADER = YES;
				CLANG_WARN_RANGE_LOOP_ANALYSIS = YES;
				CLANG_WARN_STRICT_PROTOTYPES = YES;
				CLANG_WARN_SUSPICIOUS_MOVE = YES;
				CLANG_WARN_UNGUARDED_AVAILABILITY = YES_AGGRESSIVE;
				CLANG_WARN_UNREACHABLE_CODE = YES;
				CLANG_WARN__DUPLICATE_METHOD_MATCH = YES;
				COPY_PHASE_STRIP = NO;
				DEBUG_INFORMATION_FORMAT = dwarf;
				ENABLE_STRICT_OBJC_MSGSEND = YES;
				ENABLE_TESTABILITY = YES;
				ENABLE_USER_SCRIPT_SANDBOXING = YES;
				GCC_C_LANGUAGE_STANDARD = gnu17;
				GCC_DYNAMIC_NO_PIC = NO;
				GCC_NO_COMMON_BLOCKS = YES;
				GCC_OPTIMIZATION_LEVEL = 0;
				GCC_PREPROCESSOR_DEFINITIONS = (
					"DEBUG=1",
					"$(inherited)",
				);
				GCC_WARN_64_TO_32_BIT_CONVERSION = YES;
				GCC_WARN_ABOUT_RETURN_TYPE = YES_ERROR;
				GCC_WARN_UNDECLARED_SELECTOR = YES;
				GCC_WARN_UNINITIALIZED_AUTOS = YES_AGGRESSIVE;
				GCC_WARN_UNUSED_FUNCTION = YES;
				GCC_WARN_UNUSED_VARIABLE = YES;
				IPHONEOS_DEPLOYMENT_TARGET = 17.4;
				LOCALIZATION_PREFERS_STRING_CATALOGS = YES;
				MTL_ENABLE_DEBUG_INFO = INCLUDE_SOURCE;
				MTL_FAST_MATH = YES;
				ONLY_ACTIVE_ARCH = YES;
				SDKROOT = iphoneos;
				SWIFT_ACTIVE_COMPILATION_CONDITIONS = "DEBUG $(inherited)";
				SWIFT_OPTIMIZATION_LEVEL = "-Onone";
			};
			name = Debug;
		};
		4D8892C92BEE6DC50047DD8F /* Release */ = {
			isa = XCBuildConfiguration;
			buildSettings = {
				ALWAYS_SEARCH_USER_PATHS = NO;
				ASSETCATALOG_COMPILER_GENERATE_SWIFT_ASSET_SYMBOL_EXTENSIONS = YES;
				CLANG_ANALYZER_NONNULL = YES;
				CLANG_ANALYZER_NUMBER_OBJECT_CONVERSION = YES_AGGRESSIVE;
				CLANG_CXX_LANGUAGE_STANDARD = "gnu++20";
				CLANG_ENABLE_MODULES = YES;
				CLANG_ENABLE_OBJC_ARC = YES;
				CLANG_ENABLE_OBJC_WEAK = YES;
				CLANG_WARN_BLOCK_CAPTURE_AUTORELEASING = YES;
				CLANG_WARN_BOOL_CONVERSION = YES;
				CLANG_WARN_COMMA = YES;
				CLANG_WARN_CONSTANT_CONVERSION = YES;
				CLANG_WARN_DEPRECATED_OBJC_IMPLEMENTATIONS = YES;
				CLANG_WARN_DIRECT_OBJC_ISA_USAGE = YES_ERROR;
				CLANG_WARN_DOCUMENTATION_COMMENTS = YES;
				CLANG_WARN_EMPTY_BODY = YES;
				CLANG_WARN_ENUM_CONVERSION = YES;
				CLANG_WARN_INFINITE_RECURSION = YES;
				CLANG_WARN_INT_CONVERSION = YES;
				CLANG_WARN_NON_LITERAL_NULL_CONVERSION = YES;
				CLANG_WARN_OBJC_IMPLICIT_RETAIN_SELF = YES;
				CLANG_WARN_OBJC_LITERAL_CONVERSION = YES;
				CLANG_WARN_OBJC_ROOT_CLASS = YES_ERROR;
				CLANG_WARN_QUOTED_INCLUDE_IN_FRAMEWORK_HEADER = YES;
				CLANG_WARN_RANGE_LOOP_ANALYSIS = YES;
				CLANG_WARN_STRICT_PROTOTYPES = YES;
				CLANG_WARN_SUSPICIOUS_MOVE = YES;
				CLANG_WARN_UNGUARDED_AVAILABILITY = YES_AGGRESSIVE;
				CLANG_WARN_UNREACHABLE_CODE = YES;
				CLANG_WARN__DUPLICATE_METHOD_MATCH = YES;
				COPY_PHASE_STRIP = NO;
				DEBUG_INFORMATION_FORMAT = "dwarf-with-dsym";
				ENABLE_NS_ASSERTIONS = NO;
				ENABLE_STRICT_OBJC_MSGSEND = YES;
				ENABLE_USER_SCRIPT_SANDBOXING = YES;
				GCC_C_LANGUAGE_STANDARD = gnu17;
				GCC_NO_COMMON_BLOCKS = YES;
				GCC_WARN_64_TO_32_BIT_CONVERSION = YES;
				GCC_WARN_ABOUT_RETURN_TYPE = YES_ERROR;
				GCC_WARN_UNDECLARED_SELECTOR = YES;
				GCC_WARN_UNINITIALIZED_AUTOS = YES_AGGRESSIVE;
				GCC_WARN_UNUSED_FUNCTION = YES;
				GCC_WARN_UNUSED_VARIABLE = YES;
				IPHONEOS_DEPLOYMENT_TARGET = 17.4;
				LOCALIZATION_PREFERS_STRING_CATALOGS = YES;
				MTL_ENABLE_DEBUG_INFO = NO;
				MTL_FAST_MATH = YES;
				SDKROOT = iphoneos;
				SWIFT_COMPILATION_MODE = wholemodule;
				VALIDATE_PRODUCT = YES;
			};
			name = Release;
		};
		4D8892CB2BEE6DC50047DD8F /* Debug */ = {
			isa = XCBuildConfiguration;
			buildSettings = {
				ASSETCATALOG_COMPILER_APPICON_NAME = AppIcon;
				ASSETCATALOG_COMPILER_GLOBAL_ACCENT_COLOR_NAME = AccentColor;
				CODE_SIGN_STYLE = Automatic;
				CURRENT_PROJECT_VERSION = 1;
				DEVELOPMENT_ASSET_PATHS = "\"ButtonStylePlayground/Preview Content\"";
				DEVELOPMENT_TEAM = 56F54J4H3N;
				ENABLE_PREVIEWS = YES;
				GENERATE_INFOPLIST_FILE = YES;
				INFOPLIST_KEY_UIApplicationSceneManifest_Generation = YES;
				INFOPLIST_KEY_UIApplicationSupportsIndirectInputEvents = YES;
				INFOPLIST_KEY_UILaunchScreen_Generation = YES;
				INFOPLIST_KEY_UISupportedInterfaceOrientations_iPad = "UIInterfaceOrientationPortrait UIInterfaceOrientationPortraitUpsideDown UIInterfaceOrientationLandscapeLeft UIInterfaceOrientationLandscapeRight";
				INFOPLIST_KEY_UISupportedInterfaceOrientations_iPhone = "UIInterfaceOrientationPortrait UIInterfaceOrientationLandscapeLeft UIInterfaceOrientationLandscapeRight";
				LD_RUNPATH_SEARCH_PATHS = (
					"$(inherited)",
					"@executable_path/Frameworks",
				);
				MARKETING_VERSION = 1.0;
				PRODUCT_BUNDLE_IDENTIFIER = mobilesoftwareservices.ButtonStylePlayground;
				PRODUCT_NAME = "$(TARGET_NAME)";
				SWIFT_EMIT_LOC_STRINGS = YES;
				SWIFT_VERSION = 5.0;
				TARGETED_DEVICE_FAMILY = "1,2";
			};
			name = Debug;
		};
		4D8892CC2BEE6DC50047DD8F /* Release */ = {
			isa = XCBuildConfiguration;
			buildSettings = {
				ASSETCATALOG_COMPILER_APPICON_NAME = AppIcon;
				ASSETCATALOG_COMPILER_GLOBAL_ACCENT_COLOR_NAME = AccentColor;
				CODE_SIGN_STYLE = Automatic;
				CURRENT_PROJECT_VERSION = 1;
				DEVELOPMENT_ASSET_PATHS = "\"ButtonStylePlayground/Preview Content\"";
				DEVELOPMENT_TEAM = 56F54J4H3N;
				ENABLE_PREVIEWS = YES;
				GENERATE_INFOPLIST_FILE = YES;
				INFOPLIST_KEY_UIApplicationSceneManifest_Generation = YES;
				INFOPLIST_KEY_UIApplicationSupportsIndirectInputEvents = YES;
				INFOPLIST_KEY_UILaunchScreen_Generation = YES;
				INFOPLIST_KEY_UISupportedInterfaceOrientations_iPad = "UIInterfaceOrientationPortrait UIInterfaceOrientationPortraitUpsideDown UIInterfaceOrientationLandscapeLeft UIInterfaceOrientationLandscapeRight";
				INFOPLIST_KEY_UISupportedInterfaceOrientations_iPhone = "UIInterfaceOrientationPortrait UIInterfaceOrientationLandscapeLeft UIInterfaceOrientationLandscapeRight";
				LD_RUNPATH_SEARCH_PATHS = (
					"$(inherited)",
					"@executable_path/Frameworks",
				);
				MARKETING_VERSION = 1.0;
				PRODUCT_BUNDLE_IDENTIFIER = mobilesoftwareservices.ButtonStylePlayground;
				PRODUCT_NAME = "$(TARGET_NAME)";
				SWIFT_EMIT_LOC_STRINGS = YES;
				SWIFT_VERSION = 5.0;
				TARGETED_DEVICE_FAMILY = "1,2";
			};
			name = Release;
		};
/* End XCBuildConfiguration section */

/* Begin XCConfigurationList section */
		4D8892B72BEE6DC00047DD8F /* Build configuration list for PBXProject "ButtonStylePlayground" */ = {
			isa = XCConfigurationList;
			buildConfigurations = (
				4D8892C82BEE6DC50047DD8F /* Debug */,
				4D8892C92BEE6DC50047DD8F /* Release */,
			);
			defaultConfigurationIsVisible = 0;
			defaultConfigurationName = Release;
		};
		4D8892CA2BEE6DC50047DD8F /* Build configuration list for PBXNativeTarget "ButtonStylePlayground" */ = {
			isa = XCConfigurationList;
			buildConfigurations = (
				4D8892CB2BEE6DC50047DD8F /* Debug */,
				4D8892CC2BEE6DC50047DD8F /* Release */,
			);
			defaultConfigurationIsVisible = 0;
			defaultConfigurationName = Release;
		};
/* End XCConfigurationList section */
	};
	rootObject = 4D8892B42BEE6DC00047DD8F /* Project object */;
}
