// !$*UTF8*$!
{
	archiveVersion = 1;
	classes = {
	};
	objectVersion = 56;
	objects = {

/* Begin PBXBuildFile section */
		4D2B855E2BD93C2000A9C436 /* SplashScreenView.swift in Sources */ = {isa = PBXBuildFile; fileRef = 4D2B855D2BD93C2000A9C436 /* SplashScreenView.swift */; };
		4D2B85602BD940E100A9C436 /* FourCoolCirclesView.swift in Sources */ = {isa = PBXBuildFile; fileRef = 4D2B855F2BD940E100A9C436 /* FourCoolCirclesView.swift */; };
		4D2B85622BD941BF00A9C436 /* CoolCircleView.swift in Sources */ = {isa = PBXBuildFile; fileRef = 4D2B85612BD941BF00A9C436 /* CoolCircleView.swift */; };
		4D2B857B2BD9560F00A9C436 /* WorkSans-Black.ttf in Resources */ = {isa = PBXBuildFile; fileRef = 4D2B85632BD9560F00A9C436 /* WorkSans-Black.ttf */; };
		4D2B857C2BD9560F00A9C436 /* WorkSans-BlackItalic.ttf in Resources */ = {isa = PBXBuildFile; fileRef = 4D2B85642BD9560F00A9C436 /* WorkSans-BlackItalic.ttf */; };
		4D2B857D2BD9560F00A9C436 /* WorkSans-Bold.ttf in Resources */ = {isa = PBXBuildFile; fileRef = 4D2B85652BD9560F00A9C436 /* WorkSans-Bold.ttf */; };
		4D2B857E2BD9560F00A9C436 /* WorkSans-BoldItalic.ttf in Resources */ = {isa = PBXBuildFile; fileRef = 4D2B85662BD9560F00A9C436 /* WorkSans-BoldItalic.ttf */; };
		4D2B857F2BD9560F00A9C436 /* WorkSans-ExtraBold.ttf in Resources */ = {isa = PBXBuildFile; fileRef = 4D2B85672BD9560F00A9C436 /* WorkSans-ExtraBold.ttf */; };
		4D2B85802BD9560F00A9C436 /* WorkSans-ExtraBoldItalic.ttf in Resources */ = {isa = PBXBuildFile; fileRef = 4D2B85682BD9560F00A9C436 /* WorkSans-ExtraBoldItalic.ttf */; };
		4D2B85812BD9560F00A9C436 /* WorkSans-ExtraLight.ttf in Resources */ = {isa = PBXBuildFile; fileRef = 4D2B85692BD9560F00A9C436 /* WorkSans-ExtraLight.ttf */; };
		4D2B85822BD9560F00A9C436 /* WorkSans-ExtraLightItalic.ttf in Resources */ = {isa = PBXBuildFile; fileRef = 4D2B856A2BD9560F00A9C436 /* WorkSans-ExtraLightItalic.ttf */; };
		4D2B85832BD9560F00A9C436 /* WorkSans-Italic.ttf in Resources */ = {isa = PBXBuildFile; fileRef = 4D2B856B2BD9560F00A9C436 /* WorkSans-Italic.ttf */; };
		4D2B85842BD9560F00A9C436 /* WorkSans-Light.ttf in Resources */ = {isa = PBXBuildFile; fileRef = 4D2B856C2BD9560F00A9C436 /* WorkSans-Light.ttf */; };
		4D2B85852BD9560F00A9C436 /* WorkSans-LightItalic.ttf in Resources */ = {isa = PBXBuildFile; fileRef = 4D2B856D2BD9560F00A9C436 /* WorkSans-LightItalic.ttf */; };
		4D2B85862BD9560F00A9C436 /* WorkSans-Medium.ttf in Resources */ = {isa = PBXBuildFile; fileRef = 4D2B856E2BD9560F00A9C436 /* WorkSans-Medium.ttf */; };
		4D2B85872BD9560F00A9C436 /* WorkSans-MediumItalic.ttf in Resources */ = {isa = PBXBuildFile; fileRef = 4D2B856F2BD9560F00A9C436 /* WorkSans-MediumItalic.ttf */; };
		4D2B85882BD9560F00A9C436 /* WorkSans-Regular.ttf in Resources */ = {isa = PBXBuildFile; fileRef = 4D2B85702BD9560F00A9C436 /* WorkSans-Regular.ttf */; };
		4D2B85892BD9560F00A9C436 /* WorkSans-SemiBold.ttf in Resources */ = {isa = PBXBuildFile; fileRef = 4D2B85712BD9560F00A9C436 /* WorkSans-SemiBold.ttf */; };
		4D2B858A2BD9560F00A9C436 /* WorkSans-SemiBoldItalic.ttf in Resources */ = {isa = PBXBuildFile; fileRef = 4D2B85722BD9560F00A9C436 /* WorkSans-SemiBoldItalic.ttf */; };
		4D2B858B2BD9560F00A9C436 /* WorkSans-Thin.ttf in Resources */ = {isa = PBXBuildFile; fileRef = 4D2B85732BD9560F00A9C436 /* WorkSans-Thin.ttf */; };
		4D2B858C2BD9560F00A9C436 /* WorkSans-ThinItalic.ttf in Resources */ = {isa = PBXBuildFile; fileRef = 4D2B85742BD9560F00A9C436 /* WorkSans-ThinItalic.ttf */; };
		4D2B858D2BD9560F00A9C436 /* OFL.txt in Resources */ = {isa = PBXBuildFile; fileRef = 4D2B85762BD9560F00A9C436 /* OFL.txt */; };
		4D2B858E2BD9560F00A9C436 /* README.txt in Resources */ = {isa = PBXBuildFile; fileRef = 4D2B85772BD9560F00A9C436 /* README.txt */; };
		4D2B858F2BD9560F00A9C436 /* WorkSans-Italic-VariableFont_wght.ttf in Resources */ = {isa = PBXBuildFile; fileRef = 4D2B85782BD9560F00A9C436 /* WorkSans-Italic-VariableFont_wght.ttf */; };
		4D2B85902BD9560F00A9C436 /* WorkSans-VariableFont_wght.ttf in Resources */ = {isa = PBXBuildFile; fileRef = 4D2B85792BD9560F00A9C436 /* WorkSans-VariableFont_wght.ttf */; };
		4D2B85922BD9563800A9C436 /* CoolTextView.swift in Sources */ = {isa = PBXBuildFile; fileRef = 4D2B85912BD9563800A9C436 /* CoolTextView.swift */; };
		4D2B85942BD95B2400A9C436 /* ImageConstants.swift in Sources */ = {isa = PBXBuildFile; fileRef = 4D2B85932BD95B2400A9C436 /* ImageConstants.swift */; };
		4D2B85962BD9711200A9C436 /* EnableNotificationsView.swift in Sources */ = {isa = PBXBuildFile; fileRef = 4D2B85952BD9711200A9C436 /* EnableNotificationsView.swift */; };
		4D2B85982BD9734600A9C436 /* MainGradientView.swift in Sources */ = {isa = PBXBuildFile; fileRef = 4D2B85972BD9734600A9C436 /* MainGradientView.swift */; };
		4D2B859A2BD9745500A9C436 /* ScreenConstants.swift in Sources */ = {isa = PBXBuildFile; fileRef = 4D2B85992BD9745500A9C436 /* ScreenConstants.swift */; };
		4D2B859C2BD97CFD00A9C436 /* ButtonView.swift in Sources */ = {isa = PBXBuildFile; fileRef = 4D2B859B2BD97CFD00A9C436 /* ButtonView.swift */; };
		4D63C0752BD7DA58007B6F93 /* Color Constants.swift in Sources */ = {isa = PBXBuildFile; fileRef = 4D63C0742BD7DA58007B6F93 /* Color Constants.swift */; };
		4D63C0772BD7DCFB007B6F93 /* TimeOfDayIcon.swift in Sources */ = {isa = PBXBuildFile; fileRef = 4D63C0762BD7DCFB007B6F93 /* TimeOfDayIcon.swift */; };
		4D63C0792BD7DD92007B6F93 /* TimeAndDateSupport.swift in Sources */ = {isa = PBXBuildFile; fileRef = 4D63C0782BD7DD92007B6F93 /* TimeAndDateSupport.swift */; };
		4D63C07B2BD7F5F7007B6F93 /* TimeModel.swift in Sources */ = {isa = PBXBuildFile; fileRef = 4D63C07A2BD7F5F7007B6F93 /* TimeModel.swift */; };
		4D63C07D2BD816CD007B6F93 /* AlarmModel.swift in Sources */ = {isa = PBXBuildFile; fileRef = 4D63C07C2BD816CD007B6F93 /* AlarmModel.swift */; };
		4D63C07F2BD818F8007B6F93 /* ActivityConstants.swift in Sources */ = {isa = PBXBuildFile; fileRef = 4D63C07E2BD818F8007B6F93 /* ActivityConstants.swift */; };
		4D63C0812BD819FA007B6F93 /* SoundsConstants.swift in Sources */ = {isa = PBXBuildFile; fileRef = 4D63C0802BD819FA007B6F93 /* SoundsConstants.swift */; };
		4D7214A82BD6E56200C693BC /* AlarmApp.swift in Sources */ = {isa = PBXBuildFile; fileRef = 4D7214A72BD6E56200C693BC /* AlarmApp.swift */; };
		4D7214AA2BD6E56200C693BC /* MainAlarmView.swift in Sources */ = {isa = PBXBuildFile; fileRef = 4D7214A92BD6E56200C693BC /* MainAlarmView.swift */; };
		4D7214AC2BD6E56400C693BC /* Assets.xcassets in Resources */ = {isa = PBXBuildFile; fileRef = 4D7214AB2BD6E56400C693BC /* Assets.xcassets */; };
		4D7214AF2BD6E56400C693BC /* Preview Assets.xcassets in Resources */ = {isa = PBXBuildFile; fileRef = 4D7214AE2BD6E56400C693BC /* Preview Assets.xcassets */; };
		4D9B3D532BD6F1300092DEFC /* GrayedTextView.swift in Sources */ = {isa = PBXBuildFile; fileRef = 4D9B3D522BD6F1300092DEFC /* GrayedTextView.swift */; };
		4D9B3D562BD712530092DEFC /* Localizable.strings in Resources */ = {isa = PBXBuildFile; fileRef = 4D9B3D542BD712530092DEFC /* Localizable.strings */; };
		4DD4B8D62BDA7EEC005A7DA3 /* AboutView.swift in Sources */ = {isa = PBXBuildFile; fileRef = 4DD4B8D52BDA7EEC005A7DA3 /* AboutView.swift */; };
		4DD4B8D82BDA8CDA005A7DA3 /* AddEditAlarmView.swift in Sources */ = {isa = PBXBuildFile; fileRef = 4DD4B8D72BDA8CDA005A7DA3 /* AddEditAlarmView.swift */; };
		4DD4B8DA2BDA91DA005A7DA3 /* YouDidItView.swift in Sources */ = {isa = PBXBuildFile; fileRef = 4DD4B8D92BDA91DA005A7DA3 /* YouDidItView.swift */; };
/* End PBXBuildFile section */

/* Begin PBXFileReference section */
		4D2B855D2BD93C2000A9C436 /* SplashScreenView.swift */ = {isa = PBXFileReference; lastKnownFileType = sourcecode.swift; path = SplashScreenView.swift; sourceTree = "<group>"; };
		4D2B855F2BD940E100A9C436 /* FourCoolCirclesView.swift */ = {isa = PBXFileReference; lastKnownFileType = sourcecode.swift; path = FourCoolCirclesView.swift; sourceTree = "<group>"; };
		4D2B85612BD941BF00A9C436 /* CoolCircleView.swift */ = {isa = PBXFileReference; lastKnownFileType = sourcecode.swift; path = CoolCircleView.swift; sourceTree = "<group>"; };
		4D2B85632BD9560F00A9C436 /* WorkSans-Black.ttf */ = {isa = PBXFileReference; lastKnownFileType = file; path = "WorkSans-Black.ttf"; sourceTree = "<group>"; };
		4D2B85642BD9560F00A9C436 /* WorkSans-BlackItalic.ttf */ = {isa = PBXFileReference; lastKnownFileType = file; path = "WorkSans-BlackItalic.ttf"; sourceTree = "<group>"; };
		4D2B85652BD9560F00A9C436 /* WorkSans-Bold.ttf */ = {isa = PBXFileReference; lastKnownFileType = file; path = "WorkSans-Bold.ttf"; sourceTree = "<group>"; };
		4D2B85662BD9560F00A9C436 /* WorkSans-BoldItalic.ttf */ = {isa = PBXFileReference; lastKnownFileType = file; path = "WorkSans-BoldItalic.ttf"; sourceTree = "<group>"; };
		4D2B85672BD9560F00A9C436 /* WorkSans-ExtraBold.ttf */ = {isa = PBXFileReference; lastKnownFileType = file; path = "WorkSans-ExtraBold.ttf"; sourceTree = "<group>"; };
		4D2B85682BD9560F00A9C436 /* WorkSans-ExtraBoldItalic.ttf */ = {isa = PBXFileReference; lastKnownFileType = file; path = "WorkSans-ExtraBoldItalic.ttf"; sourceTree = "<group>"; };
		4D2B85692BD9560F00A9C436 /* WorkSans-ExtraLight.ttf */ = {isa = PBXFileReference; lastKnownFileType = file; path = "WorkSans-ExtraLight.ttf"; sourceTree = "<group>"; };
		4D2B856A2BD9560F00A9C436 /* WorkSans-ExtraLightItalic.ttf */ = {isa = PBXFileReference; lastKnownFileType = file; path = "WorkSans-ExtraLightItalic.ttf"; sourceTree = "<group>"; };
		4D2B856B2BD9560F00A9C436 /* WorkSans-Italic.ttf */ = {isa = PBXFileReference; lastKnownFileType = file; path = "WorkSans-Italic.ttf"; sourceTree = "<group>"; };
		4D2B856C2BD9560F00A9C436 /* WorkSans-Light.ttf */ = {isa = PBXFileReference; lastKnownFileType = file; path = "WorkSans-Light.ttf"; sourceTree = "<group>"; };
		4D2B856D2BD9560F00A9C436 /* WorkSans-LightItalic.ttf */ = {isa = PBXFileReference; lastKnownFileType = file; path = "WorkSans-LightItalic.ttf"; sourceTree = "<group>"; };
		4D2B856E2BD9560F00A9C436 /* WorkSans-Medium.ttf */ = {isa = PBXFileReference; lastKnownFileType = file; path = "WorkSans-Medium.ttf"; sourceTree = "<group>"; };
		4D2B856F2BD9560F00A9C436 /* WorkSans-MediumItalic.ttf */ = {isa = PBXFileReference; lastKnownFileType = file; path = "WorkSans-MediumItalic.ttf"; sourceTree = "<group>"; };
		4D2B85702BD9560F00A9C436 /* WorkSans-Regular.ttf */ = {isa = PBXFileReference; lastKnownFileType = file; path = "WorkSans-Regular.ttf"; sourceTree = "<group>"; };
		4D2B85712BD9560F00A9C436 /* WorkSans-SemiBold.ttf */ = {isa = PBXFileReference; lastKnownFileType = file; path = "WorkSans-SemiBold.ttf"; sourceTree = "<group>"; };
		4D2B85722BD9560F00A9C436 /* WorkSans-SemiBoldItalic.ttf */ = {isa = PBXFileReference; lastKnownFileType = file; path = "WorkSans-SemiBoldItalic.ttf"; sourceTree = "<group>"; };
		4D2B85732BD9560F00A9C436 /* WorkSans-Thin.ttf */ = {isa = PBXFileReference; lastKnownFileType = file; path = "WorkSans-Thin.ttf"; sourceTree = "<group>"; };
		4D2B85742BD9560F00A9C436 /* WorkSans-ThinItalic.ttf */ = {isa = PBXFileReference; lastKnownFileType = file; path = "WorkSans-ThinItalic.ttf"; sourceTree = "<group>"; };
		4D2B85762BD9560F00A9C436 /* OFL.txt */ = {isa = PBXFileReference; fileEncoding = 4; lastKnownFileType = text; path = OFL.txt; sourceTree = "<group>"; };
		4D2B85772BD9560F00A9C436 /* README.txt */ = {isa = PBXFileReference; fileEncoding = 4; lastKnownFileType = text; path = README.txt; sourceTree = "<group>"; };
		4D2B85782BD9560F00A9C436 /* WorkSans-Italic-VariableFont_wght.ttf */ = {isa = PBXFileReference; lastKnownFileType = file; path = "WorkSans-Italic-VariableFont_wght.ttf"; sourceTree = "<group>"; };
		4D2B85792BD9560F00A9C436 /* WorkSans-VariableFont_wght.ttf */ = {isa = PBXFileReference; lastKnownFileType = file; path = "WorkSans-VariableFont_wght.ttf"; sourceTree = "<group>"; };
		4D2B85912BD9563800A9C436 /* CoolTextView.swift */ = {isa = PBXFileReference; lastKnownFileType = sourcecode.swift; path = CoolTextView.swift; sourceTree = "<group>"; };
		4D2B85932BD95B2400A9C436 /* ImageConstants.swift */ = {isa = PBXFileReference; lastKnownFileType = sourcecode.swift; path = ImageConstants.swift; sourceTree = "<group>"; };
		4D2B85952BD9711200A9C436 /* EnableNotificationsView.swift */ = {isa = PBXFileReference; lastKnownFileType = sourcecode.swift; path = EnableNotificationsView.swift; sourceTree = "<group>"; };
		4D2B85972BD9734600A9C436 /* MainGradientView.swift */ = {isa = PBXFileReference; lastKnownFileType = sourcecode.swift; path = MainGradientView.swift; sourceTree = "<group>"; };
		4D2B85992BD9745500A9C436 /* ScreenConstants.swift */ = {isa = PBXFileReference; lastKnownFileType = sourcecode.swift; path = ScreenConstants.swift; sourceTree = "<group>"; };
		4D2B859B2BD97CFD00A9C436 /* ButtonView.swift */ = {isa = PBXFileReference; lastKnownFileType = sourcecode.swift; path = ButtonView.swift; sourceTree = "<group>"; };
		4D63C0742BD7DA58007B6F93 /* Color Constants.swift */ = {isa = PBXFileReference; fileEncoding = 4; lastKnownFileType = sourcecode.swift; path = "Color Constants.swift"; sourceTree = "<group>"; };
		4D63C0762BD7DCFB007B6F93 /* TimeOfDayIcon.swift */ = {isa = PBXFileReference; lastKnownFileType = sourcecode.swift; path = TimeOfDayIcon.swift; sourceTree = "<group>"; };
		4D63C0782BD7DD92007B6F93 /* TimeAndDateSupport.swift */ = {isa = PBXFileReference; lastKnownFileType = sourcecode.swift; path = TimeAndDateSupport.swift; sourceTree = "<group>"; };
		4D63C07A2BD7F5F7007B6F93 /* TimeModel.swift */ = {isa = PBXFileReference; lastKnownFileType = sourcecode.swift; path = TimeModel.swift; sourceTree = "<group>"; };
		4D63C07C2BD816CD007B6F93 /* AlarmModel.swift */ = {isa = PBXFileReference; lastKnownFileType = sourcecode.swift; path = AlarmModel.swift; sourceTree = "<group>"; };
		4D63C07E2BD818F8007B6F93 /* ActivityConstants.swift */ = {isa = PBXFileReference; lastKnownFileType = sourcecode.swift; path = ActivityConstants.swift; sourceTree = "<group>"; };
		4D63C0802BD819FA007B6F93 /* SoundsConstants.swift */ = {isa = PBXFileReference; lastKnownFileType = sourcecode.swift; path = SoundsConstants.swift; sourceTree = "<group>"; };
		4D7214A42BD6E56200C693BC /* Alarm.app */ = {isa = PBXFileReference; explicitFileType = wrapper.application; includeInIndex = 0; path = Alarm.app; sourceTree = BUILT_PRODUCTS_DIR; };
		4D7214A72BD6E56200C693BC /* AlarmApp.swift */ = {isa = PBXFileReference; lastKnownFileType = sourcecode.swift; path = AlarmApp.swift; sourceTree = "<group>"; };
		4D7214A92BD6E56200C693BC /* MainAlarmView.swift */ = {isa = PBXFileReference; lastKnownFileType = sourcecode.swift; path = MainAlarmView.swift; sourceTree = "<group>"; };
		4D7214AB2BD6E56400C693BC /* Assets.xcassets */ = {isa = PBXFileReference; lastKnownFileType = folder.assetcatalog; path = Assets.xcassets; sourceTree = "<group>"; };
		4D7214AE2BD6E56400C693BC /* Preview Assets.xcassets */ = {isa = PBXFileReference; lastKnownFileType = folder.assetcatalog; path = "Preview Assets.xcassets"; sourceTree = "<group>"; };
		4D9B3D522BD6F1300092DEFC /* GrayedTextView.swift */ = {isa = PBXFileReference; lastKnownFileType = sourcecode.swift; path = GrayedTextView.swift; sourceTree = "<group>"; };
		4D9B3D552BD712530092DEFC /* en */ = {isa = PBXFileReference; lastKnownFileType = text.plist.strings; name = en; path = en.lproj/Localizable.strings; sourceTree = "<group>"; };
		4D9B3D572BD712DE0092DEFC /* fr */ = {isa = PBXFileReference; lastKnownFileType = text.plist.strings; name = fr; path = fr.lproj/Localizable.strings; sourceTree = "<group>"; };
		4D9B3D582BD712DE0092DEFC /* it */ = {isa = PBXFileReference; lastKnownFileType = text.plist.strings; name = it; path = it.lproj/Localizable.strings; sourceTree = "<group>"; };
		4D9B3D592BD712DF0092DEFC /* pl */ = {isa = PBXFileReference; lastKnownFileType = text.plist.strings; name = pl; path = pl.lproj/Localizable.strings; sourceTree = "<group>"; };
		4D9B3D5A2BD712E00092DEFC /* es */ = {isa = PBXFileReference; lastKnownFileType = text.plist.strings; name = es; path = es.lproj/Localizable.strings; sourceTree = "<group>"; };
		4D9B3D5B2BD712E00092DEFC /* tr */ = {isa = PBXFileReference; lastKnownFileType = text.plist.strings; name = tr; path = tr.lproj/Localizable.strings; sourceTree = "<group>"; };
		4DD4B8D52BDA7EEC005A7DA3 /* AboutView.swift */ = {isa = PBXFileReference; lastKnownFileType = sourcecode.swift; path = AboutView.swift; sourceTree = "<group>"; };
		4DD4B8D72BDA8CDA005A7DA3 /* AddEditAlarmView.swift */ = {isa = PBXFileReference; lastKnownFileType = sourcecode.swift; path = AddEditAlarmView.swift; sourceTree = "<group>"; };
		4DD4B8D92BDA91DA005A7DA3 /* YouDidItView.swift */ = {isa = PBXFileReference; lastKnownFileType = sourcecode.swift; path = YouDidItView.swift; sourceTree = "<group>"; };
/* End PBXFileReference section */

/* Begin PBXFrameworksBuildPhase section */
		4D7214A12BD6E56200C693BC /* Frameworks */ = {
			isa = PBXFrameworksBuildPhase;
			buildActionMask = 2147483647;
			files = (
			);
			runOnlyForDeploymentPostprocessing = 0;
		};
/* End PBXFrameworksBuildPhase section */

/* Begin PBXGroup section */
		4D2B85752BD9560F00A9C436 /* static */ = {
			isa = PBXGroup;
			children = (
				4D2B85632BD9560F00A9C436 /* WorkSans-Black.ttf */,
				4D2B85642BD9560F00A9C436 /* WorkSans-BlackItalic.ttf */,
				4D2B85652BD9560F00A9C436 /* WorkSans-Bold.ttf */,
				4D2B85662BD9560F00A9C436 /* WorkSans-BoldItalic.ttf */,
				4D2B85672BD9560F00A9C436 /* WorkSans-ExtraBold.ttf */,
				4D2B85682BD9560F00A9C436 /* WorkSans-ExtraBoldItalic.ttf */,
				4D2B85692BD9560F00A9C436 /* WorkSans-ExtraLight.ttf */,
				4D2B856A2BD9560F00A9C436 /* WorkSans-ExtraLightItalic.ttf */,
				4D2B856B2BD9560F00A9C436 /* WorkSans-Italic.ttf */,
				4D2B856C2BD9560F00A9C436 /* WorkSans-Light.ttf */,
				4D2B856D2BD9560F00A9C436 /* WorkSans-LightItalic.ttf */,
				4D2B856E2BD9560F00A9C436 /* WorkSans-Medium.ttf */,
				4D2B856F2BD9560F00A9C436 /* WorkSans-MediumItalic.ttf */,
				4D2B85702BD9560F00A9C436 /* WorkSans-Regular.ttf */,
				4D2B85712BD9560F00A9C436 /* WorkSans-SemiBold.ttf */,
				4D2B85722BD9560F00A9C436 /* WorkSans-SemiBoldItalic.ttf */,
				4D2B85732BD9560F00A9C436 /* WorkSans-Thin.ttf */,
				4D2B85742BD9560F00A9C436 /* WorkSans-ThinItalic.ttf */,
			);
			path = static;
			sourceTree = "<group>";
		};
		4D2B857A2BD9560F00A9C436 /* Work_Sans */ = {
			isa = PBXGroup;
			children = (
				4D2B85752BD9560F00A9C436 /* static */,
				4D2B85762BD9560F00A9C436 /* OFL.txt */,
				4D2B85772BD9560F00A9C436 /* README.txt */,
				4D2B85782BD9560F00A9C436 /* WorkSans-Italic-VariableFont_wght.ttf */,
				4D2B85792BD9560F00A9C436 /* WorkSans-VariableFont_wght.ttf */,
			);
			path = Work_Sans;
			sourceTree = "<group>";
		};
		4D72149B2BD6E56200C693BC = {
			isa = PBXGroup;
			children = (
				4D7214A62BD6E56200C693BC /* Alarm */,
				4D7214A52BD6E56200C693BC /* Products */,
			);
			sourceTree = "<group>";
		};
		4D7214A52BD6E56200C693BC /* Products */ = {
			isa = PBXGroup;
			children = (
				4D7214A42BD6E56200C693BC /* Alarm.app */,
			);
			name = Products;
			sourceTree = "<group>";
		};
		4D7214A62BD6E56200C693BC /* Alarm */ = {
			isa = PBXGroup;
			children = (
				4D9B3D4D2BD6F0D60092DEFC /* Model */,
				4D9B3D4C2BD6F0CD0092DEFC /* View Models */,
				4D9B3D4B2BD6F0C50092DEFC /* Views */,
				4D9B3D4A2BD6F0BC0092DEFC /* Constants */,
				4D9B3D492BD6F0B60092DEFC /* Fonts */,
				4D9B3D482BD6F0AA0092DEFC /* Time and Date */,
				4D9B3D472BD6F0960092DEFC /* Local Notification */,
				4D9B3D462BD6F08F0092DEFC /* Sounds */,
				4D7214A72BD6E56200C693BC /* AlarmApp.swift */,
				4D7214A92BD6E56200C693BC /* MainAlarmView.swift */,
				4D9B3D542BD712530092DEFC /* Localizable.strings */,
				4D7214AB2BD6E56400C693BC /* Assets.xcassets */,
				4D7214AD2BD6E56400C693BC /* Preview Content */,
			);
			path = Alarm;
			sourceTree = "<group>";
		};
		4D7214AD2BD6E56400C693BC /* Preview Content */ = {
			isa = PBXGroup;
			children = (
				4D7214AE2BD6E56400C693BC /* Preview Assets.xcassets */,
			);
			path = "Preview Content";
			sourceTree = "<group>";
		};
		4D9B3D462BD6F08F0092DEFC /* Sounds */ = {
			isa = PBXGroup;
			children = (
				4D63C0802BD819FA007B6F93 /* SoundsConstants.swift */,
			);
			path = Sounds;
			sourceTree = "<group>";
		};
		4D9B3D472BD6F0960092DEFC /* Local Notification */ = {
			isa = PBXGroup;
			children = (
			);
			path = "Local Notification";
			sourceTree = "<group>";
		};
		4D9B3D482BD6F0AA0092DEFC /* Time and Date */ = {
			isa = PBXGroup;
			children = (
				4D63C0782BD7DD92007B6F93 /* TimeAndDateSupport.swift */,
			);
			path = "Time and Date";
			sourceTree = "<group>";
		};
		4D9B3D492BD6F0B60092DEFC /* Fonts */ = {
			isa = PBXGroup;
			children = (
				4D2B857A2BD9560F00A9C436 /* Work_Sans */,
			);
			path = Fonts;
			sourceTree = "<group>";
		};
		4D9B3D4A2BD6F0BC0092DEFC /* Constants */ = {
			isa = PBXGroup;
			children = (
				4D63C0742BD7DA58007B6F93 /* Color Constants.swift */,
				4D63C07E2BD818F8007B6F93 /* ActivityConstants.swift */,
				4D2B85932BD95B2400A9C436 /* ImageConstants.swift */,
				4D2B85992BD9745500A9C436 /* ScreenConstants.swift */,
			);
			path = Constants;
			sourceTree = "<group>";
		};
		4D9B3D4B2BD6F0C50092DEFC /* Views */ = {
			isa = PBXGroup;
			children = (
				4D9B3D512BD6F1070092DEFC /* Unused Views */,
				4D9B3D502BD6F0F80092DEFC /* Supporting Views */,
				4D9B3D4F2BD6F0F10092DEFC /* Subviews */,
				4D9B3D4E2BD6F0EA0092DEFC /* Main Views */,
			);
			path = Views;
			sourceTree = "<group>";
		};
		4D9B3D4C2BD6F0CD0092DEFC /* View Models */ = {
			isa = PBXGroup;
			children = (
			);
			path = "View Models";
			sourceTree = "<group>";
		};
		4D9B3D4D2BD6F0D60092DEFC /* Model */ = {
			isa = PBXGroup;
			children = (
				4D63C07A2BD7F5F7007B6F93 /* TimeModel.swift */,
				4D63C07C2BD816CD007B6F93 /* AlarmModel.swift */,
			);
			path = Model;
			sourceTree = "<group>";
		};
		4D9B3D4E2BD6F0EA0092DEFC /* Main Views */ = {
			isa = PBXGroup;
			children = (
				4D2B855D2BD93C2000A9C436 /* SplashScreenView.swift */,
				4DD4B8D52BDA7EEC005A7DA3 /* AboutView.swift */,
				4DD4B8D72BDA8CDA005A7DA3 /* AddEditAlarmView.swift */,
				4DD4B8D92BDA91DA005A7DA3 /* YouDidItView.swift */,
			);
			path = "Main Views";
			sourceTree = "<group>";
		};
		4D9B3D4F2BD6F0F10092DEFC /* Subviews */ = {
			isa = PBXGroup;
			children = (
				4D2B85952BD9711200A9C436 /* EnableNotificationsView.swift */,
			);
			path = Subviews;
			sourceTree = "<group>";
		};
		4D9B3D502BD6F0F80092DEFC /* Supporting Views */ = {
			isa = PBXGroup;
			children = (
				4D9B3D522BD6F1300092DEFC /* GrayedTextView.swift */,
				4D63C0762BD7DCFB007B6F93 /* TimeOfDayIcon.swift */,
				4D2B855F2BD940E100A9C436 /* FourCoolCirclesView.swift */,
				4D2B85612BD941BF00A9C436 /* CoolCircleView.swift */,
				4D2B85912BD9563800A9C436 /* CoolTextView.swift */,
				4D2B85972BD9734600A9C436 /* MainGradientView.swift */,
				4D2B859B2BD97CFD00A9C436 /* ButtonView.swift */,
			);
			path = "Supporting Views";
			sourceTree = "<group>";
		};
		4D9B3D512BD6F1070092DEFC /* Unused Views */ = {
			isa = PBXGroup;
			children = (
			);
			path = "Unused Views";
			sourceTree = "<group>";
		};
/* End PBXGroup section */

/* Begin PBXNativeTarget section */
		4D7214A32BD6E56200C693BC /* Alarm */ = {
			isa = PBXNativeTarget;
			buildConfigurationList = 4D7214B22BD6E56400C693BC /* Build configuration list for PBXNativeTarget "Alarm" */;
			buildPhases = (
				4D7214A02BD6E56200C693BC /* Sources */,
				4D7214A12BD6E56200C693BC /* Frameworks */,
				4D7214A22BD6E56200C693BC /* Resources */,
			);
			buildRules = (
			);
			dependencies = (
			);
			name = Alarm;
			productName = Alarm;
			productReference = 4D7214A42BD6E56200C693BC /* Alarm.app */;
			productType = "com.apple.product-type.application";
		};
/* End PBXNativeTarget section */

/* Begin PBXProject section */
		4D72149C2BD6E56200C693BC /* Project object */ = {
			isa = PBXProject;
			attributes = {
				BuildIndependentTargetsInParallel = 1;
				LastSwiftUpdateCheck = 1530;
				LastUpgradeCheck = 1530;
				TargetAttributes = {
					4D7214A32BD6E56200C693BC = {
						CreatedOnToolsVersion = 15.3;
					};
				};
			};
			buildConfigurationList = 4D72149F2BD6E56200C693BC /* Build configuration list for PBXProject "Alarm" */;
			compatibilityVersion = "Xcode 14.0";
			developmentRegion = en;
			hasScannedForEncodings = 0;
			knownRegions = (
				en,
				Base,
				pl,
				it,
				fr,
				es,
				tr,
			);
			mainGroup = 4D72149B2BD6E56200C693BC;
			productRefGroup = 4D7214A52BD6E56200C693BC /* Products */;
			projectDirPath = "";
			projectRoot = "";
			targets = (
				4D7214A32BD6E56200C693BC /* Alarm */,
			);
		};
/* End PBXProject section */

/* Begin PBXResourcesBuildPhase section */
		4D7214A22BD6E56200C693BC /* Resources */ = {
			isa = PBXResourcesBuildPhase;
			buildActionMask = 2147483647;
			files = (
				4D2B857E2BD9560F00A9C436 /* WorkSans-BoldItalic.ttf in Resources */,
				4D2B85872BD9560F00A9C436 /* WorkSans-MediumItalic.ttf in Resources */,
				4D2B85852BD9560F00A9C436 /* WorkSans-LightItalic.ttf in Resources */,
				4D2B857B2BD9560F00A9C436 /* WorkSans-Black.ttf in Resources */,
				4D2B85822BD9560F00A9C436 /* WorkSans-ExtraLightItalic.ttf in Resources */,
				4D2B857C2BD9560F00A9C436 /* WorkSans-BlackItalic.ttf in Resources */,
				4D2B858E2BD9560F00A9C436 /* README.txt in Resources */,
				4D2B858F2BD9560F00A9C436 /* WorkSans-Italic-VariableFont_wght.ttf in Resources */,
				4D7214AF2BD6E56400C693BC /* Preview Assets.xcassets in Resources */,
				4D2B857F2BD9560F00A9C436 /* WorkSans-ExtraBold.ttf in Resources */,
				4D2B858C2BD9560F00A9C436 /* WorkSans-ThinItalic.ttf in Resources */,
				4D9B3D562BD712530092DEFC /* Localizable.strings in Resources */,
				4D2B858A2BD9560F00A9C436 /* WorkSans-SemiBoldItalic.ttf in Resources */,
				4D2B85902BD9560F00A9C436 /* WorkSans-VariableFont_wght.ttf in Resources */,
				4D2B85812BD9560F00A9C436 /* WorkSans-ExtraLight.ttf in Resources */,
				4D2B858D2BD9560F00A9C436 /* OFL.txt in Resources */,
				4D2B85802BD9560F00A9C436 /* WorkSans-ExtraBoldItalic.ttf in Resources */,
				4D7214AC2BD6E56400C693BC /* Assets.xcassets in Resources */,
				4D2B858B2BD9560F00A9C436 /* WorkSans-Thin.ttf in Resources */,
				4D2B85832BD9560F00A9C436 /* WorkSans-Italic.ttf in Resources */,
				4D2B85842BD9560F00A9C436 /* WorkSans-Light.ttf in Resources */,
				4D2B85862BD9560F00A9C436 /* WorkSans-Medium.ttf in Resources */,
				4D2B85892BD9560F00A9C436 /* WorkSans-SemiBold.ttf in Resources */,
				4D2B85882BD9560F00A9C436 /* WorkSans-Regular.ttf in Resources */,
				4D2B857D2BD9560F00A9C436 /* WorkSans-Bold.ttf in Resources */,
			);
			runOnlyForDeploymentPostprocessing = 0;
		};
/* End PBXResourcesBuildPhase section */

/* Begin PBXSourcesBuildPhase section */
		4D7214A02BD6E56200C693BC /* Sources */ = {
			isa = PBXSourcesBuildPhase;
			buildActionMask = 2147483647;
			files = (
				4D63C0752BD7DA58007B6F93 /* Color Constants.swift in Sources */,
				4D2B859A2BD9745500A9C436 /* ScreenConstants.swift in Sources */,
				4D63C0812BD819FA007B6F93 /* SoundsConstants.swift in Sources */,
				4DD4B8DA2BDA91DA005A7DA3 /* YouDidItView.swift in Sources */,
				4D2B85982BD9734600A9C436 /* MainGradientView.swift in Sources */,
				4DD4B8D62BDA7EEC005A7DA3 /* AboutView.swift in Sources */,
				4D63C07D2BD816CD007B6F93 /* AlarmModel.swift in Sources */,
				4D7214AA2BD6E56200C693BC /* MainAlarmView.swift in Sources */,
				4DD4B8D82BDA8CDA005A7DA3 /* AddEditAlarmView.swift in Sources */,
				4D2B85962BD9711200A9C436 /* EnableNotificationsView.swift in Sources */,
				4D2B855E2BD93C2000A9C436 /* SplashScreenView.swift in Sources */,
				4D63C0792BD7DD92007B6F93 /* TimeAndDateSupport.swift in Sources */,
				4D2B85922BD9563800A9C436 /* CoolTextView.swift in Sources */,
				4D2B85942BD95B2400A9C436 /* ImageConstants.swift in Sources */,
				4D63C07F2BD818F8007B6F93 /* ActivityConstants.swift in Sources */,
				4D63C07B2BD7F5F7007B6F93 /* TimeModel.swift in Sources */,
				4D7214A82BD6E56200C693BC /* AlarmApp.swift in Sources */,
				4D2B85622BD941BF00A9C436 /* CoolCircleView.swift in Sources */,
				4D2B85602BD940E100A9C436 /* FourCoolCirclesView.swift in Sources */,
				4D2B859C2BD97CFD00A9C436 /* ButtonView.swift in Sources */,
				4D9B3D532BD6F1300092DEFC /* GrayedTextView.swift in Sources */,
				4D63C0772BD7DCFB007B6F93 /* TimeOfDayIcon.swift in Sources */,
			);
			runOnlyForDeploymentPostprocessing = 0;
		};
/* End PBXSourcesBuildPhase section */

/* Begin PBXVariantGroup section */
		4D9B3D542BD712530092DEFC /* Localizable.strings */ = {
			isa = PBXVariantGroup;
			children = (
				4D9B3D552BD712530092DEFC /* en */,
				4D9B3D572BD712DE0092DEFC /* fr */,
				4D9B3D582BD712DE0092DEFC /* it */,
				4D9B3D592BD712DF0092DEFC /* pl */,
				4D9B3D5A2BD712E00092DEFC /* es */,
				4D9B3D5B2BD712E00092DEFC /* tr */,
			);
			name = Localizable.strings;
			sourceTree = "<group>";
		};
/* End PBXVariantGroup section */

/* Begin XCBuildConfiguration section */
		4D7214B02BD6E56400C693BC /* Debug */ = {
			isa = XCBuildConfiguration;
			buildSettings = {
				ALWAYS_SEARCH_USER_PATHS = NO;
				ASSETCATALOG_COMPILER_GENERATE_SWIFT_ASSET_SYMBOL_EXTENSIONS = YES;
				CLANG_ANALYZER_NONNULL = YES;
				CLANG_ANALYZER_NUMBER_OBJECT_CONVERSION = YES_AGGRESSIVE;
				CLANG_CXX_LANGUAGE_STANDARD = "gnu++20";
				CLANG_ENABLE_MODULES = YES;
				CLANG_ENABLE_OBJC_ARC = YES;
				CLANG_ENABLE_OBJC_WEAK = YES;
				CLANG_WARN_BLOCK_CAPTURE_AUTORELEASING = YES;
				CLANG_WARN_BOOL_CONVERSION = YES;
				CLANG_WARN_COMMA = YES;
				CLANG_WARN_CONSTANT_CONVERSION = YES;
				CLANG_WARN_DEPRECATED_OBJC_IMPLEMENTATIONS = YES;
				CLANG_WARN_DIRECT_OBJC_ISA_USAGE = YES_ERROR;
				CLANG_WARN_DOCUMENTATION_COMMENTS = YES;
				CLANG_WARN_EMPTY_BODY = YES;
				CLANG_WARN_ENUM_CONVERSION = YES;
				CLANG_WARN_INFINITE_RECURSION = YES;
				CLANG_WARN_INT_CONVERSION = YES;
				CLANG_WARN_NON_LITERAL_NULL_CONVERSION = YES;
				CLANG_WARN_OBJC_IMPLICIT_RETAIN_SELF = YES;
				CLANG_WARN_OBJC_LITERAL_CONVERSION = YES;
				CLANG_WARN_OBJC_ROOT_CLASS = YES_ERROR;
				CLANG_WARN_QUOTED_INCLUDE_IN_FRAMEWORK_HEADER = YES;
				CLANG_WARN_RANGE_LOOP_ANALYSIS = YES;
				CLANG_WARN_STRICT_PROTOTYPES = YES;
				CLANG_WARN_SUSPICIOUS_MOVE = YES;
				CLANG_WARN_UNGUARDED_AVAILABILITY = YES_AGGRESSIVE;
				CLANG_WARN_UNREACHABLE_CODE = YES;
				CLANG_WARN__DUPLICATE_METHOD_MATCH = YES;
				COPY_PHASE_STRIP = NO;
				DEBUG_INFORMATION_FORMAT = dwarf;
				ENABLE_STRICT_OBJC_MSGSEND = YES;
				ENABLE_TESTABILITY = YES;
				ENABLE_USER_SCRIPT_SANDBOXING = YES;
				GCC_C_LANGUAGE_STANDARD = gnu17;
				GCC_DYNAMIC_NO_PIC = NO;
				GCC_NO_COMMON_BLOCKS = YES;
				GCC_OPTIMIZATION_LEVEL = 0;
				GCC_PREPROCESSOR_DEFINITIONS = (
					"DEBUG=1",
					"$(inherited)",
				);
				GCC_WARN_64_TO_32_BIT_CONVERSION = YES;
				GCC_WARN_ABOUT_RETURN_TYPE = YES_ERROR;
				GCC_WARN_UNDECLARED_SELECTOR = YES;
				GCC_WARN_UNINITIALIZED_AUTOS = YES_AGGRESSIVE;
				GCC_WARN_UNUSED_FUNCTION = YES;
				GCC_WARN_UNUSED_VARIABLE = YES;
				IPHONEOS_DEPLOYMENT_TARGET = 17.4;
				LOCALIZATION_PREFERS_STRING_CATALOGS = YES;
				MTL_ENABLE_DEBUG_INFO = INCLUDE_SOURCE;
				MTL_FAST_MATH = YES;
				ONLY_ACTIVE_ARCH = YES;
				SDKROOT = iphoneos;
				SWIFT_ACTIVE_COMPILATION_CONDITIONS = "DEBUG $(inherited)";
				SWIFT_OPTIMIZATION_LEVEL = "-Onone";
			};
			name = Debug;
		};
		4D7214B12BD6E56400C693BC /* Release */ = {
			isa = XCBuildConfiguration;
			buildSettings = {
				ALWAYS_SEARCH_USER_PATHS = NO;
				ASSETCATALOG_COMPILER_GENERATE_SWIFT_ASSET_SYMBOL_EXTENSIONS = YES;
				CLANG_ANALYZER_NONNULL = YES;
				CLANG_ANALYZER_NUMBER_OBJECT_CONVERSION = YES_AGGRESSIVE;
				CLANG_CXX_LANGUAGE_STANDARD = "gnu++20";
				CLANG_ENABLE_MODULES = YES;
				CLANG_ENABLE_OBJC_ARC = YES;
				CLANG_ENABLE_OBJC_WEAK = YES;
				CLANG_WARN_BLOCK_CAPTURE_AUTORELEASING = YES;
				CLANG_WARN_BOOL_CONVERSION = YES;
				CLANG_WARN_COMMA = YES;
				CLANG_WARN_CONSTANT_CONVERSION = YES;
				CLANG_WARN_DEPRECATED_OBJC_IMPLEMENTATIONS = YES;
				CLANG_WARN_DIRECT_OBJC_ISA_USAGE = YES_ERROR;
				CLANG_WARN_DOCUMENTATION_COMMENTS = YES;
				CLANG_WARN_EMPTY_BODY = YES;
				CLANG_WARN_ENUM_CONVERSION = YES;
				CLANG_WARN_INFINITE_RECURSION = YES;
				CLANG_WARN_INT_CONVERSION = YES;
				CLANG_WARN_NON_LITERAL_NULL_CONVERSION = YES;
				CLANG_WARN_OBJC_IMPLICIT_RETAIN_SELF = YES;
				CLANG_WARN_OBJC_LITERAL_CONVERSION = YES;
				CLANG_WARN_OBJC_ROOT_CLASS = YES_ERROR;
				CLANG_WARN_QUOTED_INCLUDE_IN_FRAMEWORK_HEADER = YES;
				CLANG_WARN_RANGE_LOOP_ANALYSIS = YES;
				CLANG_WARN_STRICT_PROTOTYPES = YES;
				CLANG_WARN_SUSPICIOUS_MOVE = YES;
				CLANG_WARN_UNGUARDED_AVAILABILITY = YES_AGGRESSIVE;
				CLANG_WARN_UNREACHABLE_CODE = YES;
				CLANG_WARN__DUPLICATE_METHOD_MATCH = YES;
				COPY_PHASE_STRIP = NO;
				DEBUG_INFORMATION_FORMAT = "dwarf-with-dsym";
				ENABLE_NS_ASSERTIONS = NO;
				ENABLE_STRICT_OBJC_MSGSEND = YES;
				ENABLE_USER_SCRIPT_SANDBOXING = YES;
				GCC_C_LANGUAGE_STANDARD = gnu17;
				GCC_NO_COMMON_BLOCKS = YES;
				GCC_WARN_64_TO_32_BIT_CONVERSION = YES;
				GCC_WARN_ABOUT_RETURN_TYPE = YES_ERROR;
				GCC_WARN_UNDECLARED_SELECTOR = YES;
				GCC_WARN_UNINITIALIZED_AUTOS = YES_AGGRESSIVE;
				GCC_WARN_UNUSED_FUNCTION = YES;
				GCC_WARN_UNUSED_VARIABLE = YES;
				IPHONEOS_DEPLOYMENT_TARGET = 17.4;
				LOCALIZATION_PREFERS_STRING_CATALOGS = YES;
				MTL_ENABLE_DEBUG_INFO = NO;
				MTL_FAST_MATH = YES;
				SDKROOT = iphoneos;
				SWIFT_COMPILATION_MODE = wholemodule;
				VALIDATE_PRODUCT = YES;
			};
			name = Release;
		};
		4D7214B32BD6E56400C693BC /* Debug */ = {
			isa = XCBuildConfiguration;
			buildSettings = {
				ASSETCATALOG_COMPILER_APPICON_NAME = AppIcon;
				ASSETCATALOG_COMPILER_GLOBAL_ACCENT_COLOR_NAME = AccentColor;
				CODE_SIGN_STYLE = Automatic;
				CURRENT_PROJECT_VERSION = 1;
				DEVELOPMENT_ASSET_PATHS = "\"Alarm/Preview Content\"";
				DEVELOPMENT_TEAM = 56F54J4H3N;
				ENABLE_PREVIEWS = YES;
				GENERATE_INFOPLIST_FILE = YES;
				INFOPLIST_KEY_UIApplicationSceneManifest_Generation = YES;
				INFOPLIST_KEY_UIApplicationSupportsIndirectInputEvents = YES;
				INFOPLIST_KEY_UILaunchScreen_Generation = YES;
				INFOPLIST_KEY_UISupportedInterfaceOrientations_iPad = "UIInterfaceOrientationPortrait UIInterfaceOrientationPortraitUpsideDown UIInterfaceOrientationLandscapeLeft UIInterfaceOrientationLandscapeRight";
				INFOPLIST_KEY_UISupportedInterfaceOrientations_iPhone = "UIInterfaceOrientationPortrait UIInterfaceOrientationLandscapeLeft UIInterfaceOrientationLandscapeRight";
				LD_RUNPATH_SEARCH_PATHS = (
					"$(inherited)",
					"@executable_path/Frameworks",
				);
				MARKETING_VERSION = 1.0;
				PRODUCT_BUNDLE_IDENTIFIER = mobilesoftwareservices.Alarm;
				PRODUCT_NAME = "$(TARGET_NAME)";
				SWIFT_EMIT_LOC_STRINGS = YES;
				SWIFT_VERSION = 5.0;
				TARGETED_DEVICE_FAMILY = "1,2";
			};
			name = Debug;
		};
		4D7214B42BD6E56400C693BC /* Release */ = {
			isa = XCBuildConfiguration;
			buildSettings = {
				ASSETCATALOG_COMPILER_APPICON_NAME = AppIcon;
				ASSETCATALOG_COMPILER_GLOBAL_ACCENT_COLOR_NAME = AccentColor;
				CODE_SIGN_STYLE = Automatic;
				CURRENT_PROJECT_VERSION = 1;
				DEVELOPMENT_ASSET_PATHS = "\"Alarm/Preview Content\"";
				DEVELOPMENT_TEAM = 56F54J4H3N;
				ENABLE_PREVIEWS = YES;
				GENERATE_INFOPLIST_FILE = YES;
				INFOPLIST_KEY_UIApplicationSceneManifest_Generation = YES;
				INFOPLIST_KEY_UIApplicationSupportsIndirectInputEvents = YES;
				INFOPLIST_KEY_UILaunchScreen_Generation = YES;
				INFOPLIST_KEY_UISupportedInterfaceOrientations_iPad = "UIInterfaceOrientationPortrait UIInterfaceOrientationPortraitUpsideDown UIInterfaceOrientationLandscapeLeft UIInterfaceOrientationLandscapeRight";
				INFOPLIST_KEY_UISupportedInterfaceOrientations_iPhone = "UIInterfaceOrientationPortrait UIInterfaceOrientationLandscapeLeft UIInterfaceOrientationLandscapeRight";
				LD_RUNPATH_SEARCH_PATHS = (
					"$(inherited)",
					"@executable_path/Frameworks",
				);
				MARKETING_VERSION = 1.0;
				PRODUCT_BUNDLE_IDENTIFIER = mobilesoftwareservices.Alarm;
				PRODUCT_NAME = "$(TARGET_NAME)";
				SWIFT_EMIT_LOC_STRINGS = YES;
				SWIFT_VERSION = 5.0;
				TARGETED_DEVICE_FAMILY = "1,2";
			};
			name = Release;
		};
/* End XCBuildConfiguration section */

/* Begin XCConfigurationList section */
		4D72149F2BD6E56200C693BC /* Build configuration list for PBXProject "Alarm" */ = {
			isa = XCConfigurationList;
			buildConfigurations = (
				4D7214B02BD6E56400C693BC /* Debug */,
				4D7214B12BD6E56400C693BC /* Release */,
			);
			defaultConfigurationIsVisible = 0;
			defaultConfigurationName = Release;
		};
		4D7214B22BD6E56400C693BC /* Build configuration list for PBXNativeTarget "Alarm" */ = {
			isa = XCConfigurationList;
			buildConfigurations = (
				4D7214B32BD6E56400C693BC /* Debug */,
				4D7214B42BD6E56400C693BC /* Release */,
			);
			defaultConfigurationIsVisible = 0;
			defaultConfigurationName = Release;
		};
/* End XCConfigurationList section */
	};
	rootObject = 4D72149C2BD6E56200C693BC /* Project object */;
}
