// !$*UTF8*$!
{
	archiveVersion = 1;
	classes = {
	};
	objectVersion = 56;
	objects = {

/* Begin PBXBuildFile section */
		4D40D5DF2B58126A00B561CB /* UsersStaticData.json in Resources */ = {isa = PBXBuildFile; fileRef = 4D40D5DE2B58126A00B561CB /* UsersStaticData.json */; };
		4D40D5E12B5812CA00B561CB /* SingleUserData.json in Resources */ = {isa = PBXBuildFile; fileRef = 4D40D5E02B5812CA00B561CB /* SingleUserData.json */; };
		4D40D5E32B5818A300B561CB /* UserDetailReponse.swift in Sources */ = {isa = PBXBuildFile; fileRef = 4D40D5E22B5818A300B561CB /* UserDetailReponse.swift */; };
		4D40D5E52B58196400B561CB /* UsersResponse.swift in Sources */ = {isa = PBXBuildFile; fileRef = 4D40D5E42B58196400B561CB /* UsersResponse.swift */; };
		4DAC26992B56B03F000A4EC9 /* iOSTHProjectApp.swift in Sources */ = {isa = PBXBuildFile; fileRef = 4DAC26982B56B03F000A4EC9 /* iOSTHProjectApp.swift */; };
		4DAC269B2B56B03F000A4EC9 /* ContentView.swift in Sources */ = {isa = PBXBuildFile; fileRef = 4DAC269A2B56B03F000A4EC9 /* ContentView.swift */; };
		4DAC269D2B56B042000A4EC9 /* Assets.xcassets in Resources */ = {isa = PBXBuildFile; fileRef = 4DAC269C2B56B042000A4EC9 /* Assets.xcassets */; };
		4DAC26A02B56B042000A4EC9 /* Preview Assets.xcassets in Resources */ = {isa = PBXBuildFile; fileRef = 4DAC269F2B56B042000A4EC9 /* Preview Assets.xcassets */; };
		4DAC26A82B56B1EC000A4EC9 /* Symbols.swift in Sources */ = {isa = PBXBuildFile; fileRef = 4DAC26A72B56B1EC000A4EC9 /* Symbols.swift */; };
		4DAC26AA2B56B72E000A4EC9 /* Theme.swift in Sources */ = {isa = PBXBuildFile; fileRef = 4DAC26A92B56B72E000A4EC9 /* Theme.swift */; };
/* End PBXBuildFile section */

/* Begin PBXFileReference section */
		4D40D5DE2B58126A00B561CB /* UsersStaticData.json */ = {isa = PBXFileReference; lastKnownFileType = text.json; path = UsersStaticData.json; sourceTree = "<group>"; };
		4D40D5E02B5812CA00B561CB /* SingleUserData.json */ = {isa = PBXFileReference; lastKnownFileType = text.json; path = SingleUserData.json; sourceTree = "<group>"; };
		4D40D5E22B5818A300B561CB /* UserDetailReponse.swift */ = {isa = PBXFileReference; lastKnownFileType = sourcecode.swift; path = UserDetailReponse.swift; sourceTree = "<group>"; };
		4D40D5E42B58196400B561CB /* UsersResponse.swift */ = {isa = PBXFileReference; lastKnownFileType = sourcecode.swift; path = UsersResponse.swift; sourceTree = "<group>"; };
		4DAC26952B56B03F000A4EC9 /* iOSTHProject.app */ = {isa = PBXFileReference; explicitFileType = wrapper.application; includeInIndex = 0; path = iOSTHProject.app; sourceTree = BUILT_PRODUCTS_DIR; };
		4DAC26982B56B03F000A4EC9 /* iOSTHProjectApp.swift */ = {isa = PBXFileReference; lastKnownFileType = sourcecode.swift; path = iOSTHProjectApp.swift; sourceTree = "<group>"; };
		4DAC269A2B56B03F000A4EC9 /* ContentView.swift */ = {isa = PBXFileReference; lastKnownFileType = sourcecode.swift; path = ContentView.swift; sourceTree = "<group>"; };
		4DAC269C2B56B042000A4EC9 /* Assets.xcassets */ = {isa = PBXFileReference; lastKnownFileType = folder.assetcatalog; path = Assets.xcassets; sourceTree = "<group>"; };
		4DAC269F2B56B042000A4EC9 /* Preview Assets.xcassets */ = {isa = PBXFileReference; lastKnownFileType = folder.assetcatalog; path = "Preview Assets.xcassets"; sourceTree = "<group>"; };
		4DAC26A72B56B1EC000A4EC9 /* Symbols.swift */ = {isa = PBXFileReference; lastKnownFileType = sourcecode.swift; path = Symbols.swift; sourceTree = "<group>"; };
		4DAC26A92B56B72E000A4EC9 /* Theme.swift */ = {isa = PBXFileReference; lastKnownFileType = sourcecode.swift; path = Theme.swift; sourceTree = "<group>"; };
		4DAC26BA2B56C07D000A4EC9 /* Info.plist */ = {isa = PBXFileReference; lastKnownFileType = text.plist; path = Info.plist; sourceTree = "<group>"; };
/* End PBXFileReference section */

/* Begin PBXFrameworksBuildPhase section */
		4DAC26922B56B03F000A4EC9 /* Frameworks */ = {
			isa = PBXFrameworksBuildPhase;
			buildActionMask = 2147483647;
			files = (
			);
			runOnlyForDeploymentPostprocessing = 0;
		};
/* End PBXFrameworksBuildPhase section */

/* Begin PBXGroup section */
		4D40D5DD2B58123500B561CB /* JSON */ = {
			isa = PBXGroup;
			children = (
				4D40D5DE2B58126A00B561CB /* UsersStaticData.json */,
				4D40D5E02B5812CA00B561CB /* SingleUserData.json */,
			);
			path = JSON;
			sourceTree = "<group>";
		};
		4DAC268C2B56B03F000A4EC9 = {
			isa = PBXGroup;
			children = (
				4DAC26972B56B03F000A4EC9 /* iOSTHProject */,
				4DAC26962B56B03F000A4EC9 /* Products */,
			);
			sourceTree = "<group>";
		};
		4DAC26962B56B03F000A4EC9 /* Products */ = {
			isa = PBXGroup;
			children = (
				4DAC26952B56B03F000A4EC9 /* iOSTHProject.app */,
			);
			name = Products;
			sourceTree = "<group>";
		};
		4DAC26972B56B03F000A4EC9 /* iOSTHProject */ = {
			isa = PBXGroup;
			children = (
				4DAC26BA2B56C07D000A4EC9 /* Info.plist */,
				4DAC26AB2B56B8C4000A4EC9 /* Features */,
				4DAC26A62B56B0B6000A4EC9 /* Resources */,
				4DAC26982B56B03F000A4EC9 /* iOSTHProjectApp.swift */,
				4DAC269A2B56B03F000A4EC9 /* ContentView.swift */,
				4DAC269C2B56B042000A4EC9 /* Assets.xcassets */,
				4DAC269E2B56B042000A4EC9 /* Preview Content */,
			);
			path = iOSTHProject;
			sourceTree = "<group>";
		};
		4DAC269E2B56B042000A4EC9 /* Preview Content */ = {
			isa = PBXGroup;
			children = (
				4DAC269F2B56B042000A4EC9 /* Preview Assets.xcassets */,
			);
			path = "Preview Content";
			sourceTree = "<group>";
		};
		4DAC26A62B56B0B6000A4EC9 /* Resources */ = {
			isa = PBXGroup;
			children = (
				4D40D5DD2B58123500B561CB /* JSON */,
				4DAC26A72B56B1EC000A4EC9 /* Symbols.swift */,
				4DAC26A92B56B72E000A4EC9 /* Theme.swift */,
			);
			path = Resources;
			sourceTree = "<group>";
		};
		4DAC26AB2B56B8C4000A4EC9 /* Features */ = {
			isa = PBXGroup;
			children = (
				4DAC26AC2B56B8D0000A4EC9 /* People */,
				4DAC26AD2B56B8D6000A4EC9 /* Create */,
				4DAC26AE2B56B8E1000A4EC9 /* Detail */,
				4DAC26AF2B56B8E9000A4EC9 /* Settings */,
			);
			path = Features;
			sourceTree = "<group>";
		};
		4DAC26AC2B56B8D0000A4EC9 /* People */ = {
			isa = PBXGroup;
			children = (
				4DAC26B02B56B923000A4EC9 /* Views */,
				4DAC26B12B56B92C000A4EC9 /* Models */,
				4DAC26B22B56B931000A4EC9 /* ViewModels */,
			);
			path = People;
			sourceTree = "<group>";
		};
		4DAC26AD2B56B8D6000A4EC9 /* Create */ = {
			isa = PBXGroup;
			children = (
				4DAC26B52B56B95C000A4EC9 /* Views */,
				4DAC26B42B56B955000A4EC9 /* Models */,
				4DAC26B32B56B948000A4EC9 /* ViewModels */,
			);
			path = Create;
			sourceTree = "<group>";
		};
		4DAC26AE2B56B8E1000A4EC9 /* Detail */ = {
			isa = PBXGroup;
			children = (
				4DAC26B82B56B96F000A4EC9 /* Views */,
				4DAC26B72B56B96B000A4EC9 /* Models */,
				4DAC26B62B56B963000A4EC9 /* ViewModels */,
			);
			path = Detail;
			sourceTree = "<group>";
		};
		4DAC26AF2B56B8E9000A4EC9 /* Settings */ = {
			isa = PBXGroup;
			children = (
				4DAC26B92B56B977000A4EC9 /* Views */,
			);
			path = Settings;
			sourceTree = "<group>";
		};
		4DAC26B02B56B923000A4EC9 /* Views */ = {
			isa = PBXGroup;
			children = (
			);
			path = Views;
			sourceTree = "<group>";
		};
		4DAC26B12B56B92C000A4EC9 /* Models */ = {
			isa = PBXGroup;
			children = (
				4D40D5E42B58196400B561CB /* UsersResponse.swift */,
			);
			path = Models;
			sourceTree = "<group>";
		};
		4DAC26B22B56B931000A4EC9 /* ViewModels */ = {
			isa = PBXGroup;
			children = (
			);
			path = ViewModels;
			sourceTree = "<group>";
		};
		4DAC26B32B56B948000A4EC9 /* ViewModels */ = {
			isa = PBXGroup;
			children = (
			);
			path = ViewModels;
			sourceTree = "<group>";
		};
		4DAC26B42B56B955000A4EC9 /* Models */ = {
			isa = PBXGroup;
			children = (
			);
			path = Models;
			sourceTree = "<group>";
		};
		4DAC26B52B56B95C000A4EC9 /* Views */ = {
			isa = PBXGroup;
			children = (
			);
			path = Views;
			sourceTree = "<group>";
		};
		4DAC26B62B56B963000A4EC9 /* ViewModels */ = {
			isa = PBXGroup;
			children = (
			);
			path = ViewModels;
			sourceTree = "<group>";
		};
		4DAC26B72B56B96B000A4EC9 /* Models */ = {
			isa = PBXGroup;
			children = (
				4D40D5E22B5818A300B561CB /* UserDetailReponse.swift */,
			);
			path = Models;
			sourceTree = "<group>";
		};
		4DAC26B82B56B96F000A4EC9 /* Views */ = {
			isa = PBXGroup;
			children = (
			);
			path = Views;
			sourceTree = "<group>";
		};
		4DAC26B92B56B977000A4EC9 /* Views */ = {
			isa = PBXGroup;
			children = (
			);
			path = Views;
			sourceTree = "<group>";
		};
/* End PBXGroup section */

/* Begin PBXNativeTarget section */
		4DAC26942B56B03F000A4EC9 /* iOSTHProject */ = {
			isa = PBXNativeTarget;
			buildConfigurationList = 4DAC26A32B56B042000A4EC9 /* Build configuration list for PBXNativeTarget "iOSTHProject" */;
			buildPhases = (
				4DAC26912B56B03F000A4EC9 /* Sources */,
				4DAC26922B56B03F000A4EC9 /* Frameworks */,
				4DAC26932B56B03F000A4EC9 /* Resources */,
			);
			buildRules = (
			);
			dependencies = (
			);
			name = iOSTHProject;
			productName = iOSTHProject;
			productReference = 4DAC26952B56B03F000A4EC9 /* iOSTHProject.app */;
			productType = "com.apple.product-type.application";
		};
/* End PBXNativeTarget section */

/* Begin PBXProject section */
		4DAC268D2B56B03F000A4EC9 /* Project object */ = {
			isa = PBXProject;
			attributes = {
				BuildIndependentTargetsInParallel = 1;
				LastSwiftUpdateCheck = 1520;
				LastUpgradeCheck = 1520;
				TargetAttributes = {
					4DAC26942B56B03F000A4EC9 = {
						CreatedOnToolsVersion = 15.2;
					};
				};
			};
			buildConfigurationList = 4DAC26902B56B03F000A4EC9 /* Build configuration list for PBXProject "iOSTHProject" */;
			compatibilityVersion = "Xcode 14.0";
			developmentRegion = en;
			hasScannedForEncodings = 0;
			knownRegions = (
				en,
				Base,
			);
			mainGroup = 4DAC268C2B56B03F000A4EC9;
			productRefGroup = 4DAC26962B56B03F000A4EC9 /* Products */;
			projectDirPath = "";
			projectRoot = "";
			targets = (
				4DAC26942B56B03F000A4EC9 /* iOSTHProject */,
			);
		};
/* End PBXProject section */

/* Begin PBXResourcesBuildPhase section */
		4DAC26932B56B03F000A4EC9 /* Resources */ = {
			isa = PBXResourcesBuildPhase;
			buildActionMask = 2147483647;
			files = (
				4DAC26A02B56B042000A4EC9 /* Preview Assets.xcassets in Resources */,
				4DAC269D2B56B042000A4EC9 /* Assets.xcassets in Resources */,
				4D40D5E12B5812CA00B561CB /* SingleUserData.json in Resources */,
				4D40D5DF2B58126A00B561CB /* UsersStaticData.json in Resources */,
			);
			runOnlyForDeploymentPostprocessing = 0;
		};
/* End PBXResourcesBuildPhase section */

/* Begin PBXSourcesBuildPhase section */
		4DAC26912B56B03F000A4EC9 /* Sources */ = {
			isa = PBXSourcesBuildPhase;
			buildActionMask = 2147483647;
			files = (
				4DAC26A82B56B1EC000A4EC9 /* Symbols.swift in Sources */,
				4DAC26AA2B56B72E000A4EC9 /* Theme.swift in Sources */,
				4DAC269B2B56B03F000A4EC9 /* ContentView.swift in Sources */,
				4DAC26992B56B03F000A4EC9 /* iOSTHProjectApp.swift in Sources */,
				4D40D5E32B5818A300B561CB /* UserDetailReponse.swift in Sources */,
				4D40D5E52B58196400B561CB /* UsersResponse.swift in Sources */,
			);
			runOnlyForDeploymentPostprocessing = 0;
		};
/* End PBXSourcesBuildPhase section */

/* Begin XCBuildConfiguration section */
		4DAC26A12B56B042000A4EC9 /* Debug */ = {
			isa = XCBuildConfiguration;
			buildSettings = {
				ALWAYS_SEARCH_USER_PATHS = NO;
				ASSETCATALOG_COMPILER_GENERATE_SWIFT_ASSET_SYMBOL_EXTENSIONS = YES;
				CLANG_ANALYZER_NONNULL = YES;
				CLANG_ANALYZER_NUMBER_OBJECT_CONVERSION = YES_AGGRESSIVE;
				CLANG_CXX_LANGUAGE_STANDARD = "gnu++20";
				CLANG_ENABLE_MODULES = YES;
				CLANG_ENABLE_OBJC_ARC = YES;
				CLANG_ENABLE_OBJC_WEAK = YES;
				CLANG_WARN_BLOCK_CAPTURE_AUTORELEASING = YES;
				CLANG_WARN_BOOL_CONVERSION = YES;
				CLANG_WARN_COMMA = YES;
				CLANG_WARN_CONSTANT_CONVERSION = YES;
				CLANG_WARN_DEPRECATED_OBJC_IMPLEMENTATIONS = YES;
				CLANG_WARN_DIRECT_OBJC_ISA_USAGE = YES_ERROR;
				CLANG_WARN_DOCUMENTATION_COMMENTS = YES;
				CLANG_WARN_EMPTY_BODY = YES;
				CLANG_WARN_ENUM_CONVERSION = YES;
				CLANG_WARN_INFINITE_RECURSION = YES;
				CLANG_WARN_INT_CONVERSION = YES;
				CLANG_WARN_NON_LITERAL_NULL_CONVERSION = YES;
				CLANG_WARN_OBJC_IMPLICIT_RETAIN_SELF = YES;
				CLANG_WARN_OBJC_LITERAL_CONVERSION = YES;
				CLANG_WARN_OBJC_ROOT_CLASS = YES_ERROR;
				CLANG_WARN_QUOTED_INCLUDE_IN_FRAMEWORK_HEADER = YES;
				CLANG_WARN_RANGE_LOOP_ANALYSIS = YES;
				CLANG_WARN_STRICT_PROTOTYPES = YES;
				CLANG_WARN_SUSPICIOUS_MOVE = YES;
				CLANG_WARN_UNGUARDED_AVAILABILITY = YES_AGGRESSIVE;
				CLANG_WARN_UNREACHABLE_CODE = YES;
				CLANG_WARN__DUPLICATE_METHOD_MATCH = YES;
				COPY_PHASE_STRIP = NO;
				DEBUG_INFORMATION_FORMAT = dwarf;
				ENABLE_STRICT_OBJC_MSGSEND = YES;
				ENABLE_TESTABILITY = YES;
				ENABLE_USER_SCRIPT_SANDBOXING = YES;
				GCC_C_LANGUAGE_STANDARD = gnu17;
				GCC_DYNAMIC_NO_PIC = NO;
				GCC_NO_COMMON_BLOCKS = YES;
				GCC_OPTIMIZATION_LEVEL = 0;
				GCC_PREPROCESSOR_DEFINITIONS = (
					"DEBUG=1",
					"$(inherited)",
				);
				GCC_WARN_64_TO_32_BIT_CONVERSION = YES;
				GCC_WARN_ABOUT_RETURN_TYPE = YES_ERROR;
				GCC_WARN_UNDECLARED_SELECTOR = YES;
				GCC_WARN_UNINITIALIZED_AUTOS = YES_AGGRESSIVE;
				GCC_WARN_UNUSED_FUNCTION = YES;
				GCC_WARN_UNUSED_VARIABLE = YES;
				IPHONEOS_DEPLOYMENT_TARGET = 17.2;
				LOCALIZATION_PREFERS_STRING_CATALOGS = YES;
				MTL_ENABLE_DEBUG_INFO = INCLUDE_SOURCE;
				MTL_FAST_MATH = YES;
				ONLY_ACTIVE_ARCH = YES;
				SDKROOT = iphoneos;
				SWIFT_ACTIVE_COMPILATION_CONDITIONS = "DEBUG $(inherited)";
				SWIFT_OPTIMIZATION_LEVEL = "-Onone";
			};
			name = Debug;
		};
		4DAC26A22B56B042000A4EC9 /* Release */ = {
			isa = XCBuildConfiguration;
			buildSettings = {
				ALWAYS_SEARCH_USER_PATHS = NO;
				ASSETCATALOG_COMPILER_GENERATE_SWIFT_ASSET_SYMBOL_EXTENSIONS = YES;
				CLANG_ANALYZER_NONNULL = YES;
				CLANG_ANALYZER_NUMBER_OBJECT_CONVERSION = YES_AGGRESSIVE;
				CLANG_CXX_LANGUAGE_STANDARD = "gnu++20";
				CLANG_ENABLE_MODULES = YES;
				CLANG_ENABLE_OBJC_ARC = YES;
				CLANG_ENABLE_OBJC_WEAK = YES;
				CLANG_WARN_BLOCK_CAPTURE_AUTORELEASING = YES;
				CLANG_WARN_BOOL_CONVERSION = YES;
				CLANG_WARN_COMMA = YES;
				CLANG_WARN_CONSTANT_CONVERSION = YES;
				CLANG_WARN_DEPRECATED_OBJC_IMPLEMENTATIONS = YES;
				CLANG_WARN_DIRECT_OBJC_ISA_USAGE = YES_ERROR;
				CLANG_WARN_DOCUMENTATION_COMMENTS = YES;
				CLANG_WARN_EMPTY_BODY = YES;
				CLANG_WARN_ENUM_CONVERSION = YES;
				CLANG_WARN_INFINITE_RECURSION = YES;
				CLANG_WARN_INT_CONVERSION = YES;
				CLANG_WARN_NON_LITERAL_NULL_CONVERSION = YES;
				CLANG_WARN_OBJC_IMPLICIT_RETAIN_SELF = YES;
				CLANG_WARN_OBJC_LITERAL_CONVERSION = YES;
				CLANG_WARN_OBJC_ROOT_CLASS = YES_ERROR;
				CLANG_WARN_QUOTED_INCLUDE_IN_FRAMEWORK_HEADER = YES;
				CLANG_WARN_RANGE_LOOP_ANALYSIS = YES;
				CLANG_WARN_STRICT_PROTOTYPES = YES;
				CLANG_WARN_SUSPICIOUS_MOVE = YES;
				CLANG_WARN_UNGUARDED_AVAILABILITY = YES_AGGRESSIVE;
				CLANG_WARN_UNREACHABLE_CODE = YES;
				CLANG_WARN__DUPLICATE_METHOD_MATCH = YES;
				COPY_PHASE_STRIP = NO;
				DEBUG_INFORMATION_FORMAT = "dwarf-with-dsym";
				ENABLE_NS_ASSERTIONS = NO;
				ENABLE_STRICT_OBJC_MSGSEND = YES;
				ENABLE_USER_SCRIPT_SANDBOXING = YES;
				GCC_C_LANGUAGE_STANDARD = gnu17;
				GCC_NO_COMMON_BLOCKS = YES;
				GCC_WARN_64_TO_32_BIT_CONVERSION = YES;
				GCC_WARN_ABOUT_RETURN_TYPE = YES_ERROR;
				GCC_WARN_UNDECLARED_SELECTOR = YES;
				GCC_WARN_UNINITIALIZED_AUTOS = YES_AGGRESSIVE;
				GCC_WARN_UNUSED_FUNCTION = YES;
				GCC_WARN_UNUSED_VARIABLE = YES;
				IPHONEOS_DEPLOYMENT_TARGET = 17.2;
				LOCALIZATION_PREFERS_STRING_CATALOGS = YES;
				MTL_ENABLE_DEBUG_INFO = NO;
				MTL_FAST_MATH = YES;
				SDKROOT = iphoneos;
				SWIFT_COMPILATION_MODE = wholemodule;
				VALIDATE_PRODUCT = YES;
			};
			name = Release;
		};
		4DAC26A42B56B042000A4EC9 /* Debug */ = {
			isa = XCBuildConfiguration;
			buildSettings = {
				ASSETCATALOG_COMPILER_APPICON_NAME = AppIcon;
				ASSETCATALOG_COMPILER_GLOBAL_ACCENT_COLOR_NAME = AccentColor;
				CODE_SIGN_STYLE = Automatic;
				CURRENT_PROJECT_VERSION = 1;
				DEVELOPMENT_ASSET_PATHS = "\"iOSTHProject/Preview Content\"";
				DEVELOPMENT_TEAM = 56F54J4H3N;
				ENABLE_PREVIEWS = YES;
				GENERATE_INFOPLIST_FILE = YES;
				INFOPLIST_FILE = iOSTHProject/Info.plist;
				INFOPLIST_KEY_UIApplicationSceneManifest_Generation = YES;
				INFOPLIST_KEY_UIApplicationSupportsIndirectInputEvents = YES;
				INFOPLIST_KEY_UISupportedInterfaceOrientations_iPad = "UIInterfaceOrientationPortrait UIInterfaceOrientationPortraitUpsideDown UIInterfaceOrientationLandscapeLeft UIInterfaceOrientationLandscapeRight";
				INFOPLIST_KEY_UISupportedInterfaceOrientations_iPhone = "UIInterfaceOrientationPortrait UIInterfaceOrientationLandscapeLeft UIInterfaceOrientationLandscapeRight";
				LD_RUNPATH_SEARCH_PATHS = (
					"$(inherited)",
					"@executable_path/Frameworks",
				);
				MARKETING_VERSION = 1.0;
				PRODUCT_BUNDLE_IDENTIFIER = mobilesoftwareservices.iOSTHProject;
				PRODUCT_NAME = "$(TARGET_NAME)";
				SWIFT_EMIT_LOC_STRINGS = YES;
				SWIFT_VERSION = 5.0;
				TARGETED_DEVICE_FAMILY = "1,2";
			};
			name = Debug;
		};
		4DAC26A52B56B042000A4EC9 /* Release */ = {
			isa = XCBuildConfiguration;
			buildSettings = {
				ASSETCATALOG_COMPILER_APPICON_NAME = AppIcon;
				ASSETCATALOG_COMPILER_GLOBAL_ACCENT_COLOR_NAME = AccentColor;
				CODE_SIGN_STYLE = Automatic;
				CURRENT_PROJECT_VERSION = 1;
				DEVELOPMENT_ASSET_PATHS = "\"iOSTHProject/Preview Content\"";
				DEVELOPMENT_TEAM = 56F54J4H3N;
				ENABLE_PREVIEWS = YES;
				GENERATE_INFOPLIST_FILE = YES;
				INFOPLIST_FILE = iOSTHProject/Info.plist;
				INFOPLIST_KEY_UIApplicationSceneManifest_Generation = YES;
				INFOPLIST_KEY_UIApplicationSupportsIndirectInputEvents = YES;
				INFOPLIST_KEY_UISupportedInterfaceOrientations_iPad = "UIInterfaceOrientationPortrait UIInterfaceOrientationPortraitUpsideDown UIInterfaceOrientationLandscapeLeft UIInterfaceOrientationLandscapeRight";
				INFOPLIST_KEY_UISupportedInterfaceOrientations_iPhone = "UIInterfaceOrientationPortrait UIInterfaceOrientationLandscapeLeft UIInterfaceOrientationLandscapeRight";
				LD_RUNPATH_SEARCH_PATHS = (
					"$(inherited)",
					"@executable_path/Frameworks",
				);
				MARKETING_VERSION = 1.0;
				PRODUCT_BUNDLE_IDENTIFIER = mobilesoftwareservices.iOSTHProject;
				PRODUCT_NAME = "$(TARGET_NAME)";
				SWIFT_EMIT_LOC_STRINGS = YES;
				SWIFT_VERSION = 5.0;
				TARGETED_DEVICE_FAMILY = "1,2";
			};
			name = Release;
		};
/* End XCBuildConfiguration section */

/* Begin XCConfigurationList section */
		4DAC26902B56B03F000A4EC9 /* Build configuration list for PBXProject "iOSTHProject" */ = {
			isa = XCConfigurationList;
			buildConfigurations = (
				4DAC26A12B56B042000A4EC9 /* Debug */,
				4DAC26A22B56B042000A4EC9 /* Release */,
			);
			defaultConfigurationIsVisible = 0;
			defaultConfigurationName = Release;
		};
		4DAC26A32B56B042000A4EC9 /* Build configuration list for PBXNativeTarget "iOSTHProject" */ = {
			isa = XCConfigurationList;
			buildConfigurations = (
				4DAC26A42B56B042000A4EC9 /* Debug */,
				4DAC26A52B56B042000A4EC9 /* Release */,
			);
			defaultConfigurationIsVisible = 0;
			defaultConfigurationName = Release;
		};
/* End XCConfigurationList section */
	};
	rootObject = 4DAC268D2B56B03F000A4EC9 /* Project object */;
}
