// !$*UTF8*$!
{
	archiveVersion = 1;
	classes = {
	};
	objectVersion = 56;
	objects = {

/* Begin PBXBuildFile section */
		4DC171D02B7573DB00F8FB19 /* TDNavigationStackApp.swift in Sources */ = {isa = PBXBuildFile; fileRef = 4DC171CF2B7573DB00F8FB19 /* TDNavigationStackApp.swift */; };
		4DC171D22B7573DB00F8FB19 /* ContentView.swift in Sources */ = {isa = PBXBuildFile; fileRef = 4DC171D12B7573DB00F8FB19 /* ContentView.swift */; };
		4DC171D42B7573DE00F8FB19 /* Assets.xcassets in Resources */ = {isa = PBXBuildFile; fileRef = 4DC171D32B7573DE00F8FB19 /* Assets.xcassets */; };
		4DC171D72B7573DE00F8FB19 /* Preview Assets.xcassets in Resources */ = {isa = PBXBuildFile; fileRef = 4DC171D62B7573DE00F8FB19 /* Preview Assets.xcassets */; };
		4DC171DE2B75742700F8FB19 /* MenuItemView.swift in Sources */ = {isa = PBXBuildFile; fileRef = 4DC171DD2B75742700F8FB19 /* MenuItemView.swift */; };
		4DC171E02B75743400F8FB19 /* FoodDetailView.swift in Sources */ = {isa = PBXBuildFile; fileRef = 4DC171DF2B75743300F8FB19 /* FoodDetailView.swift */; };
		4DC171E22B75749C00F8FB19 /* Food.swift in Sources */ = {isa = PBXBuildFile; fileRef = 4DC171E12B75749C00F8FB19 /* Food.swift */; };
		4DC171E42B7660C300F8FB19 /* DrinkDetailView.swift in Sources */ = {isa = PBXBuildFile; fileRef = 4DC171E32B7660C300F8FB19 /* DrinkDetailView.swift */; };
		4DC171E62B766D1200F8FB19 /* DessertDetailView.swift in Sources */ = {isa = PBXBuildFile; fileRef = 4DC171E52B766D1200F8FB19 /* DessertDetailView.swift */; };
		4DC171E92B7693A400F8FB19 /* AllergiesDetailView.swift in Sources */ = {isa = PBXBuildFile; fileRef = 4DC171E82B7693A400F8FB19 /* AllergiesDetailView.swift */; };
		4DC171EB2B76B8A000F8FB19 /* ShoppingCartManager.swift in Sources */ = {isa = PBXBuildFile; fileRef = 4DC171EA2B76B8A000F8FB19 /* ShoppingCartManager.swift */; };
		4DC171ED2B76B8D700F8FB19 /* CartButton.swift in Sources */ = {isa = PBXBuildFile; fileRef = 4DC171EC2B76B8D700F8FB19 /* CartButton.swift */; };
		4DC171EF2B76B9A400F8FB19 /* CartView.swift in Sources */ = {isa = PBXBuildFile; fileRef = 4DC171EE2B76B9A400F8FB19 /* CartView.swift */; };
/* End PBXBuildFile section */

/* Begin PBXFileReference section */
		4DC171CC2B7573DB00F8FB19 /* TDNavigationStack.app */ = {isa = PBXFileReference; explicitFileType = wrapper.application; includeInIndex = 0; path = TDNavigationStack.app; sourceTree = BUILT_PRODUCTS_DIR; };
		4DC171CF2B7573DB00F8FB19 /* TDNavigationStackApp.swift */ = {isa = PBXFileReference; lastKnownFileType = sourcecode.swift; path = TDNavigationStackApp.swift; sourceTree = "<group>"; };
		4DC171D12B7573DB00F8FB19 /* ContentView.swift */ = {isa = PBXFileReference; lastKnownFileType = sourcecode.swift; path = ContentView.swift; sourceTree = "<group>"; };
		4DC171D32B7573DE00F8FB19 /* Assets.xcassets */ = {isa = PBXFileReference; lastKnownFileType = folder.assetcatalog; path = Assets.xcassets; sourceTree = "<group>"; };
		4DC171D62B7573DE00F8FB19 /* Preview Assets.xcassets */ = {isa = PBXFileReference; lastKnownFileType = folder.assetcatalog; path = "Preview Assets.xcassets"; sourceTree = "<group>"; };
		4DC171DD2B75742700F8FB19 /* MenuItemView.swift */ = {isa = PBXFileReference; lastKnownFileType = sourcecode.swift; path = MenuItemView.swift; sourceTree = "<group>"; };
		4DC171DF2B75743300F8FB19 /* FoodDetailView.swift */ = {isa = PBXFileReference; lastKnownFileType = sourcecode.swift; path = FoodDetailView.swift; sourceTree = "<group>"; };
		4DC171E12B75749C00F8FB19 /* Food.swift */ = {isa = PBXFileReference; lastKnownFileType = sourcecode.swift; path = Food.swift; sourceTree = "<group>"; };
		4DC171E32B7660C300F8FB19 /* DrinkDetailView.swift */ = {isa = PBXFileReference; lastKnownFileType = sourcecode.swift; path = DrinkDetailView.swift; sourceTree = "<group>"; };
		4DC171E52B766D1200F8FB19 /* DessertDetailView.swift */ = {isa = PBXFileReference; lastKnownFileType = sourcecode.swift; path = DessertDetailView.swift; sourceTree = "<group>"; };
		4DC171E82B7693A400F8FB19 /* AllergiesDetailView.swift */ = {isa = PBXFileReference; lastKnownFileType = sourcecode.swift; path = AllergiesDetailView.swift; sourceTree = "<group>"; };
		4DC171EA2B76B8A000F8FB19 /* ShoppingCartManager.swift */ = {isa = PBXFileReference; lastKnownFileType = sourcecode.swift; path = ShoppingCartManager.swift; sourceTree = "<group>"; };
		4DC171EC2B76B8D700F8FB19 /* CartButton.swift */ = {isa = PBXFileReference; lastKnownFileType = sourcecode.swift; path = CartButton.swift; sourceTree = "<group>"; };
		4DC171EE2B76B9A400F8FB19 /* CartView.swift */ = {isa = PBXFileReference; lastKnownFileType = sourcecode.swift; path = CartView.swift; sourceTree = "<group>"; };
/* End PBXFileReference section */

/* Begin PBXFrameworksBuildPhase section */
		4DC171C92B7573DB00F8FB19 /* Frameworks */ = {
			isa = PBXFrameworksBuildPhase;
			buildActionMask = 2147483647;
			files = (
			);
			runOnlyForDeploymentPostprocessing = 0;
		};
/* End PBXFrameworksBuildPhase section */

/* Begin PBXGroup section */
		4DC171C32B7573DB00F8FB19 = {
			isa = PBXGroup;
			children = (
				4DC171CE2B7573DB00F8FB19 /* TDNavigationStack */,
				4DC171CD2B7573DB00F8FB19 /* Products */,
			);
			sourceTree = "<group>";
		};
		4DC171CD2B7573DB00F8FB19 /* Products */ = {
			isa = PBXGroup;
			children = (
				4DC171CC2B7573DB00F8FB19 /* TDNavigationStack.app */,
			);
			name = Products;
			sourceTree = "<group>";
		};
		4DC171CE2B7573DB00F8FB19 /* TDNavigationStack */ = {
			isa = PBXGroup;
			children = (
				4DC171CF2B7573DB00F8FB19 /* TDNavigationStackApp.swift */,
				4DC171D12B7573DB00F8FB19 /* ContentView.swift */,
				4DC171D32B7573DE00F8FB19 /* Assets.xcassets */,
				4DC171D52B7573DE00F8FB19 /* Preview Content */,
				4DC171DD2B75742700F8FB19 /* MenuItemView.swift */,
				4DC171DF2B75743300F8FB19 /* FoodDetailView.swift */,
				4DC171E12B75749C00F8FB19 /* Food.swift */,
				4DC171E32B7660C300F8FB19 /* DrinkDetailView.swift */,
				4DC171E52B766D1200F8FB19 /* DessertDetailView.swift */,
				4DC171E82B7693A400F8FB19 /* AllergiesDetailView.swift */,
				4DC171EA2B76B8A000F8FB19 /* ShoppingCartManager.swift */,
				4DC171EC2B76B8D700F8FB19 /* CartButton.swift */,
				4DC171EE2B76B9A400F8FB19 /* CartView.swift */,
			);
			path = TDNavigationStack;
			sourceTree = "<group>";
		};
		4DC171D52B7573DE00F8FB19 /* Preview Content */ = {
			isa = PBXGroup;
			children = (
				4DC171D62B7573DE00F8FB19 /* Preview Assets.xcassets */,
			);
			path = "Preview Content";
			sourceTree = "<group>";
		};
/* End PBXGroup section */

/* Begin PBXNativeTarget section */
		4DC171CB2B7573DB00F8FB19 /* TDNavigationStack */ = {
			isa = PBXNativeTarget;
			buildConfigurationList = 4DC171DA2B7573DE00F8FB19 /* Build configuration list for PBXNativeTarget "TDNavigationStack" */;
			buildPhases = (
				4DC171C82B7573DB00F8FB19 /* Sources */,
				4DC171C92B7573DB00F8FB19 /* Frameworks */,
				4DC171CA2B7573DB00F8FB19 /* Resources */,
			);
			buildRules = (
			);
			dependencies = (
			);
			name = TDNavigationStack;
			productName = TDNavigationStack;
			productReference = 4DC171CC2B7573DB00F8FB19 /* TDNavigationStack.app */;
			productType = "com.apple.product-type.application";
		};
/* End PBXNativeTarget section */

/* Begin PBXProject section */
		4DC171C42B7573DB00F8FB19 /* Project object */ = {
			isa = PBXProject;
			attributes = {
				BuildIndependentTargetsInParallel = 1;
				LastSwiftUpdateCheck = 1520;
				LastUpgradeCheck = 1520;
				TargetAttributes = {
					4DC171CB2B7573DB00F8FB19 = {
						CreatedOnToolsVersion = 15.2;
					};
				};
			};
			buildConfigurationList = 4DC171C72B7573DB00F8FB19 /* Build configuration list for PBXProject "TDNavigationStack" */;
			compatibilityVersion = "Xcode 14.0";
			developmentRegion = en;
			hasScannedForEncodings = 0;
			knownRegions = (
				en,
				Base,
			);
			mainGroup = 4DC171C32B7573DB00F8FB19;
			productRefGroup = 4DC171CD2B7573DB00F8FB19 /* Products */;
			projectDirPath = "";
			projectRoot = "";
			targets = (
				4DC171CB2B7573DB00F8FB19 /* TDNavigationStack */,
			);
		};
/* End PBXProject section */

/* Begin PBXResourcesBuildPhase section */
		4DC171CA2B7573DB00F8FB19 /* Resources */ = {
			isa = PBXResourcesBuildPhase;
			buildActionMask = 2147483647;
			files = (
				4DC171D72B7573DE00F8FB19 /* Preview Assets.xcassets in Resources */,
				4DC171D42B7573DE00F8FB19 /* Assets.xcassets in Resources */,
			);
			runOnlyForDeploymentPostprocessing = 0;
		};
/* End PBXResourcesBuildPhase section */

/* Begin PBXSourcesBuildPhase section */
		4DC171C82B7573DB00F8FB19 /* Sources */ = {
			isa = PBXSourcesBuildPhase;
			buildActionMask = 2147483647;
			files = (
				4DC171DE2B75742700F8FB19 /* MenuItemView.swift in Sources */,
				4DC171E02B75743400F8FB19 /* FoodDetailView.swift in Sources */,
				4DC171E92B7693A400F8FB19 /* AllergiesDetailView.swift in Sources */,
				4DC171E62B766D1200F8FB19 /* DessertDetailView.swift in Sources */,
				4DC171E22B75749C00F8FB19 /* Food.swift in Sources */,
				4DC171D22B7573DB00F8FB19 /* ContentView.swift in Sources */,
				4DC171EF2B76B9A400F8FB19 /* CartView.swift in Sources */,
				4DC171E42B7660C300F8FB19 /* DrinkDetailView.swift in Sources */,
				4DC171EB2B76B8A000F8FB19 /* ShoppingCartManager.swift in Sources */,
				4DC171D02B7573DB00F8FB19 /* TDNavigationStackApp.swift in Sources */,
				4DC171ED2B76B8D700F8FB19 /* CartButton.swift in Sources */,
			);
			runOnlyForDeploymentPostprocessing = 0;
		};
/* End PBXSourcesBuildPhase section */

/* Begin XCBuildConfiguration section */
		4DC171D82B7573DE00F8FB19 /* Debug */ = {
			isa = XCBuildConfiguration;
			buildSettings = {
				ALWAYS_SEARCH_USER_PATHS = NO;
				ASSETCATALOG_COMPILER_GENERATE_SWIFT_ASSET_SYMBOL_EXTENSIONS = YES;
				CLANG_ANALYZER_NONNULL = YES;
				CLANG_ANALYZER_NUMBER_OBJECT_CONVERSION = YES_AGGRESSIVE;
				CLANG_CXX_LANGUAGE_STANDARD = "gnu++20";
				CLANG_ENABLE_MODULES = YES;
				CLANG_ENABLE_OBJC_ARC = YES;
				CLANG_ENABLE_OBJC_WEAK = YES;
				CLANG_WARN_BLOCK_CAPTURE_AUTORELEASING = YES;
				CLANG_WARN_BOOL_CONVERSION = YES;
				CLANG_WARN_COMMA = YES;
				CLANG_WARN_CONSTANT_CONVERSION = YES;
				CLANG_WARN_DEPRECATED_OBJC_IMPLEMENTATIONS = YES;
				CLANG_WARN_DIRECT_OBJC_ISA_USAGE = YES_ERROR;
				CLANG_WARN_DOCUMENTATION_COMMENTS = YES;
				CLANG_WARN_EMPTY_BODY = YES;
				CLANG_WARN_ENUM_CONVERSION = YES;
				CLANG_WARN_INFINITE_RECURSION = YES;
				CLANG_WARN_INT_CONVERSION = YES;
				CLANG_WARN_NON_LITERAL_NULL_CONVERSION = YES;
				CLANG_WARN_OBJC_IMPLICIT_RETAIN_SELF = YES;
				CLANG_WARN_OBJC_LITERAL_CONVERSION = YES;
				CLANG_WARN_OBJC_ROOT_CLASS = YES_ERROR;
				CLANG_WARN_QUOTED_INCLUDE_IN_FRAMEWORK_HEADER = YES;
				CLANG_WARN_RANGE_LOOP_ANALYSIS = YES;
				CLANG_WARN_STRICT_PROTOTYPES = YES;
				CLANG_WARN_SUSPICIOUS_MOVE = YES;
				CLANG_WARN_UNGUARDED_AVAILABILITY = YES_AGGRESSIVE;
				CLANG_WARN_UNREACHABLE_CODE = YES;
				CLANG_WARN__DUPLICATE_METHOD_MATCH = YES;
				COPY_PHASE_STRIP = NO;
				DEBUG_INFORMATION_FORMAT = dwarf;
				ENABLE_STRICT_OBJC_MSGSEND = YES;
				ENABLE_TESTABILITY = YES;
				ENABLE_USER_SCRIPT_SANDBOXING = YES;
				GCC_C_LANGUAGE_STANDARD = gnu17;
				GCC_DYNAMIC_NO_PIC = NO;
				GCC_NO_COMMON_BLOCKS = YES;
				GCC_OPTIMIZATION_LEVEL = 0;
				GCC_PREPROCESSOR_DEFINITIONS = (
					"DEBUG=1",
					"$(inherited)",
				);
				GCC_WARN_64_TO_32_BIT_CONVERSION = YES;
				GCC_WARN_ABOUT_RETURN_TYPE = YES_ERROR;
				GCC_WARN_UNDECLARED_SELECTOR = YES;
				GCC_WARN_UNINITIALIZED_AUTOS = YES_AGGRESSIVE;
				GCC_WARN_UNUSED_FUNCTION = YES;
				GCC_WARN_UNUSED_VARIABLE = YES;
				IPHONEOS_DEPLOYMENT_TARGET = 17.2;
				LOCALIZATION_PREFERS_STRING_CATALOGS = YES;
				MTL_ENABLE_DEBUG_INFO = INCLUDE_SOURCE;
				MTL_FAST_MATH = YES;
				ONLY_ACTIVE_ARCH = YES;
				SDKROOT = iphoneos;
				SWIFT_ACTIVE_COMPILATION_CONDITIONS = "DEBUG $(inherited)";
				SWIFT_OPTIMIZATION_LEVEL = "-Onone";
			};
			name = Debug;
		};
		4DC171D92B7573DE00F8FB19 /* Release */ = {
			isa = XCBuildConfiguration;
			buildSettings = {
				ALWAYS_SEARCH_USER_PATHS = NO;
				ASSETCATALOG_COMPILER_GENERATE_SWIFT_ASSET_SYMBOL_EXTENSIONS = YES;
				CLANG_ANALYZER_NONNULL = YES;
				CLANG_ANALYZER_NUMBER_OBJECT_CONVERSION = YES_AGGRESSIVE;
				CLANG_CXX_LANGUAGE_STANDARD = "gnu++20";
				CLANG_ENABLE_MODULES = YES;
				CLANG_ENABLE_OBJC_ARC = YES;
				CLANG_ENABLE_OBJC_WEAK = YES;
				CLANG_WARN_BLOCK_CAPTURE_AUTORELEASING = YES;
				CLANG_WARN_BOOL_CONVERSION = YES;
				CLANG_WARN_COMMA = YES;
				CLANG_WARN_CONSTANT_CONVERSION = YES;
				CLANG_WARN_DEPRECATED_OBJC_IMPLEMENTATIONS = YES;
				CLANG_WARN_DIRECT_OBJC_ISA_USAGE = YES_ERROR;
				CLANG_WARN_DOCUMENTATION_COMMENTS = YES;
				CLANG_WARN_EMPTY_BODY = YES;
				CLANG_WARN_ENUM_CONVERSION = YES;
				CLANG_WARN_INFINITE_RECURSION = YES;
				CLANG_WARN_INT_CONVERSION = YES;
				CLANG_WARN_NON_LITERAL_NULL_CONVERSION = YES;
				CLANG_WARN_OBJC_IMPLICIT_RETAIN_SELF = YES;
				CLANG_WARN_OBJC_LITERAL_CONVERSION = YES;
				CLANG_WARN_OBJC_ROOT_CLASS = YES_ERROR;
				CLANG_WARN_QUOTED_INCLUDE_IN_FRAMEWORK_HEADER = YES;
				CLANG_WARN_RANGE_LOOP_ANALYSIS = YES;
				CLANG_WARN_STRICT_PROTOTYPES = YES;
				CLANG_WARN_SUSPICIOUS_MOVE = YES;
				CLANG_WARN_UNGUARDED_AVAILABILITY = YES_AGGRESSIVE;
				CLANG_WARN_UNREACHABLE_CODE = YES;
				CLANG_WARN__DUPLICATE_METHOD_MATCH = YES;
				COPY_PHASE_STRIP = NO;
				DEBUG_INFORMATION_FORMAT = "dwarf-with-dsym";
				ENABLE_NS_ASSERTIONS = NO;
				ENABLE_STRICT_OBJC_MSGSEND = YES;
				ENABLE_USER_SCRIPT_SANDBOXING = YES;
				GCC_C_LANGUAGE_STANDARD = gnu17;
				GCC_NO_COMMON_BLOCKS = YES;
				GCC_WARN_64_TO_32_BIT_CONVERSION = YES;
				GCC_WARN_ABOUT_RETURN_TYPE = YES_ERROR;
				GCC_WARN_UNDECLARED_SELECTOR = YES;
				GCC_WARN_UNINITIALIZED_AUTOS = YES_AGGRESSIVE;
				GCC_WARN_UNUSED_FUNCTION = YES;
				GCC_WARN_UNUSED_VARIABLE = YES;
				IPHONEOS_DEPLOYMENT_TARGET = 17.2;
				LOCALIZATION_PREFERS_STRING_CATALOGS = YES;
				MTL_ENABLE_DEBUG_INFO = NO;
				MTL_FAST_MATH = YES;
				SDKROOT = iphoneos;
				SWIFT_COMPILATION_MODE = wholemodule;
				VALIDATE_PRODUCT = YES;
			};
			name = Release;
		};
		4DC171DB2B7573DE00F8FB19 /* Debug */ = {
			isa = XCBuildConfiguration;
			buildSettings = {
				ASSETCATALOG_COMPILER_APPICON_NAME = AppIcon;
				ASSETCATALOG_COMPILER_GLOBAL_ACCENT_COLOR_NAME = AccentColor;
				CODE_SIGN_STYLE = Automatic;
				CURRENT_PROJECT_VERSION = 1;
				DEVELOPMENT_ASSET_PATHS = "\"TDNavigationStack/Preview Content\"";
				DEVELOPMENT_TEAM = 56F54J4H3N;
				ENABLE_PREVIEWS = YES;
				GENERATE_INFOPLIST_FILE = YES;
				INFOPLIST_KEY_UIApplicationSceneManifest_Generation = YES;
				INFOPLIST_KEY_UIApplicationSupportsIndirectInputEvents = YES;
				INFOPLIST_KEY_UILaunchScreen_Generation = YES;
				INFOPLIST_KEY_UISupportedInterfaceOrientations_iPad = "UIInterfaceOrientationPortrait UIInterfaceOrientationPortraitUpsideDown UIInterfaceOrientationLandscapeLeft UIInterfaceOrientationLandscapeRight";
				INFOPLIST_KEY_UISupportedInterfaceOrientations_iPhone = "UIInterfaceOrientationPortrait UIInterfaceOrientationLandscapeLeft UIInterfaceOrientationLandscapeRight";
				LD_RUNPATH_SEARCH_PATHS = (
					"$(inherited)",
					"@executable_path/Frameworks",
				);
				MARKETING_VERSION = 1.0;
				PRODUCT_BUNDLE_IDENTIFIER = mobilesoftwareservices.TDNavigationStack;
				PRODUCT_NAME = "$(TARGET_NAME)";
				SWIFT_EMIT_LOC_STRINGS = YES;
				SWIFT_VERSION = 5.0;
				TARGETED_DEVICE_FAMILY = "1,2";
			};
			name = Debug;
		};
		4DC171DC2B7573DE00F8FB19 /* Release */ = {
			isa = XCBuildConfiguration;
			buildSettings = {
				ASSETCATALOG_COMPILER_APPICON_NAME = AppIcon;
				ASSETCATALOG_COMPILER_GLOBAL_ACCENT_COLOR_NAME = AccentColor;
				CODE_SIGN_STYLE = Automatic;
				CURRENT_PROJECT_VERSION = 1;
				DEVELOPMENT_ASSET_PATHS = "\"TDNavigationStack/Preview Content\"";
				DEVELOPMENT_TEAM = 56F54J4H3N;
				ENABLE_PREVIEWS = YES;
				GENERATE_INFOPLIST_FILE = YES;
				INFOPLIST_KEY_UIApplicationSceneManifest_Generation = YES;
				INFOPLIST_KEY_UIApplicationSupportsIndirectInputEvents = YES;
				INFOPLIST_KEY_UILaunchScreen_Generation = YES;
				INFOPLIST_KEY_UISupportedInterfaceOrientations_iPad = "UIInterfaceOrientationPortrait UIInterfaceOrientationPortraitUpsideDown UIInterfaceOrientationLandscapeLeft UIInterfaceOrientationLandscapeRight";
				INFOPLIST_KEY_UISupportedInterfaceOrientations_iPhone = "UIInterfaceOrientationPortrait UIInterfaceOrientationLandscapeLeft UIInterfaceOrientationLandscapeRight";
				LD_RUNPATH_SEARCH_PATHS = (
					"$(inherited)",
					"@executable_path/Frameworks",
				);
				MARKETING_VERSION = 1.0;
				PRODUCT_BUNDLE_IDENTIFIER = mobilesoftwareservices.TDNavigationStack;
				PRODUCT_NAME = "$(TARGET_NAME)";
				SWIFT_EMIT_LOC_STRINGS = YES;
				SWIFT_VERSION = 5.0;
				TARGETED_DEVICE_FAMILY = "1,2";
			};
			name = Release;
		};
/* End XCBuildConfiguration section */

/* Begin XCConfigurationList section */
		4DC171C72B7573DB00F8FB19 /* Build configuration list for PBXProject "TDNavigationStack" */ = {
			isa = XCConfigurationList;
			buildConfigurations = (
				4DC171D82B7573DE00F8FB19 /* Debug */,
				4DC171D92B7573DE00F8FB19 /* Release */,
			);
			defaultConfigurationIsVisible = 0;
			defaultConfigurationName = Release;
		};
		4DC171DA2B7573DE00F8FB19 /* Build configuration list for PBXNativeTarget "TDNavigationStack" */ = {
			isa = XCConfigurationList;
			buildConfigurations = (
				4DC171DB2B7573DE00F8FB19 /* Debug */,
				4DC171DC2B7573DE00F8FB19 /* Release */,
			);
			defaultConfigurationIsVisible = 0;
			defaultConfigurationName = Release;
		};
/* End XCConfigurationList section */
	};
	rootObject = 4DC171C42B7573DB00F8FB19 /* Project object */;
}
