// !$*UTF8*$!
{
	archiveVersion = 1;
	classes = {
	};
	objectVersion = 56;
	objects = {

/* Begin PBXBuildFile section */
		4D11305A2B965E930042C935 /* SwiftuiRoutingApp.swift in Sources */ = {isa = PBXBuildFile; fileRef = 4D1130592B965E930042C935 /* SwiftuiRoutingApp.swift */; };
		4D11305C2B965E930042C935 /* ContentView.swift in Sources */ = {isa = PBXBuildFile; fileRef = 4D11305B2B965E930042C935 /* ContentView.swift */; };
		4D11305E2B965E9A0042C935 /* Assets.xcassets in Resources */ = {isa = PBXBuildFile; fileRef = 4D11305D2B965E9A0042C935 /* Assets.xcassets */; };
		4D1130612B965E9A0042C935 /* Preview Assets.xcassets in Resources */ = {isa = PBXBuildFile; fileRef = 4D1130602B965E9A0042C935 /* Preview Assets.xcassets */; };
		4D1130692B965EF00042C935 /* Movie.swift in Sources */ = {isa = PBXBuildFile; fileRef = 4D1130682B965EF00042C935 /* Movie.swift */; };
		4D11306B2B965F060042C935 /* Review.swift in Sources */ = {isa = PBXBuildFile; fileRef = 4D11306A2B965F060042C935 /* Review.swift */; };
		4DA538592B974F880044A5C4 /* BirdsNavigationStack.swift in Sources */ = {isa = PBXBuildFile; fileRef = 4DA538582B974F880044A5C4 /* BirdsNavigationStack.swift */; };
		4DA5385B2B974F960044A5C4 /* PlantsNavigationStack.swift in Sources */ = {isa = PBXBuildFile; fileRef = 4DA5385A2B974F960044A5C4 /* PlantsNavigationStack.swift */; };
		4DA5385D2B974FAC0044A5C4 /* BackyardNavigationStack.swift in Sources */ = {isa = PBXBuildFile; fileRef = 4DA5385C2B974FAC0044A5C4 /* BackyardNavigationStack.swift */; };
		4DA538602B9757790044A5C4 /* Routing.swift in Sources */ = {isa = PBXBuildFile; fileRef = 4DA5385F2B9757790044A5C4 /* Routing.swift */; };
		4DA538642B975A010044A5C4 /* BirdDetailScreen.swift in Sources */ = {isa = PBXBuildFile; fileRef = 4DA538632B975A010044A5C4 /* BirdDetailScreen.swift */; };
		4DC42B8E2B96600500C13BB4 /* MovieListScreen.swift in Sources */ = {isa = PBXBuildFile; fileRef = 4DC42B8D2B96600500C13BB4 /* MovieListScreen.swift */; };
		4DC42B902B96603000C13BB4 /* MovieDetailScreen.swift in Sources */ = {isa = PBXBuildFile; fileRef = 4DC42B8F2B96603000C13BB4 /* MovieDetailScreen.swift */; };
		4DC42B922B96606000C13BB4 /* MovieReviewScreen.swift in Sources */ = {isa = PBXBuildFile; fileRef = 4DC42B912B96606000C13BB4 /* MovieReviewScreen.swift */; };
/* End PBXBuildFile section */

/* Begin PBXFileReference section */
		4D1130562B965E930042C935 /* SwiftuiRouting.app */ = {isa = PBXFileReference; explicitFileType = wrapper.application; includeInIndex = 0; path = SwiftuiRouting.app; sourceTree = BUILT_PRODUCTS_DIR; };
		4D1130592B965E930042C935 /* SwiftuiRoutingApp.swift */ = {isa = PBXFileReference; lastKnownFileType = sourcecode.swift; path = SwiftuiRoutingApp.swift; sourceTree = "<group>"; };
		4D11305B2B965E930042C935 /* ContentView.swift */ = {isa = PBXFileReference; lastKnownFileType = sourcecode.swift; path = ContentView.swift; sourceTree = "<group>"; };
		4D11305D2B965E9A0042C935 /* Assets.xcassets */ = {isa = PBXFileReference; lastKnownFileType = folder.assetcatalog; path = Assets.xcassets; sourceTree = "<group>"; };
		4D1130602B965E9A0042C935 /* Preview Assets.xcassets */ = {isa = PBXFileReference; lastKnownFileType = folder.assetcatalog; path = "Preview Assets.xcassets"; sourceTree = "<group>"; };
		4D1130682B965EF00042C935 /* Movie.swift */ = {isa = PBXFileReference; lastKnownFileType = sourcecode.swift; path = Movie.swift; sourceTree = "<group>"; };
		4D11306A2B965F060042C935 /* Review.swift */ = {isa = PBXFileReference; lastKnownFileType = sourcecode.swift; path = Review.swift; sourceTree = "<group>"; };
		4DA538582B974F880044A5C4 /* BirdsNavigationStack.swift */ = {isa = PBXFileReference; lastKnownFileType = sourcecode.swift; path = BirdsNavigationStack.swift; sourceTree = "<group>"; };
		4DA5385A2B974F960044A5C4 /* PlantsNavigationStack.swift */ = {isa = PBXFileReference; lastKnownFileType = sourcecode.swift; path = PlantsNavigationStack.swift; sourceTree = "<group>"; };
		4DA5385C2B974FAC0044A5C4 /* BackyardNavigationStack.swift */ = {isa = PBXFileReference; lastKnownFileType = sourcecode.swift; path = BackyardNavigationStack.swift; sourceTree = "<group>"; };
		4DA5385F2B9757790044A5C4 /* Routing.swift */ = {isa = PBXFileReference; lastKnownFileType = sourcecode.swift; path = Routing.swift; sourceTree = "<group>"; };
		4DA538632B975A010044A5C4 /* BirdDetailScreen.swift */ = {isa = PBXFileReference; lastKnownFileType = sourcecode.swift; path = BirdDetailScreen.swift; sourceTree = "<group>"; };
		4DC42B8D2B96600500C13BB4 /* MovieListScreen.swift */ = {isa = PBXFileReference; lastKnownFileType = sourcecode.swift; path = MovieListScreen.swift; sourceTree = "<group>"; };
		4DC42B8F2B96603000C13BB4 /* MovieDetailScreen.swift */ = {isa = PBXFileReference; lastKnownFileType = sourcecode.swift; path = MovieDetailScreen.swift; sourceTree = "<group>"; };
		4DC42B912B96606000C13BB4 /* MovieReviewScreen.swift */ = {isa = PBXFileReference; lastKnownFileType = sourcecode.swift; path = MovieReviewScreen.swift; sourceTree = "<group>"; };
/* End PBXFileReference section */

/* Begin PBXFrameworksBuildPhase section */
		4D1130532B965E930042C935 /* Frameworks */ = {
			isa = PBXFrameworksBuildPhase;
			buildActionMask = 2147483647;
			files = (
			);
			runOnlyForDeploymentPostprocessing = 0;
		};
/* End PBXFrameworksBuildPhase section */

/* Begin PBXGroup section */
		4D11304D2B965E930042C935 = {
			isa = PBXGroup;
			children = (
				4D1130582B965E930042C935 /* SwiftuiRouting */,
				4D1130572B965E930042C935 /* Products */,
			);
			sourceTree = "<group>";
		};
		4D1130572B965E930042C935 /* Products */ = {
			isa = PBXGroup;
			children = (
				4D1130562B965E930042C935 /* SwiftuiRouting.app */,
			);
			name = Products;
			sourceTree = "<group>";
		};
		4D1130582B965E930042C935 /* SwiftuiRouting */ = {
			isa = PBXGroup;
			children = (
				4DA5385E2B9757630044A5C4 /* Utilities */,
				4DC42B932B96656700C13BB4 /* Views */,
				4D1130672B965EDF0042C935 /* Models */,
				4D1130592B965E930042C935 /* SwiftuiRoutingApp.swift */,
				4D11305D2B965E9A0042C935 /* Assets.xcassets */,
				4D11305F2B965E9A0042C935 /* Preview Content */,
			);
			path = SwiftuiRouting;
			sourceTree = "<group>";
		};
		4D11305F2B965E9A0042C935 /* Preview Content */ = {
			isa = PBXGroup;
			children = (
				4D1130602B965E9A0042C935 /* Preview Assets.xcassets */,
			);
			path = "Preview Content";
			sourceTree = "<group>";
		};
		4D1130672B965EDF0042C935 /* Models */ = {
			isa = PBXGroup;
			children = (
				4D1130682B965EF00042C935 /* Movie.swift */,
				4D11306A2B965F060042C935 /* Review.swift */,
			);
			path = Models;
			sourceTree = "<group>";
		};
		4DA5385E2B9757630044A5C4 /* Utilities */ = {
			isa = PBXGroup;
			children = (
				4DA5385F2B9757790044A5C4 /* Routing.swift */,
			);
			path = Utilities;
			sourceTree = "<group>";
		};
		4DC42B932B96656700C13BB4 /* Views */ = {
			isa = PBXGroup;
			children = (
				4D11305B2B965E930042C935 /* ContentView.swift */,
				4DC42B8D2B96600500C13BB4 /* MovieListScreen.swift */,
				4DC42B8F2B96603000C13BB4 /* MovieDetailScreen.swift */,
				4DC42B912B96606000C13BB4 /* MovieReviewScreen.swift */,
				4DA538582B974F880044A5C4 /* BirdsNavigationStack.swift */,
				4DA5385A2B974F960044A5C4 /* PlantsNavigationStack.swift */,
				4DA5385C2B974FAC0044A5C4 /* BackyardNavigationStack.swift */,
				4DA538632B975A010044A5C4 /* BirdDetailScreen.swift */,
			);
			path = Views;
			sourceTree = "<group>";
		};
/* End PBXGroup section */

/* Begin PBXNativeTarget section */
		4D1130552B965E930042C935 /* SwiftuiRouting */ = {
			isa = PBXNativeTarget;
			buildConfigurationList = 4D1130642B965E9A0042C935 /* Build configuration list for PBXNativeTarget "SwiftuiRouting" */;
			buildPhases = (
				4D1130522B965E930042C935 /* Sources */,
				4D1130532B965E930042C935 /* Frameworks */,
				4D1130542B965E930042C935 /* Resources */,
			);
			buildRules = (
			);
			dependencies = (
			);
			name = SwiftuiRouting;
			productName = SwiftuiRouting;
			productReference = 4D1130562B965E930042C935 /* SwiftuiRouting.app */;
			productType = "com.apple.product-type.application";
		};
/* End PBXNativeTarget section */

/* Begin PBXProject section */
		4D11304E2B965E930042C935 /* Project object */ = {
			isa = PBXProject;
			attributes = {
				BuildIndependentTargetsInParallel = 1;
				LastSwiftUpdateCheck = 1520;
				LastUpgradeCheck = 1520;
				TargetAttributes = {
					4D1130552B965E930042C935 = {
						CreatedOnToolsVersion = 15.2;
					};
				};
			};
			buildConfigurationList = 4D1130512B965E930042C935 /* Build configuration list for PBXProject "SwiftuiRouting" */;
			compatibilityVersion = "Xcode 14.0";
			developmentRegion = en;
			hasScannedForEncodings = 0;
			knownRegions = (
				en,
				Base,
			);
			mainGroup = 4D11304D2B965E930042C935;
			productRefGroup = 4D1130572B965E930042C935 /* Products */;
			projectDirPath = "";
			projectRoot = "";
			targets = (
				4D1130552B965E930042C935 /* SwiftuiRouting */,
			);
		};
/* End PBXProject section */

/* Begin PBXResourcesBuildPhase section */
		4D1130542B965E930042C935 /* Resources */ = {
			isa = PBXResourcesBuildPhase;
			buildActionMask = 2147483647;
			files = (
				4D1130612B965E9A0042C935 /* Preview Assets.xcassets in Resources */,
				4D11305E2B965E9A0042C935 /* Assets.xcassets in Resources */,
			);
			runOnlyForDeploymentPostprocessing = 0;
		};
/* End PBXResourcesBuildPhase section */

/* Begin PBXSourcesBuildPhase section */
		4D1130522B965E930042C935 /* Sources */ = {
			isa = PBXSourcesBuildPhase;
			buildActionMask = 2147483647;
			files = (
				4DC42B8E2B96600500C13BB4 /* MovieListScreen.swift in Sources */,
				4D11305C2B965E930042C935 /* ContentView.swift in Sources */,
				4D11306B2B965F060042C935 /* Review.swift in Sources */,
				4DC42B902B96603000C13BB4 /* MovieDetailScreen.swift in Sources */,
				4DA5385B2B974F960044A5C4 /* PlantsNavigationStack.swift in Sources */,
				4DA538642B975A010044A5C4 /* BirdDetailScreen.swift in Sources */,
				4DA538602B9757790044A5C4 /* Routing.swift in Sources */,
				4DC42B922B96606000C13BB4 /* MovieReviewScreen.swift in Sources */,
				4D11305A2B965E930042C935 /* SwiftuiRoutingApp.swift in Sources */,
				4DA5385D2B974FAC0044A5C4 /* BackyardNavigationStack.swift in Sources */,
				4D1130692B965EF00042C935 /* Movie.swift in Sources */,
				4DA538592B974F880044A5C4 /* BirdsNavigationStack.swift in Sources */,
			);
			runOnlyForDeploymentPostprocessing = 0;
		};
/* End PBXSourcesBuildPhase section */

/* Begin XCBuildConfiguration section */
		4D1130622B965E9A0042C935 /* Debug */ = {
			isa = XCBuildConfiguration;
			buildSettings = {
				ALWAYS_SEARCH_USER_PATHS = NO;
				ASSETCATALOG_COMPILER_GENERATE_SWIFT_ASSET_SYMBOL_EXTENSIONS = YES;
				CLANG_ANALYZER_NONNULL = YES;
				CLANG_ANALYZER_NUMBER_OBJECT_CONVERSION = YES_AGGRESSIVE;
				CLANG_CXX_LANGUAGE_STANDARD = "gnu++20";
				CLANG_ENABLE_MODULES = YES;
				CLANG_ENABLE_OBJC_ARC = YES;
				CLANG_ENABLE_OBJC_WEAK = YES;
				CLANG_WARN_BLOCK_CAPTURE_AUTORELEASING = YES;
				CLANG_WARN_BOOL_CONVERSION = YES;
				CLANG_WARN_COMMA = YES;
				CLANG_WARN_CONSTANT_CONVERSION = YES;
				CLANG_WARN_DEPRECATED_OBJC_IMPLEMENTATIONS = YES;
				CLANG_WARN_DIRECT_OBJC_ISA_USAGE = YES_ERROR;
				CLANG_WARN_DOCUMENTATION_COMMENTS = YES;
				CLANG_WARN_EMPTY_BODY = YES;
				CLANG_WARN_ENUM_CONVERSION = YES;
				CLANG_WARN_INFINITE_RECURSION = YES;
				CLANG_WARN_INT_CONVERSION = YES;
				CLANG_WARN_NON_LITERAL_NULL_CONVERSION = YES;
				CLANG_WARN_OBJC_IMPLICIT_RETAIN_SELF = YES;
				CLANG_WARN_OBJC_LITERAL_CONVERSION = YES;
				CLANG_WARN_OBJC_ROOT_CLASS = YES_ERROR;
				CLANG_WARN_QUOTED_INCLUDE_IN_FRAMEWORK_HEADER = YES;
				CLANG_WARN_RANGE_LOOP_ANALYSIS = YES;
				CLANG_WARN_STRICT_PROTOTYPES = YES;
				CLANG_WARN_SUSPICIOUS_MOVE = YES;
				CLANG_WARN_UNGUARDED_AVAILABILITY = YES_AGGRESSIVE;
				CLANG_WARN_UNREACHABLE_CODE = YES;
				CLANG_WARN__DUPLICATE_METHOD_MATCH = YES;
				COPY_PHASE_STRIP = NO;
				DEBUG_INFORMATION_FORMAT = dwarf;
				ENABLE_STRICT_OBJC_MSGSEND = YES;
				ENABLE_TESTABILITY = YES;
				ENABLE_USER_SCRIPT_SANDBOXING = YES;
				GCC_C_LANGUAGE_STANDARD = gnu17;
				GCC_DYNAMIC_NO_PIC = NO;
				GCC_NO_COMMON_BLOCKS = YES;
				GCC_OPTIMIZATION_LEVEL = 0;
				GCC_PREPROCESSOR_DEFINITIONS = (
					"DEBUG=1",
					"$(inherited)",
				);
				GCC_WARN_64_TO_32_BIT_CONVERSION = YES;
				GCC_WARN_ABOUT_RETURN_TYPE = YES_ERROR;
				GCC_WARN_UNDECLARED_SELECTOR = YES;
				GCC_WARN_UNINITIALIZED_AUTOS = YES_AGGRESSIVE;
				GCC_WARN_UNUSED_FUNCTION = YES;
				GCC_WARN_UNUSED_VARIABLE = YES;
				IPHONEOS_DEPLOYMENT_TARGET = 17.2;
				LOCALIZATION_PREFERS_STRING_CATALOGS = YES;
				MTL_ENABLE_DEBUG_INFO = INCLUDE_SOURCE;
				MTL_FAST_MATH = YES;
				ONLY_ACTIVE_ARCH = YES;
				SDKROOT = iphoneos;
				SWIFT_ACTIVE_COMPILATION_CONDITIONS = "DEBUG $(inherited)";
				SWIFT_OPTIMIZATION_LEVEL = "-Onone";
			};
			name = Debug;
		};
		4D1130632B965E9A0042C935 /* Release */ = {
			isa = XCBuildConfiguration;
			buildSettings = {
				ALWAYS_SEARCH_USER_PATHS = NO;
				ASSETCATALOG_COMPILER_GENERATE_SWIFT_ASSET_SYMBOL_EXTENSIONS = YES;
				CLANG_ANALYZER_NONNULL = YES;
				CLANG_ANALYZER_NUMBER_OBJECT_CONVERSION = YES_AGGRESSIVE;
				CLANG_CXX_LANGUAGE_STANDARD = "gnu++20";
				CLANG_ENABLE_MODULES = YES;
				CLANG_ENABLE_OBJC_ARC = YES;
				CLANG_ENABLE_OBJC_WEAK = YES;
				CLANG_WARN_BLOCK_CAPTURE_AUTORELEASING = YES;
				CLANG_WARN_BOOL_CONVERSION = YES;
				CLANG_WARN_COMMA = YES;
				CLANG_WARN_CONSTANT_CONVERSION = YES;
				CLANG_WARN_DEPRECATED_OBJC_IMPLEMENTATIONS = YES;
				CLANG_WARN_DIRECT_OBJC_ISA_USAGE = YES_ERROR;
				CLANG_WARN_DOCUMENTATION_COMMENTS = YES;
				CLANG_WARN_EMPTY_BODY = YES;
				CLANG_WARN_ENUM_CONVERSION = YES;
				CLANG_WARN_INFINITE_RECURSION = YES;
				CLANG_WARN_INT_CONVERSION = YES;
				CLANG_WARN_NON_LITERAL_NULL_CONVERSION = YES;
				CLANG_WARN_OBJC_IMPLICIT_RETAIN_SELF = YES;
				CLANG_WARN_OBJC_LITERAL_CONVERSION = YES;
				CLANG_WARN_OBJC_ROOT_CLASS = YES_ERROR;
				CLANG_WARN_QUOTED_INCLUDE_IN_FRAMEWORK_HEADER = YES;
				CLANG_WARN_RANGE_LOOP_ANALYSIS = YES;
				CLANG_WARN_STRICT_PROTOTYPES = YES;
				CLANG_WARN_SUSPICIOUS_MOVE = YES;
				CLANG_WARN_UNGUARDED_AVAILABILITY = YES_AGGRESSIVE;
				CLANG_WARN_UNREACHABLE_CODE = YES;
				CLANG_WARN__DUPLICATE_METHOD_MATCH = YES;
				COPY_PHASE_STRIP = NO;
				DEBUG_INFORMATION_FORMAT = "dwarf-with-dsym";
				ENABLE_NS_ASSERTIONS = NO;
				ENABLE_STRICT_OBJC_MSGSEND = YES;
				ENABLE_USER_SCRIPT_SANDBOXING = YES;
				GCC_C_LANGUAGE_STANDARD = gnu17;
				GCC_NO_COMMON_BLOCKS = YES;
				GCC_WARN_64_TO_32_BIT_CONVERSION = YES;
				GCC_WARN_ABOUT_RETURN_TYPE = YES_ERROR;
				GCC_WARN_UNDECLARED_SELECTOR = YES;
				GCC_WARN_UNINITIALIZED_AUTOS = YES_AGGRESSIVE;
				GCC_WARN_UNUSED_FUNCTION = YES;
				GCC_WARN_UNUSED_VARIABLE = YES;
				IPHONEOS_DEPLOYMENT_TARGET = 17.2;
				LOCALIZATION_PREFERS_STRING_CATALOGS = YES;
				MTL_ENABLE_DEBUG_INFO = NO;
				MTL_FAST_MATH = YES;
				SDKROOT = iphoneos;
				SWIFT_COMPILATION_MODE = wholemodule;
				VALIDATE_PRODUCT = YES;
			};
			name = Release;
		};
		4D1130652B965E9A0042C935 /* Debug */ = {
			isa = XCBuildConfiguration;
			buildSettings = {
				ASSETCATALOG_COMPILER_APPICON_NAME = AppIcon;
				ASSETCATALOG_COMPILER_GLOBAL_ACCENT_COLOR_NAME = AccentColor;
				CODE_SIGN_STYLE = Automatic;
				CURRENT_PROJECT_VERSION = 1;
				DEVELOPMENT_ASSET_PATHS = "\"SwiftuiRouting/Preview Content\"";
				DEVELOPMENT_TEAM = 56F54J4H3N;
				ENABLE_PREVIEWS = YES;
				GENERATE_INFOPLIST_FILE = YES;
				INFOPLIST_KEY_UIApplicationSceneManifest_Generation = YES;
				INFOPLIST_KEY_UIApplicationSupportsIndirectInputEvents = YES;
				INFOPLIST_KEY_UILaunchScreen_Generation = YES;
				INFOPLIST_KEY_UISupportedInterfaceOrientations_iPad = "UIInterfaceOrientationPortrait UIInterfaceOrientationPortraitUpsideDown UIInterfaceOrientationLandscapeLeft UIInterfaceOrientationLandscapeRight";
				INFOPLIST_KEY_UISupportedInterfaceOrientations_iPhone = "UIInterfaceOrientationPortrait UIInterfaceOrientationLandscapeLeft UIInterfaceOrientationLandscapeRight";
				LD_RUNPATH_SEARCH_PATHS = (
					"$(inherited)",
					"@executable_path/Frameworks",
				);
				MARKETING_VERSION = 1.0;
				PRODUCT_BUNDLE_IDENTIFIER = mobilesoftwareservices.SwiftuiRouting;
				PRODUCT_NAME = "$(TARGET_NAME)";
				SWIFT_EMIT_LOC_STRINGS = YES;
				SWIFT_VERSION = 5.0;
				TARGETED_DEVICE_FAMILY = "1,2";
			};
			name = Debug;
		};
		4D1130662B965E9A0042C935 /* Release */ = {
			isa = XCBuildConfiguration;
			buildSettings = {
				ASSETCATALOG_COMPILER_APPICON_NAME = AppIcon;
				ASSETCATALOG_COMPILER_GLOBAL_ACCENT_COLOR_NAME = AccentColor;
				CODE_SIGN_STYLE = Automatic;
				CURRENT_PROJECT_VERSION = 1;
				DEVELOPMENT_ASSET_PATHS = "\"SwiftuiRouting/Preview Content\"";
				DEVELOPMENT_TEAM = 56F54J4H3N;
				ENABLE_PREVIEWS = YES;
				GENERATE_INFOPLIST_FILE = YES;
				INFOPLIST_KEY_UIApplicationSceneManifest_Generation = YES;
				INFOPLIST_KEY_UIApplicationSupportsIndirectInputEvents = YES;
				INFOPLIST_KEY_UILaunchScreen_Generation = YES;
				INFOPLIST_KEY_UISupportedInterfaceOrientations_iPad = "UIInterfaceOrientationPortrait UIInterfaceOrientationPortraitUpsideDown UIInterfaceOrientationLandscapeLeft UIInterfaceOrientationLandscapeRight";
				INFOPLIST_KEY_UISupportedInterfaceOrientations_iPhone = "UIInterfaceOrientationPortrait UIInterfaceOrientationLandscapeLeft UIInterfaceOrientationLandscapeRight";
				LD_RUNPATH_SEARCH_PATHS = (
					"$(inherited)",
					"@executable_path/Frameworks",
				);
				MARKETING_VERSION = 1.0;
				PRODUCT_BUNDLE_IDENTIFIER = mobilesoftwareservices.SwiftuiRouting;
				PRODUCT_NAME = "$(TARGET_NAME)";
				SWIFT_EMIT_LOC_STRINGS = YES;
				SWIFT_VERSION = 5.0;
				TARGETED_DEVICE_FAMILY = "1,2";
			};
			name = Release;
		};
/* End XCBuildConfiguration section */

/* Begin XCConfigurationList section */
		4D1130512B965E930042C935 /* Build configuration list for PBXProject "SwiftuiRouting" */ = {
			isa = XCConfigurationList;
			buildConfigurations = (
				4D1130622B965E9A0042C935 /* Debug */,
				4D1130632B965E9A0042C935 /* Release */,
			);
			defaultConfigurationIsVisible = 0;
			defaultConfigurationName = Release;
		};
		4D1130642B965E9A0042C935 /* Build configuration list for PBXNativeTarget "SwiftuiRouting" */ = {
			isa = XCConfigurationList;
			buildConfigurations = (
				4D1130652B965E9A0042C935 /* Debug */,
				4D1130662B965E9A0042C935 /* Release */,
			);
			defaultConfigurationIsVisible = 0;
			defaultConfigurationName = Release;
		};
/* End XCConfigurationList section */
	};
	rootObject = 4D11304E2B965E930042C935 /* Project object */;
}
