// !$*UTF8*$!
{
	archiveVersion = 1;
	classes = {
	};
	objectVersion = 56;
	objects = {

/* Begin PBXGroup section */
		4DB6FCFA2C2C8F730001C9AB = {
			isa = PBXGroup;
			children = (
			);
			sourceTree = "<group>";
		};
/* End PBXGroup section */

/* Begin PBXProject section */
		4DB6FCFB2C2C8F730001C9AB /* Project object */ = {
			isa = PBXProject;
			attributes = {
				BuildIndependentTargetsInParallel = 1;
				LastUpgradeCheck = 1540;
			};
			buildConfigurationList = 4DB6FCFE2C2C8F730001C9AB /* Build configuration list for PBXProject "TestUDOApp" */;
			compatibilityVersion = "Xcode 14.0";
			developmentRegion = en;
			hasScannedForEncodings = 0;
			knownRegions = (
				en,
				Base,
			);
			mainGroup = 4DB6FCFA2C2C8F730001C9AB;
			projectDirPath = "";
			projectRoot = "";
			targets = (
			);
		};
/* End PBXProject section */

/* Begin XCBuildConfiguration section */
		4DB6FCFF2C2C8F730001C9AB /* Debug */ = {
			isa = XCBuildConfiguration;
			buildSettings = {
			};
			name = Debug;
		};
		4DB6FD002C2C8F730001C9AB /* Release */ = {
			isa = XCBuildConfiguration;
			buildSettings = {
			};
			name = Release;
		};
/* End XCBuildConfiguration section */

/* Begin XCConfigurationList section */
		4DB6FCFE2C2C8F730001C9AB /* Build configuration list for PBXProject "TestUDOApp" */ = {
			isa = XCConfigurationList;
			buildConfigurations = (
				4DB6FCFF2C2C8F730001C9AB /* Debug */,
				4DB6FD002C2C8F730001C9AB /* Release */,
			);
			defaultConfigurationIsVisible = 0;
			defaultConfigurationName = Release;
		};
/* End XCConfigurationList section */
	};
	rootObject = 4DB6FCFB2C2C8F730001C9AB /* Project object */;
}
