// !$*UTF8*$!
{
	archiveVersion = 1;
	classes = {
	};
	objectVersion = 56;
	objects = {

/* Begin PBXBuildFile section */
		4DB6FD092C2C907A0001C9AB /* iOS_UDO_ChatGPTApp.swift in Sources */ = {isa = PBXBuildFile; fileRef = 4DB6FD082C2C907A0001C9AB /* iOS_UDO_ChatGPTApp.swift */; };
		4DB6FD0B2C2C907A0001C9AB /* ContentView.swift in Sources */ = {isa = PBXBuildFile; fileRef = 4DB6FD0A2C2C907A0001C9AB /* ContentView.swift */; };
		4DB6FD0D2C2C907C0001C9AB /* Assets.xcassets in Resources */ = {isa = PBXBuildFile; fileRef = 4DB6FD0C2C2C907C0001C9AB /* Assets.xcassets */; };
		4DB6FD102C2C907C0001C9AB /* Preview Assets.xcassets in Resources */ = {isa = PBXBuildFile; fileRef = 4DB6FD0F2C2C907C0001C9AB /* Preview Assets.xcassets */; };
		4DB6FD1B2C2C90DF0001C9AB /* macOS_UDO_ChatGPTApp.swift in Sources */ = {isa = PBXBuildFile; fileRef = 4DB6FD1A2C2C90DF0001C9AB /* macOS_UDO_ChatGPTApp.swift */; };
		4DB6FD1D2C2C90DF0001C9AB /* ContentView.swift in Sources */ = {isa = PBXBuildFile; fileRef = 4DB6FD1C2C2C90DF0001C9AB /* ContentView.swift */; };
		4DB6FD1F2C2C90E10001C9AB /* Assets.xcassets in Resources */ = {isa = PBXBuildFile; fileRef = 4DB6FD1E2C2C90E10001C9AB /* Assets.xcassets */; };
		4DB6FD222C2C90E10001C9AB /* Preview Assets.xcassets in Resources */ = {isa = PBXBuildFile; fileRef = 4DB6FD212C2C90E10001C9AB /* Preview Assets.xcassets */; };
		4DB6FD2A2C2C918F0001C9AB /* macOS-UDO-ChatGPT.app in Resources */ = {isa = PBXBuildFile; fileRef = 4DB6FD182C2C90DF0001C9AB /* macOS-UDO-ChatGPT.app */; };
		4DB6FD2E2C2C91A00001C9AB /* OpenAISwift in Frameworks */ = {isa = PBXBuildFile; productRef = 4DB6FD2D2C2C91A00001C9AB /* OpenAISwift */; };
		4DB6FD302C2C91AC0001C9AB /* OpenAISwift in Frameworks */ = {isa = PBXBuildFile; productRef = 4DB6FD2F2C2C91AC0001C9AB /* OpenAISwift */; };
		4DB6FD342C2C9D9D0001C9AB /* MainView.swift in Sources */ = {isa = PBXBuildFile; fileRef = 4DB6FD332C2C9D9D0001C9AB /* MainView.swift */; };
		4DB6FD352C2C9D9D0001C9AB /* MainView.swift in Sources */ = {isa = PBXBuildFile; fileRef = 4DB6FD332C2C9D9D0001C9AB /* MainView.swift */; };
		4DB6FD382C2C9EC60001C9AB /* String+Extensions.swift in Sources */ = {isa = PBXBuildFile; fileRef = 4DB6FD372C2C9EC60001C9AB /* String+Extensions.swift */; };
		4DB6FD392C2C9EC60001C9AB /* String+Extensions.swift in Sources */ = {isa = PBXBuildFile; fileRef = 4DB6FD372C2C9EC60001C9AB /* String+Extensions.swift */; };
/* End PBXBuildFile section */

/* Begin PBXContainerItemProxy section */
		4DB6FD2B2C2C918F0001C9AB /* PBXContainerItemProxy */ = {
			isa = PBXContainerItemProxy;
			containerPortal = 4DB6FCFB2C2C8F730001C9AB /* Project object */;
			proxyType = 1;
			remoteGlobalIDString = 4DB6FD172C2C90DF0001C9AB;
			remoteInfo = "macOS-UDO-ChatGPT";
		};
/* End PBXContainerItemProxy section */

/* Begin PBXFileReference section */
		4D6758322C2D9F7300AF26D2 /* Config.xcconfig */ = {isa = PBXFileReference; lastKnownFileType = text.xcconfig; path = Config.xcconfig; sourceTree = "<group>"; };
		4DB6FD052C2C907A0001C9AB /* iOS-UDO-ChatGPT.app */ = {isa = PBXFileReference; explicitFileType = wrapper.application; includeInIndex = 0; path = "iOS-UDO-ChatGPT.app"; sourceTree = BUILT_PRODUCTS_DIR; };
		4DB6FD082C2C907A0001C9AB /* iOS_UDO_ChatGPTApp.swift */ = {isa = PBXFileReference; lastKnownFileType = sourcecode.swift; path = iOS_UDO_ChatGPTApp.swift; sourceTree = "<group>"; };
		4DB6FD0A2C2C907A0001C9AB /* ContentView.swift */ = {isa = PBXFileReference; lastKnownFileType = sourcecode.swift; path = ContentView.swift; sourceTree = "<group>"; };
		4DB6FD0C2C2C907C0001C9AB /* Assets.xcassets */ = {isa = PBXFileReference; lastKnownFileType = folder.assetcatalog; path = Assets.xcassets; sourceTree = "<group>"; };
		4DB6FD0F2C2C907C0001C9AB /* Preview Assets.xcassets */ = {isa = PBXFileReference; lastKnownFileType = folder.assetcatalog; path = "Preview Assets.xcassets"; sourceTree = "<group>"; };
		4DB6FD182C2C90DF0001C9AB /* macOS-UDO-ChatGPT.app */ = {isa = PBXFileReference; explicitFileType = wrapper.application; includeInIndex = 0; path = "macOS-UDO-ChatGPT.app"; sourceTree = BUILT_PRODUCTS_DIR; };
		4DB6FD1A2C2C90DF0001C9AB /* macOS_UDO_ChatGPTApp.swift */ = {isa = PBXFileReference; lastKnownFileType = sourcecode.swift; path = macOS_UDO_ChatGPTApp.swift; sourceTree = "<group>"; };
		4DB6FD1C2C2C90DF0001C9AB /* ContentView.swift */ = {isa = PBXFileReference; lastKnownFileType = sourcecode.swift; path = ContentView.swift; sourceTree = "<group>"; };
		4DB6FD1E2C2C90E10001C9AB /* Assets.xcassets */ = {isa = PBXFileReference; lastKnownFileType = folder.assetcatalog; path = Assets.xcassets; sourceTree = "<group>"; };
		4DB6FD212C2C90E10001C9AB /* Preview Assets.xcassets */ = {isa = PBXFileReference; lastKnownFileType = folder.assetcatalog; path = "Preview Assets.xcassets"; sourceTree = "<group>"; };
		4DB6FD232C2C90E10001C9AB /* macOS_UDO_ChatGPT.entitlements */ = {isa = PBXFileReference; lastKnownFileType = text.plist.entitlements; path = macOS_UDO_ChatGPT.entitlements; sourceTree = "<group>"; };
		4DB6FD332C2C9D9D0001C9AB /* MainView.swift */ = {isa = PBXFileReference; lastKnownFileType = sourcecode.swift; path = MainView.swift; sourceTree = "<group>"; };
		4DB6FD372C2C9EC60001C9AB /* String+Extensions.swift */ = {isa = PBXFileReference; lastKnownFileType = sourcecode.swift; path = "String+Extensions.swift"; sourceTree = "<group>"; };
/* End PBXFileReference section */

/* Begin PBXFrameworksBuildPhase section */
		4DB6FD022C2C907A0001C9AB /* Frameworks */ = {
			isa = PBXFrameworksBuildPhase;
			buildActionMask = 2147483647;
			files = (
				4DB6FD302C2C91AC0001C9AB /* OpenAISwift in Frameworks */,
			);
			runOnlyForDeploymentPostprocessing = 0;
		};
		4DB6FD152C2C90DF0001C9AB /* Frameworks */ = {
			isa = PBXFrameworksBuildPhase;
			buildActionMask = 2147483647;
			files = (
				4DB6FD2E2C2C91A00001C9AB /* OpenAISwift in Frameworks */,
			);
			runOnlyForDeploymentPostprocessing = 0;
		};
/* End PBXFrameworksBuildPhase section */

/* Begin PBXGroup section */
		4DB6FCFA2C2C8F730001C9AB = {
			isa = PBXGroup;
			children = (
				4DB6FD272C2C910B0001C9AB /* Shared */,
				4DB6FD072C2C907A0001C9AB /* iOS-UDO-ChatGPT */,
				4DB6FD192C2C90DF0001C9AB /* macOS-UDO-ChatGPT */,
				4DB6FD062C2C907A0001C9AB /* Products */,
				4DB6FD292C2C918F0001C9AB /* Frameworks */,
			);
			sourceTree = "<group>";
		};
		4DB6FD062C2C907A0001C9AB /* Products */ = {
			isa = PBXGroup;
			children = (
				4DB6FD052C2C907A0001C9AB /* iOS-UDO-ChatGPT.app */,
				4DB6FD182C2C90DF0001C9AB /* macOS-UDO-ChatGPT.app */,
			);
			name = Products;
			sourceTree = "<group>";
		};
		4DB6FD072C2C907A0001C9AB /* iOS-UDO-ChatGPT */ = {
			isa = PBXGroup;
			children = (
				4DB6FD082C2C907A0001C9AB /* iOS_UDO_ChatGPTApp.swift */,
				4DB6FD0A2C2C907A0001C9AB /* ContentView.swift */,
				4DB6FD0C2C2C907C0001C9AB /* Assets.xcassets */,
				4DB6FD0E2C2C907C0001C9AB /* Preview Content */,
			);
			path = "iOS-UDO-ChatGPT";
			sourceTree = "<group>";
		};
		4DB6FD0E2C2C907C0001C9AB /* Preview Content */ = {
			isa = PBXGroup;
			children = (
				4DB6FD0F2C2C907C0001C9AB /* Preview Assets.xcassets */,
			);
			path = "Preview Content";
			sourceTree = "<group>";
		};
		4DB6FD192C2C90DF0001C9AB /* macOS-UDO-ChatGPT */ = {
			isa = PBXGroup;
			children = (
				4DB6FD1A2C2C90DF0001C9AB /* macOS_UDO_ChatGPTApp.swift */,
				4DB6FD1C2C2C90DF0001C9AB /* ContentView.swift */,
				4DB6FD1E2C2C90E10001C9AB /* Assets.xcassets */,
				4DB6FD232C2C90E10001C9AB /* macOS_UDO_ChatGPT.entitlements */,
				4DB6FD202C2C90E10001C9AB /* Preview Content */,
			);
			path = "macOS-UDO-ChatGPT";
			sourceTree = "<group>";
		};
		4DB6FD202C2C90E10001C9AB /* Preview Content */ = {
			isa = PBXGroup;
			children = (
				4DB6FD212C2C90E10001C9AB /* Preview Assets.xcassets */,
			);
			path = "Preview Content";
			sourceTree = "<group>";
		};
		4DB6FD272C2C910B0001C9AB /* Shared */ = {
			isa = PBXGroup;
			children = (
				4DB6FD362C2C9EAD0001C9AB /* Extensions */,
				4DB6FD332C2C9D9D0001C9AB /* MainView.swift */,
				4D6758322C2D9F7300AF26D2 /* Config.xcconfig */,
			);
			path = Shared;
			sourceTree = "<group>";
		};
		4DB6FD292C2C918F0001C9AB /* Frameworks */ = {
			isa = PBXGroup;
			children = (
			);
			name = Frameworks;
			sourceTree = "<group>";
		};
		4DB6FD362C2C9EAD0001C9AB /* Extensions */ = {
			isa = PBXGroup;
			children = (
				4DB6FD372C2C9EC60001C9AB /* String+Extensions.swift */,
			);
			path = Extensions;
			sourceTree = "<group>";
		};
/* End PBXGroup section */

/* Begin PBXNativeTarget section */
		4DB6FD042C2C907A0001C9AB /* iOS-UDO-ChatGPT */ = {
			isa = PBXNativeTarget;
			buildConfigurationList = 4DB6FD112C2C907C0001C9AB /* Build configuration list for PBXNativeTarget "iOS-UDO-ChatGPT" */;
			buildPhases = (
				4DB6FD012C2C907A0001C9AB /* Sources */,
				4DB6FD022C2C907A0001C9AB /* Frameworks */,
				4DB6FD032C2C907A0001C9AB /* Resources */,
			);
			buildRules = (
			);
			dependencies = (
				4DB6FD2C2C2C918F0001C9AB /* PBXTargetDependency */,
			);
			name = "iOS-UDO-ChatGPT";
			packageProductDependencies = (
				4DB6FD2F2C2C91AC0001C9AB /* OpenAISwift */,
			);
			productName = "iOS-UDO-ChatGPT";
			productReference = 4DB6FD052C2C907A0001C9AB /* iOS-UDO-ChatGPT.app */;
			productType = "com.apple.product-type.application";
		};
		4DB6FD172C2C90DF0001C9AB /* macOS-UDO-ChatGPT */ = {
			isa = PBXNativeTarget;
			buildConfigurationList = 4DB6FD242C2C90E10001C9AB /* Build configuration list for PBXNativeTarget "macOS-UDO-ChatGPT" */;
			buildPhases = (
				4DB6FD142C2C90DF0001C9AB /* Sources */,
				4DB6FD152C2C90DF0001C9AB /* Frameworks */,
				4DB6FD162C2C90DF0001C9AB /* Resources */,
			);
			buildRules = (
			);
			dependencies = (
			);
			name = "macOS-UDO-ChatGPT";
			packageProductDependencies = (
				4DB6FD2D2C2C91A00001C9AB /* OpenAISwift */,
			);
			productName = "macOS-UDO-ChatGPT";
			productReference = 4DB6FD182C2C90DF0001C9AB /* macOS-UDO-ChatGPT.app */;
			productType = "com.apple.product-type.application";
		};
/* End PBXNativeTarget section */

/* Begin PBXProject section */
		4DB6FCFB2C2C8F730001C9AB /* Project object */ = {
			isa = PBXProject;
			attributes = {
				BuildIndependentTargetsInParallel = 1;
				LastSwiftUpdateCheck = 1540;
				LastUpgradeCheck = 1540;
				TargetAttributes = {
					4DB6FD042C2C907A0001C9AB = {
						CreatedOnToolsVersion = 15.4;
					};
					4DB6FD172C2C90DF0001C9AB = {
						CreatedOnToolsVersion = 15.4;
					};
				};
			};
			buildConfigurationList = 4DB6FCFE2C2C8F730001C9AB /* Build configuration list for PBXProject "TestUDOApp" */;
			compatibilityVersion = "Xcode 14.0";
			developmentRegion = en;
			hasScannedForEncodings = 0;
			knownRegions = (
				en,
				Base,
			);
			mainGroup = 4DB6FCFA2C2C8F730001C9AB;
			packageReferences = (
				4DB6FD282C2C91320001C9AB /* XCRemoteSwiftPackageReference "OpenAISwift" */,
			);
			productRefGroup = 4DB6FD062C2C907A0001C9AB /* Products */;
			projectDirPath = "";
			projectRoot = "";
			targets = (
				4DB6FD042C2C907A0001C9AB /* iOS-UDO-ChatGPT */,
				4DB6FD172C2C90DF0001C9AB /* macOS-UDO-ChatGPT */,
			);
		};
/* End PBXProject section */

/* Begin PBXResourcesBuildPhase section */
		4DB6FD032C2C907A0001C9AB /* Resources */ = {
			isa = PBXResourcesBuildPhase;
			buildActionMask = 2147483647;
			files = (
				4DB6FD102C2C907C0001C9AB /* Preview Assets.xcassets in Resources */,
				4DB6FD0D2C2C907C0001C9AB /* Assets.xcassets in Resources */,
				4DB6FD2A2C2C918F0001C9AB /* macOS-UDO-ChatGPT.app in Resources */,
			);
			runOnlyForDeploymentPostprocessing = 0;
		};
		4DB6FD162C2C90DF0001C9AB /* Resources */ = {
			isa = PBXResourcesBuildPhase;
			buildActionMask = 2147483647;
			files = (
				4DB6FD222C2C90E10001C9AB /* Preview Assets.xcassets in Resources */,
				4DB6FD1F2C2C90E10001C9AB /* Assets.xcassets in Resources */,
			);
			runOnlyForDeploymentPostprocessing = 0;
		};
/* End PBXResourcesBuildPhase section */

/* Begin PBXSourcesBuildPhase section */
		4DB6FD012C2C907A0001C9AB /* Sources */ = {
			isa = PBXSourcesBuildPhase;
			buildActionMask = 2147483647;
			files = (
				4DB6FD382C2C9EC60001C9AB /* String+Extensions.swift in Sources */,
				4DB6FD0B2C2C907A0001C9AB /* ContentView.swift in Sources */,
				4DB6FD342C2C9D9D0001C9AB /* MainView.swift in Sources */,
				4DB6FD092C2C907A0001C9AB /* iOS_UDO_ChatGPTApp.swift in Sources */,
			);
			runOnlyForDeploymentPostprocessing = 0;
		};
		4DB6FD142C2C90DF0001C9AB /* Sources */ = {
			isa = PBXSourcesBuildPhase;
			buildActionMask = 2147483647;
			files = (
				4DB6FD392C2C9EC60001C9AB /* String+Extensions.swift in Sources */,
				4DB6FD1D2C2C90DF0001C9AB /* ContentView.swift in Sources */,
				4DB6FD352C2C9D9D0001C9AB /* MainView.swift in Sources */,
				4DB6FD1B2C2C90DF0001C9AB /* macOS_UDO_ChatGPTApp.swift in Sources */,
			);
			runOnlyForDeploymentPostprocessing = 0;
		};
/* End PBXSourcesBuildPhase section */

/* Begin PBXTargetDependency section */
		4DB6FD2C2C2C918F0001C9AB /* PBXTargetDependency */ = {
			isa = PBXTargetDependency;
			target = 4DB6FD172C2C90DF0001C9AB /* macOS-UDO-ChatGPT */;
			targetProxy = 4DB6FD2B2C2C918F0001C9AB /* PBXContainerItemProxy */;
		};
/* End PBXTargetDependency section */

/* Begin XCBuildConfiguration section */
		4DB6FCFF2C2C8F730001C9AB /* Debug */ = {
			isa = XCBuildConfiguration;
			buildSettings = {
			};
			name = Debug;
		};
		4DB6FD002C2C8F730001C9AB /* Release */ = {
			isa = XCBuildConfiguration;
			buildSettings = {
			};
			name = Release;
		};
		4DB6FD122C2C907C0001C9AB /* Debug */ = {
			isa = XCBuildConfiguration;
			buildSettings = {
				ALWAYS_SEARCH_USER_PATHS = NO;
				ASSETCATALOG_COMPILER_APPICON_NAME = AppIcon;
				ASSETCATALOG_COMPILER_GENERATE_SWIFT_ASSET_SYMBOL_EXTENSIONS = YES;
				ASSETCATALOG_COMPILER_GLOBAL_ACCENT_COLOR_NAME = AccentColor;
				CLANG_ANALYZER_NONNULL = YES;
				CLANG_ANALYZER_NUMBER_OBJECT_CONVERSION = YES_AGGRESSIVE;
				CLANG_CXX_LANGUAGE_STANDARD = "gnu++20";
				CLANG_ENABLE_MODULES = YES;
				CLANG_ENABLE_OBJC_ARC = YES;
				CLANG_ENABLE_OBJC_WEAK = YES;
				CLANG_WARN_BLOCK_CAPTURE_AUTORELEASING = YES;
				CLANG_WARN_BOOL_CONVERSION = YES;
				CLANG_WARN_COMMA = YES;
				CLANG_WARN_CONSTANT_CONVERSION = YES;
				CLANG_WARN_DEPRECATED_OBJC_IMPLEMENTATIONS = YES;
				CLANG_WARN_DIRECT_OBJC_ISA_USAGE = YES_ERROR;
				CLANG_WARN_DOCUMENTATION_COMMENTS = YES;
				CLANG_WARN_EMPTY_BODY = YES;
				CLANG_WARN_ENUM_CONVERSION = YES;
				CLANG_WARN_INFINITE_RECURSION = YES;
				CLANG_WARN_INT_CONVERSION = YES;
				CLANG_WARN_NON_LITERAL_NULL_CONVERSION = YES;
				CLANG_WARN_OBJC_IMPLICIT_RETAIN_SELF = YES;
				CLANG_WARN_OBJC_LITERAL_CONVERSION = YES;
				CLANG_WARN_OBJC_ROOT_CLASS = YES_ERROR;
				CLANG_WARN_QUOTED_INCLUDE_IN_FRAMEWORK_HEADER = YES;
				CLANG_WARN_RANGE_LOOP_ANALYSIS = YES;
				CLANG_WARN_STRICT_PROTOTYPES = YES;
				CLANG_WARN_SUSPICIOUS_MOVE = YES;
				CLANG_WARN_UNGUARDED_AVAILABILITY = YES_AGGRESSIVE;
				CLANG_WARN_UNREACHABLE_CODE = YES;
				CLANG_WARN__DUPLICATE_METHOD_MATCH = YES;
				CODE_SIGN_STYLE = Automatic;
				COPY_PHASE_STRIP = NO;
				CURRENT_PROJECT_VERSION = 1;
				DEBUG_INFORMATION_FORMAT = dwarf;
				DEVELOPMENT_ASSET_PATHS = "\"iOS-UDO-ChatGPT/Preview Content\"";
				DEVELOPMENT_TEAM = 56F54J4H3N;
				ENABLE_PREVIEWS = YES;
				ENABLE_STRICT_OBJC_MSGSEND = YES;
				ENABLE_TESTABILITY = YES;
				ENABLE_USER_SCRIPT_SANDBOXING = YES;
				GCC_C_LANGUAGE_STANDARD = gnu17;
				GCC_DYNAMIC_NO_PIC = NO;
				GCC_NO_COMMON_BLOCKS = YES;
				GCC_OPTIMIZATION_LEVEL = 0;
				GCC_PREPROCESSOR_DEFINITIONS = (
					"DEBUG=1",
					"$(inherited)",
				);
				GCC_WARN_64_TO_32_BIT_CONVERSION = YES;
				GCC_WARN_ABOUT_RETURN_TYPE = YES_ERROR;
				GCC_WARN_UNDECLARED_SELECTOR = YES;
				GCC_WARN_UNINITIALIZED_AUTOS = YES_AGGRESSIVE;
				GCC_WARN_UNUSED_FUNCTION = YES;
				GCC_WARN_UNUSED_VARIABLE = YES;
				GENERATE_INFOPLIST_FILE = YES;
				INFOPLIST_KEY_UIApplicationSceneManifest_Generation = YES;
				INFOPLIST_KEY_UIApplicationSupportsIndirectInputEvents = YES;
				INFOPLIST_KEY_UILaunchScreen_Generation = YES;
				INFOPLIST_KEY_UISupportedInterfaceOrientations_iPad = "UIInterfaceOrientationPortrait UIInterfaceOrientationPortraitUpsideDown UIInterfaceOrientationLandscapeLeft UIInterfaceOrientationLandscapeRight";
				INFOPLIST_KEY_UISupportedInterfaceOrientations_iPhone = "UIInterfaceOrientationPortrait UIInterfaceOrientationLandscapeLeft UIInterfaceOrientationLandscapeRight";
				IPHONEOS_DEPLOYMENT_TARGET = 17.5;
				LD_RUNPATH_SEARCH_PATHS = (
					"$(inherited)",
					"@executable_path/Frameworks",
				);
				LOCALIZATION_PREFERS_STRING_CATALOGS = YES;
				MARKETING_VERSION = 1.0;
				MTL_ENABLE_DEBUG_INFO = INCLUDE_SOURCE;
				MTL_FAST_MATH = YES;
				ONLY_ACTIVE_ARCH = YES;
				PRODUCT_BUNDLE_IDENTIFIER = "mobilesoftwareservices.iOS-UDO-ChatGPT";
				PRODUCT_NAME = "$(TARGET_NAME)";
				SDKROOT = iphoneos;
				SWIFT_ACTIVE_COMPILATION_CONDITIONS = "DEBUG $(inherited)";
				SWIFT_EMIT_LOC_STRINGS = YES;
				SWIFT_OPTIMIZATION_LEVEL = "-Onone";
				SWIFT_VERSION = 5.0;
				TARGETED_DEVICE_FAMILY = "1,2";
			};
			name = Debug;
		};
		4DB6FD132C2C907C0001C9AB /* Release */ = {
			isa = XCBuildConfiguration;
			buildSettings = {
				ALWAYS_SEARCH_USER_PATHS = NO;
				ASSETCATALOG_COMPILER_APPICON_NAME = AppIcon;
				ASSETCATALOG_COMPILER_GENERATE_SWIFT_ASSET_SYMBOL_EXTENSIONS = YES;
				ASSETCATALOG_COMPILER_GLOBAL_ACCENT_COLOR_NAME = AccentColor;
				CLANG_ANALYZER_NONNULL = YES;
				CLANG_ANALYZER_NUMBER_OBJECT_CONVERSION = YES_AGGRESSIVE;
				CLANG_CXX_LANGUAGE_STANDARD = "gnu++20";
				CLANG_ENABLE_MODULES = YES;
				CLANG_ENABLE_OBJC_ARC = YES;
				CLANG_ENABLE_OBJC_WEAK = YES;
				CLANG_WARN_BLOCK_CAPTURE_AUTORELEASING = YES;
				CLANG_WARN_BOOL_CONVERSION = YES;
				CLANG_WARN_COMMA = YES;
				CLANG_WARN_CONSTANT_CONVERSION = YES;
				CLANG_WARN_DEPRECATED_OBJC_IMPLEMENTATIONS = YES;
				CLANG_WARN_DIRECT_OBJC_ISA_USAGE = YES_ERROR;
				CLANG_WARN_DOCUMENTATION_COMMENTS = YES;
				CLANG_WARN_EMPTY_BODY = YES;
				CLANG_WARN_ENUM_CONVERSION = YES;
				CLANG_WARN_INFINITE_RECURSION = YES;
				CLANG_WARN_INT_CONVERSION = YES;
				CLANG_WARN_NON_LITERAL_NULL_CONVERSION = YES;
				CLANG_WARN_OBJC_IMPLICIT_RETAIN_SELF = YES;
				CLANG_WARN_OBJC_LITERAL_CONVERSION = YES;
				CLANG_WARN_OBJC_ROOT_CLASS = YES_ERROR;
				CLANG_WARN_QUOTED_INCLUDE_IN_FRAMEWORK_HEADER = YES;
				CLANG_WARN_RANGE_LOOP_ANALYSIS = YES;
				CLANG_WARN_STRICT_PROTOTYPES = YES;
				CLANG_WARN_SUSPICIOUS_MOVE = YES;
				CLANG_WARN_UNGUARDED_AVAILABILITY = YES_AGGRESSIVE;
				CLANG_WARN_UNREACHABLE_CODE = YES;
				CLANG_WARN__DUPLICATE_METHOD_MATCH = YES;
				CODE_SIGN_STYLE = Automatic;
				COPY_PHASE_STRIP = NO;
				CURRENT_PROJECT_VERSION = 1;
				DEBUG_INFORMATION_FORMAT = "dwarf-with-dsym";
				DEVELOPMENT_ASSET_PATHS = "\"iOS-UDO-ChatGPT/Preview Content\"";
				DEVELOPMENT_TEAM = 56F54J4H3N;
				ENABLE_NS_ASSERTIONS = NO;
				ENABLE_PREVIEWS = YES;
				ENABLE_STRICT_OBJC_MSGSEND = YES;
				ENABLE_USER_SCRIPT_SANDBOXING = YES;
				GCC_C_LANGUAGE_STANDARD = gnu17;
				GCC_NO_COMMON_BLOCKS = YES;
				GCC_WARN_64_TO_32_BIT_CONVERSION = YES;
				GCC_WARN_ABOUT_RETURN_TYPE = YES_ERROR;
				GCC_WARN_UNDECLARED_SELECTOR = YES;
				GCC_WARN_UNINITIALIZED_AUTOS = YES_AGGRESSIVE;
				GCC_WARN_UNUSED_FUNCTION = YES;
				GCC_WARN_UNUSED_VARIABLE = YES;
				GENERATE_INFOPLIST_FILE = YES;
				INFOPLIST_KEY_UIApplicationSceneManifest_Generation = YES;
				INFOPLIST_KEY_UIApplicationSupportsIndirectInputEvents = YES;
				INFOPLIST_KEY_UILaunchScreen_Generation = YES;
				INFOPLIST_KEY_UISupportedInterfaceOrientations_iPad = "UIInterfaceOrientationPortrait UIInterfaceOrientationPortraitUpsideDown UIInterfaceOrientationLandscapeLeft UIInterfaceOrientationLandscapeRight";
				INFOPLIST_KEY_UISupportedInterfaceOrientations_iPhone = "UIInterfaceOrientationPortrait UIInterfaceOrientationLandscapeLeft UIInterfaceOrientationLandscapeRight";
				IPHONEOS_DEPLOYMENT_TARGET = 17.5;
				LD_RUNPATH_SEARCH_PATHS = (
					"$(inherited)",
					"@executable_path/Frameworks",
				);
				LOCALIZATION_PREFERS_STRING_CATALOGS = YES;
				MARKETING_VERSION = 1.0;
				MTL_ENABLE_DEBUG_INFO = NO;
				MTL_FAST_MATH = YES;
				PRODUCT_BUNDLE_IDENTIFIER = "mobilesoftwareservices.iOS-UDO-ChatGPT";
				PRODUCT_NAME = "$(TARGET_NAME)";
				SDKROOT = iphoneos;
				SWIFT_COMPILATION_MODE = wholemodule;
				SWIFT_EMIT_LOC_STRINGS = YES;
				SWIFT_VERSION = 5.0;
				TARGETED_DEVICE_FAMILY = "1,2";
				VALIDATE_PRODUCT = YES;
			};
			name = Release;
		};
		4DB6FD252C2C90E10001C9AB /* Debug */ = {
			isa = XCBuildConfiguration;
			buildSettings = {
				ALWAYS_SEARCH_USER_PATHS = NO;
				ASSETCATALOG_COMPILER_APPICON_NAME = AppIcon;
				ASSETCATALOG_COMPILER_GENERATE_SWIFT_ASSET_SYMBOL_EXTENSIONS = YES;
				ASSETCATALOG_COMPILER_GLOBAL_ACCENT_COLOR_NAME = AccentColor;
				CLANG_ANALYZER_NONNULL = YES;
				CLANG_ANALYZER_NUMBER_OBJECT_CONVERSION = YES_AGGRESSIVE;
				CLANG_CXX_LANGUAGE_STANDARD = "gnu++20";
				CLANG_ENABLE_MODULES = YES;
				CLANG_ENABLE_OBJC_ARC = YES;
				CLANG_ENABLE_OBJC_WEAK = YES;
				CLANG_WARN_BLOCK_CAPTURE_AUTORELEASING = YES;
				CLANG_WARN_BOOL_CONVERSION = YES;
				CLANG_WARN_COMMA = YES;
				CLANG_WARN_CONSTANT_CONVERSION = YES;
				CLANG_WARN_DEPRECATED_OBJC_IMPLEMENTATIONS = YES;
				CLANG_WARN_DIRECT_OBJC_ISA_USAGE = YES_ERROR;
				CLANG_WARN_DOCUMENTATION_COMMENTS = YES;
				CLANG_WARN_EMPTY_BODY = YES;
				CLANG_WARN_ENUM_CONVERSION = YES;
				CLANG_WARN_INFINITE_RECURSION = YES;
				CLANG_WARN_INT_CONVERSION = YES;
				CLANG_WARN_NON_LITERAL_NULL_CONVERSION = YES;
				CLANG_WARN_OBJC_IMPLICIT_RETAIN_SELF = YES;
				CLANG_WARN_OBJC_LITERAL_CONVERSION = YES;
				CLANG_WARN_OBJC_ROOT_CLASS = YES_ERROR;
				CLANG_WARN_QUOTED_INCLUDE_IN_FRAMEWORK_HEADER = YES;
				CLANG_WARN_RANGE_LOOP_ANALYSIS = YES;
				CLANG_WARN_STRICT_PROTOTYPES = YES;
				CLANG_WARN_SUSPICIOUS_MOVE = YES;
				CLANG_WARN_UNGUARDED_AVAILABILITY = YES_AGGRESSIVE;
				CLANG_WARN_UNREACHABLE_CODE = YES;
				CLANG_WARN__DUPLICATE_METHOD_MATCH = YES;
				CODE_SIGN_ENTITLEMENTS = "macOS-UDO-ChatGPT/macOS_UDO_ChatGPT.entitlements";
				CODE_SIGN_STYLE = Automatic;
				COMBINE_HIDPI_IMAGES = YES;
				COPY_PHASE_STRIP = NO;
				CURRENT_PROJECT_VERSION = 1;
				DEBUG_INFORMATION_FORMAT = dwarf;
				DEVELOPMENT_ASSET_PATHS = "\"macOS-UDO-ChatGPT/Preview Content\"";
				DEVELOPMENT_TEAM = 56F54J4H3N;
				ENABLE_HARDENED_RUNTIME = YES;
				ENABLE_PREVIEWS = YES;
				ENABLE_STRICT_OBJC_MSGSEND = YES;
				ENABLE_TESTABILITY = YES;
				ENABLE_USER_SCRIPT_SANDBOXING = YES;
				GCC_C_LANGUAGE_STANDARD = gnu17;
				GCC_DYNAMIC_NO_PIC = NO;
				GCC_NO_COMMON_BLOCKS = YES;
				GCC_OPTIMIZATION_LEVEL = 0;
				GCC_PREPROCESSOR_DEFINITIONS = (
					"DEBUG=1",
					"$(inherited)",
				);
				GCC_WARN_64_TO_32_BIT_CONVERSION = YES;
				GCC_WARN_ABOUT_RETURN_TYPE = YES_ERROR;
				GCC_WARN_UNDECLARED_SELECTOR = YES;
				GCC_WARN_UNINITIALIZED_AUTOS = YES_AGGRESSIVE;
				GCC_WARN_UNUSED_FUNCTION = YES;
				GCC_WARN_UNUSED_VARIABLE = YES;
				GENERATE_INFOPLIST_FILE = YES;
				INFOPLIST_KEY_NSHumanReadableCopyright = "";
				LD_RUNPATH_SEARCH_PATHS = (
					"$(inherited)",
					"@executable_path/../Frameworks",
				);
				LOCALIZATION_PREFERS_STRING_CATALOGS = YES;
				MACOSX_DEPLOYMENT_TARGET = 14.5;
				MARKETING_VERSION = 1.0;
				MTL_ENABLE_DEBUG_INFO = INCLUDE_SOURCE;
				MTL_FAST_MATH = YES;
				ONLY_ACTIVE_ARCH = YES;
				PRODUCT_BUNDLE_IDENTIFIER = "mobilesoftwareservices.macOS-UDO-ChatGPT";
				PRODUCT_NAME = "$(TARGET_NAME)";
				SDKROOT = macosx;
				SWIFT_ACTIVE_COMPILATION_CONDITIONS = "DEBUG $(inherited)";
				SWIFT_EMIT_LOC_STRINGS = YES;
				SWIFT_OPTIMIZATION_LEVEL = "-Onone";
				SWIFT_VERSION = 5.0;
			};
			name = Debug;
		};
		4DB6FD262C2C90E10001C9AB /* Release */ = {
			isa = XCBuildConfiguration;
			buildSettings = {
				ALWAYS_SEARCH_USER_PATHS = NO;
				ASSETCATALOG_COMPILER_APPICON_NAME = AppIcon;
				ASSETCATALOG_COMPILER_GENERATE_SWIFT_ASSET_SYMBOL_EXTENSIONS = YES;
				ASSETCATALOG_COMPILER_GLOBAL_ACCENT_COLOR_NAME = AccentColor;
				CLANG_ANALYZER_NONNULL = YES;
				CLANG_ANALYZER_NUMBER_OBJECT_CONVERSION = YES_AGGRESSIVE;
				CLANG_CXX_LANGUAGE_STANDARD = "gnu++20";
				CLANG_ENABLE_MODULES = YES;
				CLANG_ENABLE_OBJC_ARC = YES;
				CLANG_ENABLE_OBJC_WEAK = YES;
				CLANG_WARN_BLOCK_CAPTURE_AUTORELEASING = YES;
				CLANG_WARN_BOOL_CONVERSION = YES;
				CLANG_WARN_COMMA = YES;
				CLANG_WARN_CONSTANT_CONVERSION = YES;
				CLANG_WARN_DEPRECATED_OBJC_IMPLEMENTATIONS = YES;
				CLANG_WARN_DIRECT_OBJC_ISA_USAGE = YES_ERROR;
				CLANG_WARN_DOCUMENTATION_COMMENTS = YES;
				CLANG_WARN_EMPTY_BODY = YES;
				CLANG_WARN_ENUM_CONVERSION = YES;
				CLANG_WARN_INFINITE_RECURSION = YES;
				CLANG_WARN_INT_CONVERSION = YES;
				CLANG_WARN_NON_LITERAL_NULL_CONVERSION = YES;
				CLANG_WARN_OBJC_IMPLICIT_RETAIN_SELF = YES;
				CLANG_WARN_OBJC_LITERAL_CONVERSION = YES;
				CLANG_WARN_OBJC_ROOT_CLASS = YES_ERROR;
				CLANG_WARN_QUOTED_INCLUDE_IN_FRAMEWORK_HEADER = YES;
				CLANG_WARN_RANGE_LOOP_ANALYSIS = YES;
				CLANG_WARN_STRICT_PROTOTYPES = YES;
				CLANG_WARN_SUSPICIOUS_MOVE = YES;
				CLANG_WARN_UNGUARDED_AVAILABILITY = YES_AGGRESSIVE;
				CLANG_WARN_UNREACHABLE_CODE = YES;
				CLANG_WARN__DUPLICATE_METHOD_MATCH = YES;
				CODE_SIGN_ENTITLEMENTS = "macOS-UDO-ChatGPT/macOS_UDO_ChatGPT.entitlements";
				CODE_SIGN_STYLE = Automatic;
				COMBINE_HIDPI_IMAGES = YES;
				COPY_PHASE_STRIP = NO;
				CURRENT_PROJECT_VERSION = 1;
				DEBUG_INFORMATION_FORMAT = "dwarf-with-dsym";
				DEVELOPMENT_ASSET_PATHS = "\"macOS-UDO-ChatGPT/Preview Content\"";
				DEVELOPMENT_TEAM = 56F54J4H3N;
				ENABLE_HARDENED_RUNTIME = YES;
				ENABLE_NS_ASSERTIONS = NO;
				ENABLE_PREVIEWS = YES;
				ENABLE_STRICT_OBJC_MSGSEND = YES;
				ENABLE_USER_SCRIPT_SANDBOXING = YES;
				GCC_C_LANGUAGE_STANDARD = gnu17;
				GCC_NO_COMMON_BLOCKS = YES;
				GCC_WARN_64_TO_32_BIT_CONVERSION = YES;
				GCC_WARN_ABOUT_RETURN_TYPE = YES_ERROR;
				GCC_WARN_UNDECLARED_SELECTOR = YES;
				GCC_WARN_UNINITIALIZED_AUTOS = YES_AGGRESSIVE;
				GCC_WARN_UNUSED_FUNCTION = YES;
				GCC_WARN_UNUSED_VARIABLE = YES;
				GENERATE_INFOPLIST_FILE = YES;
				INFOPLIST_KEY_NSHumanReadableCopyright = "";
				LD_RUNPATH_SEARCH_PATHS = (
					"$(inherited)",
					"@executable_path/../Frameworks",
				);
				LOCALIZATION_PREFERS_STRING_CATALOGS = YES;
				MACOSX_DEPLOYMENT_TARGET = 14.5;
				MARKETING_VERSION = 1.0;
				MTL_ENABLE_DEBUG_INFO = NO;
				MTL_FAST_MATH = YES;
				PRODUCT_BUNDLE_IDENTIFIER = "mobilesoftwareservices.macOS-UDO-ChatGPT";
				PRODUCT_NAME = "$(TARGET_NAME)";
				SDKROOT = macosx;
				SWIFT_COMPILATION_MODE = wholemodule;
				SWIFT_EMIT_LOC_STRINGS = YES;
				SWIFT_VERSION = 5.0;
			};
			name = Release;
		};
/* End XCBuildConfiguration section */

/* Begin XCConfigurationList section */
		4DB6FCFE2C2C8F730001C9AB /* Build configuration list for PBXProject "TestUDOApp" */ = {
			isa = XCConfigurationList;
			buildConfigurations = (
				4DB6FCFF2C2C8F730001C9AB /* Debug */,
				4DB6FD002C2C8F730001C9AB /* Release */,
			);
			defaultConfigurationIsVisible = 0;
			defaultConfigurationName = Release;
		};
		4DB6FD112C2C907C0001C9AB /* Build configuration list for PBXNativeTarget "iOS-UDO-ChatGPT" */ = {
			isa = XCConfigurationList;
			buildConfigurations = (
				4DB6FD122C2C907C0001C9AB /* Debug */,
				4DB6FD132C2C907C0001C9AB /* Release */,
			);
			defaultConfigurationIsVisible = 0;
			defaultConfigurationName = Release;
		};
		4DB6FD242C2C90E10001C9AB /* Build configuration list for PBXNativeTarget "macOS-UDO-ChatGPT" */ = {
			isa = XCConfigurationList;
			buildConfigurations = (
				4DB6FD252C2C90E10001C9AB /* Debug */,
				4DB6FD262C2C90E10001C9AB /* Release */,
			);
			defaultConfigurationIsVisible = 0;
			defaultConfigurationName = Release;
		};
/* End XCConfigurationList section */

/* Begin XCRemoteSwiftPackageReference section */
		4DB6FD282C2C91320001C9AB /* XCRemoteSwiftPackageReference "OpenAISwift" */ = {
			isa = XCRemoteSwiftPackageReference;
			repositoryURL = "https://github.com/adamrushy/OpenAISwift";
			requirement = {
				kind = upToNextMajorVersion;
				minimumVersion = 1.4.1;
			};
		};
/* End XCRemoteSwiftPackageReference section */

/* Begin XCSwiftPackageProductDependency section */
		4DB6FD2D2C2C91A00001C9AB /* OpenAISwift */ = {
			isa = XCSwiftPackageProductDependency;
			package = 4DB6FD282C2C91320001C9AB /* XCRemoteSwiftPackageReference "OpenAISwift" */;
			productName = OpenAISwift;
		};
		4DB6FD2F2C2C91AC0001C9AB /* OpenAISwift */ = {
			isa = XCSwiftPackageProductDependency;
			package = 4DB6FD282C2C91320001C9AB /* XCRemoteSwiftPackageReference "OpenAISwift" */;
			productName = OpenAISwift;
		};
/* End XCSwiftPackageProductDependency section */
	};
	rootObject = 4DB6FCFB2C2C8F730001C9AB /* Project object */;
}
